// !$*UTF8*$!
{
	archiveVersion = 1;
	classes = {
	};
	objectVersion = 56;
	objects = {

/* Begin PBXBuildFile section */
		69BBF2357126C2E1FE5043B2 /* Pods_ShoppinistTests.framework in Frameworks */ = {isa = PBXBuildFile; fileRef = F1086DC2D32699D525F554BF /* Pods_ShoppinistTests.framework */; };
		9EA66756829F561A1A69A388 /* Pods_Shoppinist_ShoppinistUITests.framework in Frameworks */ = {isa = PBXBuildFile; fileRef = DA384CE02747DA53E3D18AB2 /* Pods_Shoppinist_ShoppinistUITests.framework */; };
		C930A97B2A2927680071DAD6 /* BrandModel.swift in Sources */ = {isa = PBXBuildFile; fileRef = C930A97A2A2927680071DAD6 /* BrandModel.swift */; };
		C930A97E2A2928940071DAD6 /* HomeViewModel.swift in Sources */ = {isa = PBXBuildFile; fileRef = C930A97D2A2928940071DAD6 /* HomeViewModel.swift */; };
		C94EB6D52A2A9C1E000E7681 /* CategoriesViewModel.swift in Sources */ = {isa = PBXBuildFile; fileRef = C94EB6D42A2A9C1E000E7681 /* CategoriesViewModel.swift */; };
		C97CA70D2A2BB84B00A67A6F /* no-data-found.json in Resources */ = {isa = PBXBuildFile; fileRef = C97CA70C2A2BB84B00A67A6F /* no-data-found.json */; };
		C98726162A27CF0900EB0A40 /* AppDelegate.swift in Sources */ = {isa = PBXBuildFile; fileRef = C98726152A27CF0900EB0A40 /* AppDelegate.swift */; };
		C98726182A27CF0900EB0A40 /* SceneDelegate.swift in Sources */ = {isa = PBXBuildFile; fileRef = C98726172A27CF0900EB0A40 /* SceneDelegate.swift */; };
		C987261A2A27CF0900EB0A40 /* ViewController.swift in Sources */ = {isa = PBXBuildFile; fileRef = C98726192A27CF0900EB0A40 /* ViewController.swift */; };
		C987261D2A27CF0900EB0A40 /* Main.storyboard in Resources */ = {isa = PBXBuildFile; fileRef = C987261B2A27CF0900EB0A40 /* Main.storyboard */; };
		C98726202A27CF0900EB0A40 /* Shoppinist.xcdatamodeld in Sources */ = {isa = PBXBuildFile; fileRef = C987261E2A27CF0900EB0A40 /* Shoppinist.xcdatamodeld */; };
		C98726222A27CF0B00EB0A40 /* Assets.xcassets in Resources */ = {isa = PBXBuildFile; fileRef = C98726212A27CF0B00EB0A40 /* Assets.xcassets */; };
		C98726252A27CF0C00EB0A40 /* LaunchScreen.storyboard in Resources */ = {isa = PBXBuildFile; fileRef = C98726232A27CF0C00EB0A40 /* LaunchScreen.storyboard */; };
		C98726302A27CF0C00EB0A40 /* ShoppinistTests.swift in Sources */ = {isa = PBXBuildFile; fileRef = C987262F2A27CF0C00EB0A40 /* ShoppinistTests.swift */; };
		C987263A2A27CF0C00EB0A40 /* ShoppinistUITests.swift in Sources */ = {isa = PBXBuildFile; fileRef = C98726392A27CF0C00EB0A40 /* ShoppinistUITests.swift */; };
		C987263C2A27CF0C00EB0A40 /* ShoppinistUITestsLaunchTests.swift in Sources */ = {isa = PBXBuildFile; fileRef = C987263B2A27CF0C00EB0A40 /* ShoppinistUITestsLaunchTests.swift */; };
		C987264D2A27D14900EB0A40 /* RemoteDataSource.swift in Sources */ = {isa = PBXBuildFile; fileRef = C987264C2A27D14900EB0A40 /* RemoteDataSource.swift */; };
		C98726502A27D17E00EB0A40 /* LocalDataSource.swift in Sources */ = {isa = PBXBuildFile; fileRef = C987264F2A27D17E00EB0A40 /* LocalDataSource.swift */; };
		C98726542A27D25200EB0A40 /* Model.swift in Sources */ = {isa = PBXBuildFile; fileRef = C98726532A27D25200EB0A40 /* Model.swift */; };
		C987265C2A27DDB900EB0A40 /* HomeStoryboard.storyboard in Resources */ = {isa = PBXBuildFile; fileRef = C987265B2A27DDB900EB0A40 /* HomeStoryboard.storyboard */; };
		C987265F2A27DE1A00EB0A40 /* MeStoryboard.storyboard in Resources */ = {isa = PBXBuildFile; fileRef = C987265E2A27DE1A00EB0A40 /* MeStoryboard.storyboard */; };
		C98726622A27DE6200EB0A40 /* CategoriesStoryboard.storyboard in Resources */ = {isa = PBXBuildFile; fileRef = C98726612A27DE6200EB0A40 /* CategoriesStoryboard.storyboard */; };
		C987F95B2A310A9A008733F4 /* OrderModel.swift in Sources */ = {isa = PBXBuildFile; fileRef = C987F95A2A310A9A008733F4 /* OrderModel.swift */; };
		C987F95D2A310B4E008733F4 /* OrderNetworkLayer.swift in Sources */ = {isa = PBXBuildFile; fileRef = C987F95C2A310B4E008733F4 /* OrderNetworkLayer.swift */; };
		C987F9612A311E5B008733F4 /* PostOrdersModel.swift in Sources */ = {isa = PBXBuildFile; fileRef = C987F9602A311E5B008733F4 /* PostOrdersModel.swift */; };
		C999112A2A30AF8B00EEA6B7 /* OnBoardingCollectionViewCell.swift in Sources */ = {isa = PBXBuildFile; fileRef = C99911292A30AF8B00EEA6B7 /* OnBoardingCollectionViewCell.swift */; };
		C999112D2A30AFC700EEA6B7 /* OnBoardingSlide.swift in Sources */ = {isa = PBXBuildFile; fileRef = C999112C2A30AFC700EEA6B7 /* OnBoardingSlide.swift */; };
		C999112F2A30B1E000EEA6B7 /* OnBoardingViewController.swift in Sources */ = {isa = PBXBuildFile; fileRef = C999112E2A30B1E000EEA6B7 /* OnBoardingViewController.swift */; };
		C9A724C52A2A893900B0D37E /* BrandProductsViewController.swift in Sources */ = {isa = PBXBuildFile; fileRef = C9A724C42A2A893900B0D37E /* BrandProductsViewController.swift */; };
		C9A724C72A2A8DD400B0D37E /* ProductModel.swift in Sources */ = {isa = PBXBuildFile; fileRef = C9A724C62A2A8DD400B0D37E /* ProductModel.swift */; };
		C9A724CA2A2A8E2400B0D37E /* BrandProductsViewModel.swift in Sources */ = {isa = PBXBuildFile; fileRef = C9A724C92A2A8E2400B0D37E /* BrandProductsViewModel.swift */; };
		C9B2C9E12A2890FB00ED8AF8 /* CouponsCollectionViewCell.swift in Sources */ = {isa = PBXBuildFile; fileRef = C9B2C9E02A2890FB00ED8AF8 /* CouponsCollectionViewCell.swift */; };
		C9B2C9E32A28910B00ED8AF8 /* BrandsCollectionViewCell.swift in Sources */ = {isa = PBXBuildFile; fileRef = C9B2C9E22A28910B00ED8AF8 /* BrandsCollectionViewCell.swift */; };
		C9B2C9E52A28936100ED8AF8 /* HomeViewController.swift in Sources */ = {isa = PBXBuildFile; fileRef = C9B2C9E42A28936100ED8AF8 /* HomeViewController.swift */; };
		C9B2C9E72A28D41500ED8AF8 /* CategoriesViewController.swift in Sources */ = {isa = PBXBuildFile; fileRef = C9B2C9E62A28D41500ED8AF8 /* CategoriesViewController.swift */; };
		C9B2C9E92A28D44200ED8AF8 /* ProductsCollectionViewCell.swift in Sources */ = {isa = PBXBuildFile; fileRef = C9B2C9E82A28D44200ED8AF8 /* ProductsCollectionViewCell.swift */; };
		C9CF17172A2E13DD00C5F723 /* OrderModuleViewController.swift in Sources */ = {isa = PBXBuildFile; fileRef = C9CF17162A2E13DD00C5F723 /* OrderModuleViewController.swift */; };
		C9CF17192A2E140900C5F723 /* OrderModuleViewModel.swift in Sources */ = {isa = PBXBuildFile; fileRef = C9CF17182A2E140900C5F723 /* OrderModuleViewModel.swift */; };
		C9CF171B2A2E197200C5F723 /* Order.storyboard in Resources */ = {isa = PBXBuildFile; fileRef = C9CF171A2A2E197200C5F723 /* Order.storyboard */; };
		CB6F6533280A42DD5F4991A6 /* Pods_Shoppinist.framework in Frameworks */ = {isa = PBXBuildFile; fileRef = 5591C8E38B0EB944B4CF55CA /* Pods_Shoppinist.framework */; };
		CF04D6B12A2D630700B0B27F /* ProductDetailsModel.swift in Sources */ = {isa = PBXBuildFile; fileRef = CF04D6B02A2D630700B0B27F /* ProductDetailsModel.swift */; };
		CF1F4D502A2A7D8D006F0E07 /* SignUpNetworkService.swift in Sources */ = {isa = PBXBuildFile; fileRef = CF1F4D4F2A2A7D8D006F0E07 /* SignUpNetworkService.swift */; };
		CF1F4D522A2A7EE3006F0E07 /* LoginedCustomerModel.swift in Sources */ = {isa = PBXBuildFile; fileRef = CF1F4D512A2A7EE3006F0E07 /* LoginedCustomerModel.swift */; };
		CF1F4D542A2A9011006F0E07 /* SignCustomerModel.swift in Sources */ = {isa = PBXBuildFile; fileRef = CF1F4D532A2A9011006F0E07 /* SignCustomerModel.swift */; };
		CF1F4D572A2A94E3006F0E07 /* SignViewModel.swift in Sources */ = {isa = PBXBuildFile; fileRef = CF1F4D562A2A94E3006F0E07 /* SignViewModel.swift */; };
		CF1F4D5A2A2A9D76006F0E07 /* Utilites.swift in Sources */ = {isa = PBXBuildFile; fileRef = CF1F4D592A2A9D76006F0E07 /* Utilites.swift */; };
		CF5E423E2A2CCC15009A5B56 /* FavLocalDataSource.swift in Sources */ = {isa = PBXBuildFile; fileRef = CF5E423D2A2CCC15009A5B56 /* FavLocalDataSource.swift */; };
		CF5E42412A2CCE44009A5B56 /* FavViewModel.swift in Sources */ = {isa = PBXBuildFile; fileRef = CF5E42402A2CCE44009A5B56 /* FavViewModel.swift */; };
		CF7A7A0E2A2A4F61005ADCED /* SignUpV.storyboard in Resources */ = {isa = PBXBuildFile; fileRef = CF7A7A0D2A2A4F61005ADCED /* SignUpV.storyboard */; };
		CF7A7A102A2A50AC005ADCED /* SignUpViewController.swift in Sources */ = {isa = PBXBuildFile; fileRef = CF7A7A0F2A2A50AC005ADCED /* SignUpViewController.swift */; };
		CF7A7A122A2A5218005ADCED /* LoginViewController.swift in Sources */ = {isa = PBXBuildFile; fileRef = CF7A7A112A2A5218005ADCED /* LoginViewController.swift */; };
		CF7A7A142A2A526E005ADCED /* ChoosingAuthWayViewController.swift in Sources */ = {isa = PBXBuildFile; fileRef = CF7A7A132A2A526E005ADCED /* ChoosingAuthWayViewController.swift */; };
		CF8828B02A2D01A9001C34A6 /* ProductDetailsDataSource.swift in Sources */ = {isa = PBXBuildFile; fileRef = CF8828AF2A2D01A9001C34A6 /* ProductDetailsDataSource.swift */; };
		CF96A6B42A2ABE4600AA029A /* LoginNetworkService.swift in Sources */ = {isa = PBXBuildFile; fileRef = CF96A6B32A2ABE4600AA029A /* LoginNetworkService.swift */; };
		CF96A6B72A2AC4A700AA029A /* LoginViewModel.swift in Sources */ = {isa = PBXBuildFile; fileRef = CF96A6B62A2AC4A700AA029A /* LoginViewModel.swift */; };
		CFA37DF02A2EDB7200106370 /* DraftModel.swift in Sources */ = {isa = PBXBuildFile; fileRef = CFA37DEF2A2EDB7200106370 /* DraftModel.swift */; };
		CFA37DF22A2EDB9D00106370 /* DraftOrderNetworkService.swift in Sources */ = {isa = PBXBuildFile; fileRef = CFA37DF12A2EDB9D00106370 /* DraftOrderNetworkService.swift */; };
		CFA37DF62A2EDC9500106370 /* DraftOredViewModel.swift in Sources */ = {isa = PBXBuildFile; fileRef = CFA37DF52A2EDC9500106370 /* DraftOredViewModel.swift */; };
		CFDFC8C42A2BAB2300CDB4D2 /* FavouriteView.storyboard in Resources */ = {isa = PBXBuildFile; fileRef = CFDFC8C32A2BAB2300CDB4D2 /* FavouriteView.storyboard */; };
		CFDFC8C62A2BAB3500CDB4D2 /* DetailsView.storyboard in Resources */ = {isa = PBXBuildFile; fileRef = CFDFC8C52A2BAB3500CDB4D2 /* DetailsView.storyboard */; };
		CFDFC8C82A2BAB5D00CDB4D2 /* DetailsViewController.swift in Sources */ = {isa = PBXBuildFile; fileRef = CFDFC8C72A2BAB5D00CDB4D2 /* DetailsViewController.swift */; };
		CFDFC8CA2A2BAB6C00CDB4D2 /* FavouriteViewController.swift in Sources */ = {isa = PBXBuildFile; fileRef = CFDFC8C92A2BAB6C00CDB4D2 /* FavouriteViewController.swift */; };
		CFDFC8CC2A2BAEFE00CDB4D2 /* FavouriteCollectionViewCell.swift in Sources */ = {isa = PBXBuildFile; fileRef = CFDFC8CB2A2BAEFE00CDB4D2 /* FavouriteCollectionViewCell.swift */; };
		CFDFC8CE2A2BE6CA00CDB4D2 /* DetailsCollectionViewCell.swift in Sources */ = {isa = PBXBuildFile; fileRef = CFDFC8CD2A2BE6CA00CDB4D2 /* DetailsCollectionViewCell.swift */; };
		DB1B4B322A29819900DF9D10 /* Setting.storyboard in Resources */ = {isa = PBXBuildFile; fileRef = DB1B4B312A29819900DF9D10 /* Setting.storyboard */; };
		DB1B4B342A2981CE00DF9D10 /* SettingViewController.swift in Sources */ = {isa = PBXBuildFile; fileRef = DB1B4B332A2981CE00DF9D10 /* SettingViewController.swift */; };
		DB1B4B362A29874300DF9D10 /* MeViewController.swift in Sources */ = {isa = PBXBuildFile; fileRef = DB1B4B352A29874300DF9D10 /* MeViewController.swift */; };
		DB1B4B392A29B12800DF9D10 /* ContactUs.storyboard in Resources */ = {isa = PBXBuildFile; fileRef = DB1B4B382A29B12800DF9D10 /* ContactUs.storyboard */; };
		DB1B4B3B2A29B32B00DF9D10 /* ContactUsViewController.swift in Sources */ = {isa = PBXBuildFile; fileRef = DB1B4B3A2A29B32B00DF9D10 /* ContactUsViewController.swift */; };
		DB1B4B3D2A29C3A300DF9D10 /* ContactUsTableViewCell.swift in Sources */ = {isa = PBXBuildFile; fileRef = DB1B4B3C2A29C3A300DF9D10 /* ContactUsTableViewCell.swift */; };
		DB4869152A2D9A5200045739 /* ShoppingCard.storyboard in Resources */ = {isa = PBXBuildFile; fileRef = DB4869142A2D9A5200045739 /* ShoppingCard.storyboard */; };
		DB4869172A2D9BBE00045739 /* ShoppingCardViewController.swift in Sources */ = {isa = PBXBuildFile; fileRef = DB4869162A2D9BBE00045739 /* ShoppingCardViewController.swift */; };
		DB4869192A2DAFBE00045739 /* ShoppingCardTableViewCell.swift in Sources */ = {isa = PBXBuildFile; fileRef = DB4869182A2DAFBE00045739 /* ShoppingCardTableViewCell.swift */; };
		DB5D6CE02A2C81B9004BB927 /* AddressViewModel.swift in Sources */ = {isa = PBXBuildFile; fileRef = DB5D6CDF2A2C81B9004BB927 /* AddressViewModel.swift */; };
		DB6A8CDE2A2AFD6D00142BBC /* AboutUs .storyboard in Resources */ = {isa = PBXBuildFile; fileRef = DB6A8CDD2A2AFD6D00142BBC /* AboutUs .storyboard */; };
		DB6A8CE02A2AFD9F00142BBC /* AboutUsViewController.swift in Sources */ = {isa = PBXBuildFile; fileRef = DB6A8CDF2A2AFD9F00142BBC /* AboutUsViewController.swift */; };
		DBAE20992A2C48CE00FD40FE /* AddAddressViewModel.swift in Sources */ = {isa = PBXBuildFile; fileRef = DBAE20982A2C48CE00FD40FE /* AddAddressViewModel.swift */; };
		DBAE209C2A2C48E600FD40FE /* AddressModel.swift in Sources */ = {isa = PBXBuildFile; fileRef = DBAE209B2A2C48E600FD40FE /* AddressModel.swift */; };
		DBAE209E2A2C4DC100FD40FE /* AddressNetWorkServices.swift in Sources */ = {isa = PBXBuildFile; fileRef = DBAE209D2A2C4DC100FD40FE /* AddressNetWorkServices.swift */; };
		DBBAC2F02A2FD20C00A5723B /* CardModel.swift in Sources */ = {isa = PBXBuildFile; fileRef = DBBAC2EF2A2FD20C00A5723B /* CardModel.swift */; };
		DBBAC2F32A2FD24F00A5723B /* CardNetWorkServices.swift in Sources */ = {isa = PBXBuildFile; fileRef = DBBAC2F22A2FD24F00A5723B /* CardNetWorkServices.swift */; };
		DBBAC2F62A2FD28800A5723B /* CardViewModel.swift in Sources */ = {isa = PBXBuildFile; fileRef = DBBAC2F52A2FD28800A5723B /* CardViewModel.swift */; };
		DBBAC2F82A2FD60900A5723B /* ConstantURls.swift in Sources */ = {isa = PBXBuildFile; fileRef = DBBAC2F72A2FD60900A5723B /* ConstantURls.swift */; };
		DBBAC2FA2A2FE64A00A5723B /* UserDefultManager.swift in Sources */ = {isa = PBXBuildFile; fileRef = DBBAC2F92A2FE64A00A5723B /* UserDefultManager.swift */; };
		DBC240052A32A05A00583211 /* PaymentViewController.swift in Sources */ = {isa = PBXBuildFile; fileRef = DBC240042A32A05A00583211 /* PaymentViewController.swift */; };
		DBC240072A32A09000583211 /* Payment.storyboard in Resources */ = {isa = PBXBuildFile; fileRef = DBC240062A32A08F00583211 /* Payment.storyboard */; };
		DBDA3F402A3276FB00A5C15F /* SelectAddress.storyboard in Resources */ = {isa = PBXBuildFile; fileRef = DBDA3F3F2A3276FB00A5C15F /* SelectAddress.storyboard */; };
		DBDA3F422A32772F00A5C15F /* SelectAddressViewController.swift in Sources */ = {isa = PBXBuildFile; fileRef = DBDA3F412A32772F00A5C15F /* SelectAddressViewController.swift */; };
		DBDA3F442A327A9F00A5C15F /* SelectAddressTableViewCell.swift in Sources */ = {isa = PBXBuildFile; fileRef = DBDA3F432A327A9F00A5C15F /* SelectAddressTableViewCell.swift */; };
		DBDA68232A2B3DB500F99BC0 /* Address.storyboard in Resources */ = {isa = PBXBuildFile; fileRef = DBDA68222A2B3DB500F99BC0 /* Address.storyboard */; };
		DBFC42C72A2B9974005E7F74 /* AddressViewController.swift in Sources */ = {isa = PBXBuildFile; fileRef = DBFC42C62A2B9974005E7F74 /* AddressViewController.swift */; };
		DBFC42C92A2B9C6F005E7F74 /* AddressTableViewCell.swift in Sources */ = {isa = PBXBuildFile; fileRef = DBFC42C82A2B9C6F005E7F74 /* AddressTableViewCell.swift */; };
		DBFC42CE2A2BAEA9005E7F74 /* AddNewAddress.storyboard in Resources */ = {isa = PBXBuildFile; fileRef = DBFC42CD2A2BAEA9005E7F74 /* AddNewAddress.storyboard */; };
		DBFC42D02A2BAEE7005E7F74 /* AddNewAddressViewController.swift in Sources */ = {isa = PBXBuildFile; fileRef = DBFC42CF2A2BAEE7005E7F74 /* AddNewAddressViewController.swift */; };
/* End PBXBuildFile section */

/* Begin PBXContainerItemProxy section */
		C987262C2A27CF0C00EB0A40 /* PBXContainerItemProxy */ = {
			isa = PBXContainerItemProxy;
			containerPortal = C987260A2A27CF0900EB0A40 /* Project object */;
			proxyType = 1;
			remoteGlobalIDString = C98726112A27CF0900EB0A40;
			remoteInfo = Shoppinist;
		};
		C98726362A27CF0C00EB0A40 /* PBXContainerItemProxy */ = {
			isa = PBXContainerItemProxy;
			containerPortal = C987260A2A27CF0900EB0A40 /* Project object */;
			proxyType = 1;
			remoteGlobalIDString = C98726112A27CF0900EB0A40;
			remoteInfo = Shoppinist;
		};
/* End PBXContainerItemProxy section */

/* Begin PBXFileReference section */
		2A42FD70A243F0AC004C0D5B /* Pods-Shoppinist.debug.xcconfig */ = {isa = PBXFileReference; includeInIndex = 1; lastKnownFileType = text.xcconfig; name = "Pods-Shoppinist.debug.xcconfig"; path = "Target Support Files/Pods-Shoppinist/Pods-Shoppinist.debug.xcconfig"; sourceTree = "<group>"; };
		3C37CE881EB25154840C981C /* Pods-ShoppinistTests.debug.xcconfig */ = {isa = PBXFileReference; includeInIndex = 1; lastKnownFileType = text.xcconfig; name = "Pods-ShoppinistTests.debug.xcconfig"; path = "Target Support Files/Pods-ShoppinistTests/Pods-ShoppinistTests.debug.xcconfig"; sourceTree = "<group>"; };
		47516EFCF716FE794DD6A3C3 /* Pods-Shoppinist-ShoppinistUITests.release.xcconfig */ = {isa = PBXFileReference; includeInIndex = 1; lastKnownFileType = text.xcconfig; name = "Pods-Shoppinist-ShoppinistUITests.release.xcconfig"; path = "Target Support Files/Pods-Shoppinist-ShoppinistUITests/Pods-Shoppinist-ShoppinistUITests.release.xcconfig"; sourceTree = "<group>"; };
		5591C8E38B0EB944B4CF55CA /* Pods_Shoppinist.framework */ = {isa = PBXFileReference; explicitFileType = wrapper.framework; includeInIndex = 0; path = Pods_Shoppinist.framework; sourceTree = BUILT_PRODUCTS_DIR; };
		B388E8610DD2F414054C502D /* Pods-Shoppinist.release.xcconfig */ = {isa = PBXFileReference; includeInIndex = 1; lastKnownFileType = text.xcconfig; name = "Pods-Shoppinist.release.xcconfig"; path = "Target Support Files/Pods-Shoppinist/Pods-Shoppinist.release.xcconfig"; sourceTree = "<group>"; };
		C54958C093B8786E2AB2788F /* Pods-Shoppinist-ShoppinistUITests.debug.xcconfig */ = {isa = PBXFileReference; includeInIndex = 1; lastKnownFileType = text.xcconfig; name = "Pods-Shoppinist-ShoppinistUITests.debug.xcconfig"; path = "Target Support Files/Pods-Shoppinist-ShoppinistUITests/Pods-Shoppinist-ShoppinistUITests.debug.xcconfig"; sourceTree = "<group>"; };
		C930A97A2A2927680071DAD6 /* BrandModel.swift */ = {isa = PBXFileReference; lastKnownFileType = sourcecode.swift; path = BrandModel.swift; sourceTree = "<group>"; };
		C930A97D2A2928940071DAD6 /* HomeViewModel.swift */ = {isa = PBXFileReference; lastKnownFileType = sourcecode.swift; path = HomeViewModel.swift; sourceTree = "<group>"; };
		C94EB6D42A2A9C1E000E7681 /* CategoriesViewModel.swift */ = {isa = PBXFileReference; lastKnownFileType = sourcecode.swift; path = CategoriesViewModel.swift; sourceTree = "<group>"; };
		C97CA70C2A2BB84B00A67A6F /* no-data-found.json */ = {isa = PBXFileReference; fileEncoding = 4; lastKnownFileType = text.json; path = "no-data-found.json"; sourceTree = "<group>"; };
		C98726122A27CF0900EB0A40 /* Shoppinist.app */ = {isa = PBXFileReference; explicitFileType = wrapper.application; includeInIndex = 0; path = Shoppinist.app; sourceTree = BUILT_PRODUCTS_DIR; };
		C98726152A27CF0900EB0A40 /* AppDelegate.swift */ = {isa = PBXFileReference; lastKnownFileType = sourcecode.swift; path = AppDelegate.swift; sourceTree = "<group>"; };
		C98726172A27CF0900EB0A40 /* SceneDelegate.swift */ = {isa = PBXFileReference; lastKnownFileType = sourcecode.swift; path = SceneDelegate.swift; sourceTree = "<group>"; };
		C98726192A27CF0900EB0A40 /* ViewController.swift */ = {isa = PBXFileReference; lastKnownFileType = sourcecode.swift; path = ViewController.swift; sourceTree = "<group>"; };
		C987261C2A27CF0900EB0A40 /* Base */ = {isa = PBXFileReference; lastKnownFileType = file.storyboard; name = Base; path = Base.lproj/Main.storyboard; sourceTree = "<group>"; };
		C987261F2A27CF0900EB0A40 /* Shoppinist.xcdatamodel */ = {isa = PBXFileReference; lastKnownFileType = wrapper.xcdatamodel; path = Shoppinist.xcdatamodel; sourceTree = "<group>"; };
		C98726212A27CF0B00EB0A40 /* Assets.xcassets */ = {isa = PBXFileReference; lastKnownFileType = folder.assetcatalog; path = Assets.xcassets; sourceTree = "<group>"; };
		C98726242A27CF0C00EB0A40 /* Base */ = {isa = PBXFileReference; lastKnownFileType = file.storyboard; name = Base; path = Base.lproj/LaunchScreen.storyboard; sourceTree = "<group>"; };
		C98726262A27CF0C00EB0A40 /* Info.plist */ = {isa = PBXFileReference; lastKnownFileType = text.plist.xml; path = Info.plist; sourceTree = "<group>"; };
		C987262B2A27CF0C00EB0A40 /* ShoppinistTests.xctest */ = {isa = PBXFileReference; explicitFileType = wrapper.cfbundle; includeInIndex = 0; path = ShoppinistTests.xctest; sourceTree = BUILT_PRODUCTS_DIR; };
		C987262F2A27CF0C00EB0A40 /* ShoppinistTests.swift */ = {isa = PBXFileReference; lastKnownFileType = sourcecode.swift; path = ShoppinistTests.swift; sourceTree = "<group>"; };
		C98726352A27CF0C00EB0A40 /* ShoppinistUITests.xctest */ = {isa = PBXFileReference; explicitFileType = wrapper.cfbundle; includeInIndex = 0; path = ShoppinistUITests.xctest; sourceTree = BUILT_PRODUCTS_DIR; };
		C98726392A27CF0C00EB0A40 /* ShoppinistUITests.swift */ = {isa = PBXFileReference; lastKnownFileType = sourcecode.swift; path = ShoppinistUITests.swift; sourceTree = "<group>"; };
		C987263B2A27CF0C00EB0A40 /* ShoppinistUITestsLaunchTests.swift */ = {isa = PBXFileReference; lastKnownFileType = sourcecode.swift; path = ShoppinistUITestsLaunchTests.swift; sourceTree = "<group>"; };
		C987264C2A27D14900EB0A40 /* RemoteDataSource.swift */ = {isa = PBXFileReference; lastKnownFileType = sourcecode.swift; path = RemoteDataSource.swift; sourceTree = "<group>"; };
		C987264F2A27D17E00EB0A40 /* LocalDataSource.swift */ = {isa = PBXFileReference; lastKnownFileType = sourcecode.swift; path = LocalDataSource.swift; sourceTree = "<group>"; };
		C98726532A27D25200EB0A40 /* Model.swift */ = {isa = PBXFileReference; lastKnownFileType = sourcecode.swift; path = Model.swift; sourceTree = "<group>"; };
		C987265B2A27DDB900EB0A40 /* HomeStoryboard.storyboard */ = {isa = PBXFileReference; lastKnownFileType = file.storyboard; path = HomeStoryboard.storyboard; sourceTree = "<group>"; };
		C987265E2A27DE1A00EB0A40 /* MeStoryboard.storyboard */ = {isa = PBXFileReference; lastKnownFileType = file.storyboard; path = MeStoryboard.storyboard; sourceTree = "<group>"; };
		C98726612A27DE6200EB0A40 /* CategoriesStoryboard.storyboard */ = {isa = PBXFileReference; lastKnownFileType = file.storyboard; path = CategoriesStoryboard.storyboard; sourceTree = "<group>"; };
		C987F95A2A310A9A008733F4 /* OrderModel.swift */ = {isa = PBXFileReference; lastKnownFileType = sourcecode.swift; path = OrderModel.swift; sourceTree = "<group>"; };
		C987F95C2A310B4E008733F4 /* OrderNetworkLayer.swift */ = {isa = PBXFileReference; lastKnownFileType = sourcecode.swift; path = OrderNetworkLayer.swift; sourceTree = "<group>"; };
		C987F9602A311E5B008733F4 /* PostOrdersModel.swift */ = {isa = PBXFileReference; lastKnownFileType = sourcecode.swift; path = PostOrdersModel.swift; sourceTree = "<group>"; };
		C99911292A30AF8B00EEA6B7 /* OnBoardingCollectionViewCell.swift */ = {isa = PBXFileReference; lastKnownFileType = sourcecode.swift; path = OnBoardingCollectionViewCell.swift; sourceTree = "<group>"; };
		C999112C2A30AFC700EEA6B7 /* OnBoardingSlide.swift */ = {isa = PBXFileReference; lastKnownFileType = sourcecode.swift; path = OnBoardingSlide.swift; sourceTree = "<group>"; };
		C999112E2A30B1E000EEA6B7 /* OnBoardingViewController.swift */ = {isa = PBXFileReference; lastKnownFileType = sourcecode.swift; path = OnBoardingViewController.swift; sourceTree = "<group>"; };
		C9A724C42A2A893900B0D37E /* BrandProductsViewController.swift */ = {isa = PBXFileReference; lastKnownFileType = sourcecode.swift; path = BrandProductsViewController.swift; sourceTree = "<group>"; };
		C9A724C62A2A8DD400B0D37E /* ProductModel.swift */ = {isa = PBXFileReference; lastKnownFileType = sourcecode.swift; path = ProductModel.swift; sourceTree = "<group>"; };
		C9A724C92A2A8E2400B0D37E /* BrandProductsViewModel.swift */ = {isa = PBXFileReference; lastKnownFileType = sourcecode.swift; path = BrandProductsViewModel.swift; sourceTree = "<group>"; };
		C9B2C9E02A2890FB00ED8AF8 /* CouponsCollectionViewCell.swift */ = {isa = PBXFileReference; lastKnownFileType = sourcecode.swift; path = CouponsCollectionViewCell.swift; sourceTree = "<group>"; };
		C9B2C9E22A28910B00ED8AF8 /* BrandsCollectionViewCell.swift */ = {isa = PBXFileReference; lastKnownFileType = sourcecode.swift; path = BrandsCollectionViewCell.swift; sourceTree = "<group>"; };
		C9B2C9E42A28936100ED8AF8 /* HomeViewController.swift */ = {isa = PBXFileReference; lastKnownFileType = sourcecode.swift; path = HomeViewController.swift; sourceTree = "<group>"; };
		C9B2C9E62A28D41500ED8AF8 /* CategoriesViewController.swift */ = {isa = PBXFileReference; lastKnownFileType = sourcecode.swift; path = CategoriesViewController.swift; sourceTree = "<group>"; };
		C9B2C9E82A28D44200ED8AF8 /* ProductsCollectionViewCell.swift */ = {isa = PBXFileReference; lastKnownFileType = sourcecode.swift; path = ProductsCollectionViewCell.swift; sourceTree = "<group>"; };
		C9CF17162A2E13DD00C5F723 /* OrderModuleViewController.swift */ = {isa = PBXFileReference; lastKnownFileType = sourcecode.swift; path = OrderModuleViewController.swift; sourceTree = "<group>"; };
		C9CF17182A2E140900C5F723 /* OrderModuleViewModel.swift */ = {isa = PBXFileReference; lastKnownFileType = sourcecode.swift; path = OrderModuleViewModel.swift; sourceTree = "<group>"; };
		C9CF171A2A2E197200C5F723 /* Order.storyboard */ = {isa = PBXFileReference; lastKnownFileType = file.storyboard; path = Order.storyboard; sourceTree = "<group>"; };
		CF04D6B02A2D630700B0B27F /* ProductDetailsModel.swift */ = {isa = PBXFileReference; lastKnownFileType = sourcecode.swift; path = ProductDetailsModel.swift; sourceTree = "<group>"; };
		CF1F4D4F2A2A7D8D006F0E07 /* SignUpNetworkService.swift */ = {isa = PBXFileReference; lastKnownFileType = sourcecode.swift; path = SignUpNetworkService.swift; sourceTree = "<group>"; };
		CF1F4D512A2A7EE3006F0E07 /* LoginedCustomerModel.swift */ = {isa = PBXFileReference; lastKnownFileType = sourcecode.swift; path = LoginedCustomerModel.swift; sourceTree = "<group>"; };
		CF1F4D532A2A9011006F0E07 /* SignCustomerModel.swift */ = {isa = PBXFileReference; lastKnownFileType = sourcecode.swift; path = SignCustomerModel.swift; sourceTree = "<group>"; };
		CF1F4D562A2A94E3006F0E07 /* SignViewModel.swift */ = {isa = PBXFileReference; lastKnownFileType = sourcecode.swift; path = SignViewModel.swift; sourceTree = "<group>"; };
		CF1F4D592A2A9D76006F0E07 /* Utilites.swift */ = {isa = PBXFileReference; lastKnownFileType = sourcecode.swift; path = Utilites.swift; sourceTree = "<group>"; };
		CF5E423D2A2CCC15009A5B56 /* FavLocalDataSource.swift */ = {isa = PBXFileReference; lastKnownFileType = sourcecode.swift; path = FavLocalDataSource.swift; sourceTree = "<group>"; };
		CF5E42402A2CCE44009A5B56 /* FavViewModel.swift */ = {isa = PBXFileReference; lastKnownFileType = sourcecode.swift; path = FavViewModel.swift; sourceTree = "<group>"; };
		CF7A7A0D2A2A4F61005ADCED /* SignUpV.storyboard */ = {isa = PBXFileReference; lastKnownFileType = file.storyboard; path = SignUpV.storyboard; sourceTree = "<group>"; };
		CF7A7A0F2A2A50AC005ADCED /* SignUpViewController.swift */ = {isa = PBXFileReference; lastKnownFileType = sourcecode.swift; path = SignUpViewController.swift; sourceTree = "<group>"; };
		CF7A7A112A2A5218005ADCED /* LoginViewController.swift */ = {isa = PBXFileReference; lastKnownFileType = sourcecode.swift; path = LoginViewController.swift; sourceTree = "<group>"; };
		CF7A7A132A2A526E005ADCED /* ChoosingAuthWayViewController.swift */ = {isa = PBXFileReference; lastKnownFileType = sourcecode.swift; path = ChoosingAuthWayViewController.swift; sourceTree = "<group>"; };
		CF8828AF2A2D01A9001C34A6 /* ProductDetailsDataSource.swift */ = {isa = PBXFileReference; lastKnownFileType = sourcecode.swift; path = ProductDetailsDataSource.swift; sourceTree = "<group>"; };
		CF96A6B32A2ABE4600AA029A /* LoginNetworkService.swift */ = {isa = PBXFileReference; lastKnownFileType = sourcecode.swift; path = LoginNetworkService.swift; sourceTree = "<group>"; };
		CF96A6B62A2AC4A700AA029A /* LoginViewModel.swift */ = {isa = PBXFileReference; lastKnownFileType = sourcecode.swift; path = LoginViewModel.swift; sourceTree = "<group>"; };
		CFA37DEF2A2EDB7200106370 /* DraftModel.swift */ = {isa = PBXFileReference; lastKnownFileType = sourcecode.swift; path = DraftModel.swift; sourceTree = "<group>"; };
		CFA37DF12A2EDB9D00106370 /* DraftOrderNetworkService.swift */ = {isa = PBXFileReference; lastKnownFileType = sourcecode.swift; path = DraftOrderNetworkService.swift; sourceTree = "<group>"; };
		CFA37DF52A2EDC9500106370 /* DraftOredViewModel.swift */ = {isa = PBXFileReference; lastKnownFileType = sourcecode.swift; path = DraftOredViewModel.swift; sourceTree = "<group>"; };
		CFDFC8C32A2BAB2300CDB4D2 /* FavouriteView.storyboard */ = {isa = PBXFileReference; lastKnownFileType = file.storyboard; path = FavouriteView.storyboard; sourceTree = "<group>"; };
		CFDFC8C52A2BAB3500CDB4D2 /* DetailsView.storyboard */ = {isa = PBXFileReference; lastKnownFileType = file.storyboard; path = DetailsView.storyboard; sourceTree = "<group>"; };
		CFDFC8C72A2BAB5D00CDB4D2 /* DetailsViewController.swift */ = {isa = PBXFileReference; lastKnownFileType = sourcecode.swift; path = DetailsViewController.swift; sourceTree = "<group>"; };
		CFDFC8C92A2BAB6C00CDB4D2 /* FavouriteViewController.swift */ = {isa = PBXFileReference; lastKnownFileType = sourcecode.swift; path = FavouriteViewController.swift; sourceTree = "<group>"; };
		CFDFC8CB2A2BAEFE00CDB4D2 /* FavouriteCollectionViewCell.swift */ = {isa = PBXFileReference; lastKnownFileType = sourcecode.swift; path = FavouriteCollectionViewCell.swift; sourceTree = "<group>"; };
		CFDFC8CD2A2BE6CA00CDB4D2 /* DetailsCollectionViewCell.swift */ = {isa = PBXFileReference; lastKnownFileType = sourcecode.swift; path = DetailsCollectionViewCell.swift; sourceTree = "<group>"; };
		DA384CE02747DA53E3D18AB2 /* Pods_Shoppinist_ShoppinistUITests.framework */ = {isa = PBXFileReference; explicitFileType = wrapper.framework; includeInIndex = 0; path = Pods_Shoppinist_ShoppinistUITests.framework; sourceTree = BUILT_PRODUCTS_DIR; };
		DB1B4B312A29819900DF9D10 /* Setting.storyboard */ = {isa = PBXFileReference; lastKnownFileType = file.storyboard; path = Setting.storyboard; sourceTree = "<group>"; };
		DB1B4B332A2981CE00DF9D10 /* SettingViewController.swift */ = {isa = PBXFileReference; lastKnownFileType = sourcecode.swift; path = SettingViewController.swift; sourceTree = "<group>"; };
		DB1B4B352A29874300DF9D10 /* MeViewController.swift */ = {isa = PBXFileReference; lastKnownFileType = sourcecode.swift; path = MeViewController.swift; sourceTree = "<group>"; };
		DB1B4B382A29B12800DF9D10 /* ContactUs.storyboard */ = {isa = PBXFileReference; lastKnownFileType = file.storyboard; path = ContactUs.storyboard; sourceTree = "<group>"; };
		DB1B4B3A2A29B32B00DF9D10 /* ContactUsViewController.swift */ = {isa = PBXFileReference; lastKnownFileType = sourcecode.swift; path = ContactUsViewController.swift; sourceTree = "<group>"; };
		DB1B4B3C2A29C3A300DF9D10 /* ContactUsTableViewCell.swift */ = {isa = PBXFileReference; lastKnownFileType = sourcecode.swift; path = ContactUsTableViewCell.swift; sourceTree = "<group>"; };
		DB31E5462A32CBA500626513 /* Shoppinist.entitlements */ = {isa = PBXFileReference; lastKnownFileType = text.plist.entitlements; path = Shoppinist.entitlements; sourceTree = "<group>"; };
		DB4869142A2D9A5200045739 /* ShoppingCard.storyboard */ = {isa = PBXFileReference; lastKnownFileType = file.storyboard; path = ShoppingCard.storyboard; sourceTree = "<group>"; };
		DB4869162A2D9BBE00045739 /* ShoppingCardViewController.swift */ = {isa = PBXFileReference; lastKnownFileType = sourcecode.swift; path = ShoppingCardViewController.swift; sourceTree = "<group>"; };
		DB4869182A2DAFBE00045739 /* ShoppingCardTableViewCell.swift */ = {isa = PBXFileReference; lastKnownFileType = sourcecode.swift; path = ShoppingCardTableViewCell.swift; sourceTree = "<group>"; };
		DB5D6CDF2A2C81B9004BB927 /* AddressViewModel.swift */ = {isa = PBXFileReference; lastKnownFileType = sourcecode.swift; path = AddressViewModel.swift; sourceTree = "<group>"; };
		DB6A8CDD2A2AFD6D00142BBC /* AboutUs .storyboard */ = {isa = PBXFileReference; lastKnownFileType = file.storyboard; path = "AboutUs .storyboard"; sourceTree = "<group>"; };
		DB6A8CDF2A2AFD9F00142BBC /* AboutUsViewController.swift */ = {isa = PBXFileReference; lastKnownFileType = sourcecode.swift; path = AboutUsViewController.swift; sourceTree = "<group>"; };
		DBAE20982A2C48CE00FD40FE /* AddAddressViewModel.swift */ = {isa = PBXFileReference; lastKnownFileType = sourcecode.swift; path = AddAddressViewModel.swift; sourceTree = "<group>"; };
		DBAE209B2A2C48E600FD40FE /* AddressModel.swift */ = {isa = PBXFileReference; lastKnownFileType = sourcecode.swift; path = AddressModel.swift; sourceTree = "<group>"; };
		DBAE209D2A2C4DC100FD40FE /* AddressNetWorkServices.swift */ = {isa = PBXFileReference; lastKnownFileType = sourcecode.swift; path = AddressNetWorkServices.swift; sourceTree = "<group>"; };
		DBBAC2EF2A2FD20C00A5723B /* CardModel.swift */ = {isa = PBXFileReference; lastKnownFileType = sourcecode.swift; path = CardModel.swift; sourceTree = "<group>"; };
		DBBAC2F22A2FD24F00A5723B /* CardNetWorkServices.swift */ = {isa = PBXFileReference; lastKnownFileType = sourcecode.swift; path = CardNetWorkServices.swift; sourceTree = "<group>"; };
		DBBAC2F52A2FD28800A5723B /* CardViewModel.swift */ = {isa = PBXFileReference; lastKnownFileType = sourcecode.swift; path = CardViewModel.swift; sourceTree = "<group>"; };
		DBBAC2F72A2FD60900A5723B /* ConstantURls.swift */ = {isa = PBXFileReference; lastKnownFileType = sourcecode.swift; path = ConstantURls.swift; sourceTree = "<group>"; };
		DBBAC2F92A2FE64A00A5723B /* UserDefultManager.swift */ = {isa = PBXFileReference; lastKnownFileType = sourcecode.swift; path = UserDefultManager.swift; sourceTree = "<group>"; };
		DBC240042A32A05A00583211 /* PaymentViewController.swift */ = {isa = PBXFileReference; lastKnownFileType = sourcecode.swift; path = PaymentViewController.swift; sourceTree = "<group>"; };
		DBC240062A32A08F00583211 /* Payment.storyboard */ = {isa = PBXFileReference; lastKnownFileType = file.storyboard; path = Payment.storyboard; sourceTree = "<group>"; };
		DBDA3F3F2A3276FB00A5C15F /* SelectAddress.storyboard */ = {isa = PBXFileReference; lastKnownFileType = file.storyboard; path = SelectAddress.storyboard; sourceTree = "<group>"; };
		DBDA3F412A32772F00A5C15F /* SelectAddressViewController.swift */ = {isa = PBXFileReference; lastKnownFileType = sourcecode.swift; path = SelectAddressViewController.swift; sourceTree = "<group>"; };
		DBDA3F432A327A9F00A5C15F /* SelectAddressTableViewCell.swift */ = {isa = PBXFileReference; lastKnownFileType = sourcecode.swift; path = SelectAddressTableViewCell.swift; sourceTree = "<group>"; };
		DBDA68222A2B3DB500F99BC0 /* Address.storyboard */ = {isa = PBXFileReference; lastKnownFileType = file.storyboard; path = Address.storyboard; sourceTree = "<group>"; };
		DBFC42C62A2B9974005E7F74 /* AddressViewController.swift */ = {isa = PBXFileReference; lastKnownFileType = sourcecode.swift; path = AddressViewController.swift; sourceTree = "<group>"; };
		DBFC42C82A2B9C6F005E7F74 /* AddressTableViewCell.swift */ = {isa = PBXFileReference; lastKnownFileType = sourcecode.swift; path = AddressTableViewCell.swift; sourceTree = "<group>"; };
		DBFC42CD2A2BAEA9005E7F74 /* AddNewAddress.storyboard */ = {isa = PBXFileReference; lastKnownFileType = file.storyboard; path = AddNewAddress.storyboard; sourceTree = "<group>"; };
		DBFC42CF2A2BAEE7005E7F74 /* AddNewAddressViewController.swift */ = {isa = PBXFileReference; lastKnownFileType = sourcecode.swift; path = AddNewAddressViewController.swift; sourceTree = "<group>"; };
		F1086DC2D32699D525F554BF /* Pods_ShoppinistTests.framework */ = {isa = PBXFileReference; explicitFileType = wrapper.framework; includeInIndex = 0; path = Pods_ShoppinistTests.framework; sourceTree = BUILT_PRODUCTS_DIR; };
		FF480C7AA20DA2D324C41217 /* Pods-ShoppinistTests.release.xcconfig */ = {isa = PBXFileReference; includeInIndex = 1; lastKnownFileType = text.xcconfig; name = "Pods-ShoppinistTests.release.xcconfig"; path = "Target Support Files/Pods-ShoppinistTests/Pods-ShoppinistTests.release.xcconfig"; sourceTree = "<group>"; };
/* End PBXFileReference section */

/* Begin PBXFrameworksBuildPhase section */
		C987260F2A27CF0900EB0A40 /* Frameworks */ = {
			isa = PBXFrameworksBuildPhase;
			buildActionMask = 2147483647;
			files = (
				CB6F6533280A42DD5F4991A6 /* Pods_Shoppinist.framework in Frameworks */,
			);
			runOnlyForDeploymentPostprocessing = 0;
		};
		C98726282A27CF0C00EB0A40 /* Frameworks */ = {
			isa = PBXFrameworksBuildPhase;
			buildActionMask = 2147483647;
			files = (
				69BBF2357126C2E1FE5043B2 /* Pods_ShoppinistTests.framework in Frameworks */,
			);
			runOnlyForDeploymentPostprocessing = 0;
		};
		C98726322A27CF0C00EB0A40 /* Frameworks */ = {
			isa = PBXFrameworksBuildPhase;
			buildActionMask = 2147483647;
			files = (
				9EA66756829F561A1A69A388 /* Pods_Shoppinist_ShoppinistUITests.framework in Frameworks */,
			);
			runOnlyForDeploymentPostprocessing = 0;
		};
/* End PBXFrameworksBuildPhase section */

/* Begin PBXGroup section */
		24FC8A52A33122564DB0D418 /* Pods */ = {
			isa = PBXGroup;
			children = (
				2A42FD70A243F0AC004C0D5B /* Pods-Shoppinist.debug.xcconfig */,
				B388E8610DD2F414054C502D /* Pods-Shoppinist.release.xcconfig */,
				C54958C093B8786E2AB2788F /* Pods-Shoppinist-ShoppinistUITests.debug.xcconfig */,
				47516EFCF716FE794DD6A3C3 /* Pods-Shoppinist-ShoppinistUITests.release.xcconfig */,
				3C37CE881EB25154840C981C /* Pods-ShoppinistTests.debug.xcconfig */,
				FF480C7AA20DA2D324C41217 /* Pods-ShoppinistTests.release.xcconfig */,
			);
			path = Pods;
			sourceTree = "<group>";
		};
		BBB62C11146B133AD363437E /* Frameworks */ = {
			isa = PBXGroup;
			children = (
				5591C8E38B0EB944B4CF55CA /* Pods_Shoppinist.framework */,
				DA384CE02747DA53E3D18AB2 /* Pods_Shoppinist_ShoppinistUITests.framework */,
				F1086DC2D32699D525F554BF /* Pods_ShoppinistTests.framework */,
			);
			name = Frameworks;
			sourceTree = "<group>";
		};
		C930A9792A2927270071DAD6 /* Model */ = {
			isa = PBXGroup;
			children = (
				C930A97A2A2927680071DAD6 /* BrandModel.swift */,
			);
			path = Model;
			sourceTree = "<group>";
		};
		C930A97C2A2928750071DAD6 /* HomeViewModel */ = {
			isa = PBXGroup;
			children = (
				C930A97D2A2928940071DAD6 /* HomeViewModel.swift */,
			);
			path = HomeViewModel;
			sourceTree = "<group>";
		};
		C94EB6D32A2A9BFF000E7681 /* ViewModel */ = {
			isa = PBXGroup;
			children = (
				C94EB6D42A2A9C1E000E7681 /* CategoriesViewModel.swift */,
			);
			path = ViewModel;
			sourceTree = "<group>";
		};
		C98726092A27CF0900EB0A40 = {
			isa = PBXGroup;
			children = (
				C98726142A27CF0900EB0A40 /* Shoppinist */,
				C987262E2A27CF0C00EB0A40 /* ShoppinistTests */,
				C98726382A27CF0C00EB0A40 /* ShoppinistUITests */,
				C98726132A27CF0900EB0A40 /* Products */,
				24FC8A52A33122564DB0D418 /* Pods */,
				BBB62C11146B133AD363437E /* Frameworks */,
			);
			sourceTree = "<group>";
		};
		C98726132A27CF0900EB0A40 /* Products */ = {
			isa = PBXGroup;
			children = (
				C98726122A27CF0900EB0A40 /* Shoppinist.app */,
				C987262B2A27CF0C00EB0A40 /* ShoppinistTests.xctest */,
				C98726352A27CF0C00EB0A40 /* ShoppinistUITests.xctest */,
			);
			name = Products;
			sourceTree = "<group>";
		};
		C98726142A27CF0900EB0A40 /* Shoppinist */ = {
			isa = PBXGroup;
			children = (
				DB31E5462A32CBA500626513 /* Shoppinist.entitlements */,
				CF1F4D582A2A9D57006F0E07 /* Utilites */,
				C98726522A27D1D300EB0A40 /* GenericViews */,
				C987264A2A27D0DB00EB0A40 /* Services */,
				C98726492A27D0C400EB0A40 /* Modules */,
				C98726482A27D0BB00EB0A40 /* Model */,
				C98726212A27CF0B00EB0A40 /* Assets.xcassets */,
				C98726262A27CF0C00EB0A40 /* Info.plist */,
				C987261E2A27CF0900EB0A40 /* Shoppinist.xcdatamodeld */,
			);
			path = Shoppinist;
			sourceTree = "<group>";
		};
		C987262E2A27CF0C00EB0A40 /* ShoppinistTests */ = {
			isa = PBXGroup;
			children = (
				C987262F2A27CF0C00EB0A40 /* ShoppinistTests.swift */,
			);
			path = ShoppinistTests;
			sourceTree = "<group>";
		};
		C98726382A27CF0C00EB0A40 /* ShoppinistUITests */ = {
			isa = PBXGroup;
			children = (
				C98726392A27CF0C00EB0A40 /* ShoppinistUITests.swift */,
				C987263B2A27CF0C00EB0A40 /* ShoppinistUITestsLaunchTests.swift */,
			);
			path = ShoppinistUITests;
			sourceTree = "<group>";
		};
		C98726482A27D0BB00EB0A40 /* Model */ = {
			isa = PBXGroup;
			children = (
				C98726532A27D25200EB0A40 /* Model.swift */,
				C9A724C62A2A8DD400B0D37E /* ProductModel.swift */,
			);
			path = Model;
			sourceTree = "<group>";
		};
		C98726492A27D0C400EB0A40 /* Modules */ = {
			isa = PBXGroup;
			children = (
				DBC240022A32A02200583211 /* Payment */,
				DBDA3F3D2A3276C800A5C15F /* SelectAddress */,
				C9CF17132A2E13AA00C5F723 /* OrderModule */,
				DB4869122A2D9A1200045739 /* ShoppingCard */,
				CFDFC8BE2A2BAAC100CDB4D2 /* DetailsModule */,
				CFDFC8BD2A2BAAB200CDB4D2 /* FavouriteModule */,
				DBFC42CA2A2BAE4B005E7F74 /* AddNewAddress */,
				DBDA681E2A2B3CB500F99BC0 /* AddressModule */,
				C9A724C22A2A88FD00B0D37E /* BrandProductsModule */,
				DB6A8CDC2A2AFD4400142BBC /* AboutUs */,
				CFC01BE82A2A3879002BAB4C /* ChooseAuthWayModules */,
				CFC01BE62A2A3862002BAB4C /* LoginModules */,
				CFC01BE42A2A384A002BAB4C /* SignUpModules */,
				DB1B4B372A29B0E500DF9D10 /* ContactUs */,
				DB1B4B302A29817000DF9D10 /* SettingModule */,
				C98726592A27DD7C00EB0A40 /* MeModule */,
				C98726582A27DD5E00EB0A40 /* CategoriesModule */,
				C98726572A27DD4800EB0A40 /* HomeModule */,
				C98726552A27D28300EB0A40 /* OnBoarding */,
				C98726512A27D1A900EB0A40 /* BaseModule */,
			);
			path = Modules;
			sourceTree = "<group>";
		};
		C987264A2A27D0DB00EB0A40 /* Services */ = {
			isa = PBXGroup;
			children = (
				C987264E2A27D16700EB0A40 /* LocalDataSource */,
				C987264B2A27D11E00EB0A40 /* RemoteDataSource */,
			);
			path = Services;
			sourceTree = "<group>";
		};
		C987264B2A27D11E00EB0A40 /* RemoteDataSource */ = {
			isa = PBXGroup;
			children = (
				C987264C2A27D14900EB0A40 /* RemoteDataSource.swift */,
			);
			path = RemoteDataSource;
			sourceTree = "<group>";
		};
		C987264E2A27D16700EB0A40 /* LocalDataSource */ = {
			isa = PBXGroup;
			children = (
				C987264F2A27D17E00EB0A40 /* LocalDataSource.swift */,
			);
			path = LocalDataSource;
			sourceTree = "<group>";
		};
		C98726512A27D1A900EB0A40 /* BaseModule */ = {
			isa = PBXGroup;
			children = (
				C98726152A27CF0900EB0A40 /* AppDelegate.swift */,
				C98726172A27CF0900EB0A40 /* SceneDelegate.swift */,
			);
			path = BaseModule;
			sourceTree = "<group>";
		};
		C98726522A27D1D300EB0A40 /* GenericViews */ = {
			isa = PBXGroup;
			children = (
				C987261B2A27CF0900EB0A40 /* Main.storyboard */,
				C98726232A27CF0C00EB0A40 /* LaunchScreen.storyboard */,
			);
			path = GenericViews;
			sourceTree = "<group>";
		};
		C98726552A27D28300EB0A40 /* OnBoarding */ = {
			isa = PBXGroup;
			children = (
				C999112B2A30AFB400EEA6B7 /* Model */,
				C98726562A27D2A300EB0A40 /* View */,
			);
			path = OnBoarding;
			sourceTree = "<group>";
		};
		C98726562A27D2A300EB0A40 /* View */ = {
			isa = PBXGroup;
			children = (
				C98726192A27CF0900EB0A40 /* ViewController.swift */,
				C99911292A30AF8B00EEA6B7 /* OnBoardingCollectionViewCell.swift */,
				C999112E2A30B1E000EEA6B7 /* OnBoardingViewController.swift */,
			);
			path = View;
			sourceTree = "<group>";
		};
		C98726572A27DD4800EB0A40 /* HomeModule */ = {
			isa = PBXGroup;
			children = (
				C930A97C2A2928750071DAD6 /* HomeViewModel */,
				C930A9792A2927270071DAD6 /* Model */,
				C987265A2A27DDA100EB0A40 /* View */,
			);
			path = HomeModule;
			sourceTree = "<group>";
		};
		C98726582A27DD5E00EB0A40 /* CategoriesModule */ = {
			isa = PBXGroup;
			children = (
				C94EB6D32A2A9BFF000E7681 /* ViewModel */,
				C98726602A27DE4E00EB0A40 /* View */,
			);
			path = CategoriesModule;
			sourceTree = "<group>";
		};
		C98726592A27DD7C00EB0A40 /* MeModule */ = {
			isa = PBXGroup;
			children = (
				C987265D2A27DE0A00EB0A40 /* View */,
			);
			path = MeModule;
			sourceTree = "<group>";
		};
		C987265A2A27DDA100EB0A40 /* View */ = {
			isa = PBXGroup;
			children = (
				C987265B2A27DDB900EB0A40 /* HomeStoryboard.storyboard */,
				C9B2C9E02A2890FB00ED8AF8 /* CouponsCollectionViewCell.swift */,
				C9B2C9E22A28910B00ED8AF8 /* BrandsCollectionViewCell.swift */,
				C9B2C9E42A28936100ED8AF8 /* HomeViewController.swift */,
			);
			path = View;
			sourceTree = "<group>";
		};
		C987265D2A27DE0A00EB0A40 /* View */ = {
			isa = PBXGroup;
			children = (
				C987265E2A27DE1A00EB0A40 /* MeStoryboard.storyboard */,
				DB1B4B352A29874300DF9D10 /* MeViewController.swift */,
			);
			path = View;
			sourceTree = "<group>";
		};
		C98726602A27DE4E00EB0A40 /* View */ = {
			isa = PBXGroup;
			children = (
				C97CA70C2A2BB84B00A67A6F /* no-data-found.json */,
				C98726612A27DE6200EB0A40 /* CategoriesStoryboard.storyboard */,
				C9B2C9E62A28D41500ED8AF8 /* CategoriesViewController.swift */,
				C9B2C9E82A28D44200ED8AF8 /* ProductsCollectionViewCell.swift */,
			);
			path = View;
			sourceTree = "<group>";
		};
		C987F9592A310A8A008733F4 /* Model */ = {
			isa = PBXGroup;
			children = (
				C987F95A2A310A9A008733F4 /* OrderModel.swift */,
				C987F95C2A310B4E008733F4 /* OrderNetworkLayer.swift */,
				C987F9602A311E5B008733F4 /* PostOrdersModel.swift */,
			);
			path = Model;
			sourceTree = "<group>";
		};
		C999112B2A30AFB400EEA6B7 /* Model */ = {
			isa = PBXGroup;
			children = (
				C999112C2A30AFC700EEA6B7 /* OnBoardingSlide.swift */,
			);
			path = Model;
			sourceTree = "<group>";
		};
		C9A724C22A2A88FD00B0D37E /* BrandProductsModule */ = {
			isa = PBXGroup;
			children = (
				C9A724C82A2A8E0900B0D37E /* ViewModel */,
				C9A724C32A2A891000B0D37E /* View */,
			);
			path = BrandProductsModule;
			sourceTree = "<group>";
		};
		C9A724C32A2A891000B0D37E /* View */ = {
			isa = PBXGroup;
			children = (
				C9A724C42A2A893900B0D37E /* BrandProductsViewController.swift */,
			);
			path = View;
			sourceTree = "<group>";
		};
		C9A724C82A2A8E0900B0D37E /* ViewModel */ = {
			isa = PBXGroup;
			children = (
				C9A724C92A2A8E2400B0D37E /* BrandProductsViewModel.swift */,
			);
			path = ViewModel;
			sourceTree = "<group>";
		};
		C9CF17132A2E13AA00C5F723 /* OrderModule */ = {
			isa = PBXGroup;
			children = (
				C987F9592A310A8A008733F4 /* Model */,
				C9CF17152A2E13C400C5F723 /* View */,
				C9CF17142A2E13B800C5F723 /* ViewModel */,
			);
			path = OrderModule;
			sourceTree = "<group>";
		};
		C9CF17142A2E13B800C5F723 /* ViewModel */ = {
			isa = PBXGroup;
			children = (
				C9CF17182A2E140900C5F723 /* OrderModuleViewModel.swift */,
			);
			path = ViewModel;
			sourceTree = "<group>";
		};
		C9CF17152A2E13C400C5F723 /* View */ = {
			isa = PBXGroup;
			children = (
				C9CF17162A2E13DD00C5F723 /* OrderModuleViewController.swift */,
				C9CF171A2A2E197200C5F723 /* Order.storyboard */,
			);
			path = View;
			sourceTree = "<group>";
		};
		CF1F4D4D2A2A75A9006F0E07 /* Model */ = {
			isa = PBXGroup;
			children = (
				CF1F4D512A2A7EE3006F0E07 /* LoginedCustomerModel.swift */,
				CF96A6B32A2ABE4600AA029A /* LoginNetworkService.swift */,
			);
			path = Model;
			sourceTree = "<group>";
		};
		CF1F4D4E2A2A75D4006F0E07 /* Model */ = {
			isa = PBXGroup;
			children = (
				CF1F4D4F2A2A7D8D006F0E07 /* SignUpNetworkService.swift */,
				CF1F4D532A2A9011006F0E07 /* SignCustomerModel.swift */,
			);
			path = Model;
			sourceTree = "<group>";
		};
		CF1F4D552A2A9448006F0E07 /* ViewModel */ = {
			isa = PBXGroup;
			children = (
				CF1F4D562A2A94E3006F0E07 /* SignViewModel.swift */,
			);
			path = ViewModel;
			sourceTree = "<group>";
		};
		CF1F4D582A2A9D57006F0E07 /* Utilites */ = {
			isa = PBXGroup;
			children = (
				CF1F4D592A2A9D76006F0E07 /* Utilites.swift */,
			);
			path = Utilites;
			sourceTree = "<group>";
		};
		CF5E423A2A2CCB99009A5B56 /* Model */ = {
			isa = PBXGroup;
			children = (
				CFA37DF72A2EF8E600106370 /* APIDetails */,
				CFA37DEE2A2EDB3E00106370 /* APIModel */,
				CFA37DED2A2EDB3500106370 /* CoreModel */,
			);
			path = Model;
			sourceTree = "<group>";
		};
		CF5E423F2A2CCE2B009A5B56 /* ViewModel */ = {
			isa = PBXGroup;
			children = (
				CFA37DF42A2EDC4D00106370 /* APIViewModel */,
				CFA37DF32A2EDC3A00106370 /* CoreViewModel */,
			);
			path = ViewModel;
			sourceTree = "<group>";
		};
		CF96A6B52A2AC48500AA029A /* ViewModel */ = {
			isa = PBXGroup;
			children = (
				CF96A6B62A2AC4A700AA029A /* LoginViewModel.swift */,
			);
			path = ViewModel;
			sourceTree = "<group>";
		};
		CFA37DED2A2EDB3500106370 /* CoreModel */ = {
			isa = PBXGroup;
			children = (
				CF5E423D2A2CCC15009A5B56 /* FavLocalDataSource.swift */,
			);
			path = CoreModel;
			sourceTree = "<group>";
		};
		CFA37DEE2A2EDB3E00106370 /* APIModel */ = {
			isa = PBXGroup;
			children = (
				CFA37DEF2A2EDB7200106370 /* DraftModel.swift */,
				CFA37DF12A2EDB9D00106370 /* DraftOrderNetworkService.swift */,
			);
			path = APIModel;
			sourceTree = "<group>";
		};
		CFA37DF32A2EDC3A00106370 /* CoreViewModel */ = {
			isa = PBXGroup;
			children = (
				CF5E42402A2CCE44009A5B56 /* FavViewModel.swift */,
			);
			path = CoreViewModel;
			sourceTree = "<group>";
		};
		CFA37DF42A2EDC4D00106370 /* APIViewModel */ = {
			isa = PBXGroup;
			children = (
				CFA37DF52A2EDC9500106370 /* DraftOredViewModel.swift */,
			);
			path = APIViewModel;
			sourceTree = "<group>";
		};
		CFA37DF72A2EF8E600106370 /* APIDetails */ = {
			isa = PBXGroup;
			children = (
				CF04D6B02A2D630700B0B27F /* ProductDetailsModel.swift */,
				CF8828AF2A2D01A9001C34A6 /* ProductDetailsDataSource.swift */,
			);
			path = APIDetails;
			sourceTree = "<group>";
		};
		CFC01BE42A2A384A002BAB4C /* SignUpModules */ = {
			isa = PBXGroup;
			children = (
				CF1F4D552A2A9448006F0E07 /* ViewModel */,
				CF1F4D4E2A2A75D4006F0E07 /* Model */,
				CFC01BE52A2A385A002BAB4C /* View */,
			);
			path = SignUpModules;
			sourceTree = "<group>";
		};
		CFC01BE52A2A385A002BAB4C /* View */ = {
			isa = PBXGroup;
			children = (
				CF7A7A0D2A2A4F61005ADCED /* SignUpV.storyboard */,
				CF7A7A0F2A2A50AC005ADCED /* SignUpViewController.swift */,
			);
			path = View;
			sourceTree = "<group>";
		};
		CFC01BE62A2A3862002BAB4C /* LoginModules */ = {
			isa = PBXGroup;
			children = (
				CF96A6B52A2AC48500AA029A /* ViewModel */,
				CF1F4D4D2A2A75A9006F0E07 /* Model */,
				CFC01BE72A2A386E002BAB4C /* View */,
			);
			path = LoginModules;
			sourceTree = "<group>";
		};
		CFC01BE72A2A386E002BAB4C /* View */ = {
			isa = PBXGroup;
			children = (
				CF7A7A112A2A5218005ADCED /* LoginViewController.swift */,
			);
			path = View;
			sourceTree = "<group>";
		};
		CFC01BE82A2A3879002BAB4C /* ChooseAuthWayModules */ = {
			isa = PBXGroup;
			children = (
				CFC01BE92A2A388D002BAB4C /* View */,
			);
			path = ChooseAuthWayModules;
			sourceTree = "<group>";
		};
		CFC01BE92A2A388D002BAB4C /* View */ = {
			isa = PBXGroup;
			children = (
				CF7A7A132A2A526E005ADCED /* ChoosingAuthWayViewController.swift */,
			);
			path = View;
			sourceTree = "<group>";
		};
		CFDFC8BD2A2BAAB200CDB4D2 /* FavouriteModule */ = {
			isa = PBXGroup;
			children = (
				CF5E423F2A2CCE2B009A5B56 /* ViewModel */,
				CF5E423A2A2CCB99009A5B56 /* Model */,
				CFDFC8BF2A2BAAD300CDB4D2 /* View */,
			);
			path = FavouriteModule;
			sourceTree = "<group>";
		};
		CFDFC8BE2A2BAAC100CDB4D2 /* DetailsModule */ = {
			isa = PBXGroup;
			children = (
				CFDFC8C02A2BAADA00CDB4D2 /* View */,
			);
			path = DetailsModule;
			sourceTree = "<group>";
		};
		CFDFC8BF2A2BAAD300CDB4D2 /* View */ = {
			isa = PBXGroup;
			children = (
				CFDFC8C32A2BAB2300CDB4D2 /* FavouriteView.storyboard */,
				CFDFC8C92A2BAB6C00CDB4D2 /* FavouriteViewController.swift */,
				CFDFC8CB2A2BAEFE00CDB4D2 /* FavouriteCollectionViewCell.swift */,
			);
			path = View;
			sourceTree = "<group>";
		};
		CFDFC8C02A2BAADA00CDB4D2 /* View */ = {
			isa = PBXGroup;
			children = (
				CFDFC8C52A2BAB3500CDB4D2 /* DetailsView.storyboard */,
				CFDFC8C72A2BAB5D00CDB4D2 /* DetailsViewController.swift */,
				CFDFC8CD2A2BE6CA00CDB4D2 /* DetailsCollectionViewCell.swift */,
			);
			path = View;
			sourceTree = "<group>";
		};
		DB1B4B302A29817000DF9D10 /* SettingModule */ = {
			isa = PBXGroup;
			children = (
				DB1B4B312A29819900DF9D10 /* Setting.storyboard */,
				DB1B4B332A2981CE00DF9D10 /* SettingViewController.swift */,
			);
			path = SettingModule;
			sourceTree = "<group>";
		};
		DB1B4B372A29B0E500DF9D10 /* ContactUs */ = {
			isa = PBXGroup;
			children = (
				DB1B4B382A29B12800DF9D10 /* ContactUs.storyboard */,
				DB1B4B3A2A29B32B00DF9D10 /* ContactUsViewController.swift */,
				DB1B4B3C2A29C3A300DF9D10 /* ContactUsTableViewCell.swift */,
			);
			path = ContactUs;
			sourceTree = "<group>";
		};
		DB4869122A2D9A1200045739 /* ShoppingCard */ = {
			isa = PBXGroup;
			children = (
				DBBAC2F42A2FD26400A5723B /* ViewModel */,
				DBBAC2EE2A2FD1F100A5723B /* Model */,
				DB4869132A2D9A2B00045739 /* view */,
			);
			path = ShoppingCard;
			sourceTree = "<group>";
		};
		DB4869132A2D9A2B00045739 /* view */ = {
			isa = PBXGroup;
			children = (
				DB4869142A2D9A5200045739 /* ShoppingCard.storyboard */,
				DB4869162A2D9BBE00045739 /* ShoppingCardViewController.swift */,
				DB4869182A2DAFBE00045739 /* ShoppingCardTableViewCell.swift */,
			);
			path = view;
			sourceTree = "<group>";
		};
		DB5D6CDE2A2C8197004BB927 /* ViewModel */ = {
			isa = PBXGroup;
			children = (
				DB5D6CDF2A2C81B9004BB927 /* AddressViewModel.swift */,
			);
			path = ViewModel;
			sourceTree = "<group>";
		};
		DB6A8CDC2A2AFD4400142BBC /* AboutUs */ = {
			isa = PBXGroup;
			children = (
				DB6A8CDD2A2AFD6D00142BBC /* AboutUs .storyboard */,
				DB6A8CDF2A2AFD9F00142BBC /* AboutUsViewController.swift */,
			);
			path = AboutUs;
			sourceTree = "<group>";
		};
		DBAE20972A2C48AE00FD40FE /* ViewModel */ = {
			isa = PBXGroup;
			children = (
				DBAE20982A2C48CE00FD40FE /* AddAddressViewModel.swift */,
			);
			path = ViewModel;
			sourceTree = "<group>";
		};
		DBAE209A2A2C48D700FD40FE /* Model */ = {
			isa = PBXGroup;
			children = (
				DBAE209B2A2C48E600FD40FE /* AddressModel.swift */,
				DBAE209D2A2C4DC100FD40FE /* AddressNetWorkServices.swift */,
			);
			path = Model;
			sourceTree = "<group>";
		};
		DBBAC2EE2A2FD1F100A5723B /* Model */ = {
			isa = PBXGroup;
			children = (
				DBBAC2F12A2FD21E00A5723B /* CardServices */,
				DBBAC2EF2A2FD20C00A5723B /* CardModel.swift */,
			);
			path = Model;
			sourceTree = "<group>";
		};
		DBBAC2F12A2FD21E00A5723B /* CardServices */ = {
			isa = PBXGroup;
			children = (
				DBBAC2F22A2FD24F00A5723B /* CardNetWorkServices.swift */,
				DBBAC2F72A2FD60900A5723B /* ConstantURls.swift */,
				DBBAC2F92A2FE64A00A5723B /* UserDefultManager.swift */,
			);
			path = CardServices;
			sourceTree = "<group>";
		};
		DBBAC2F42A2FD26400A5723B /* ViewModel */ = {
			isa = PBXGroup;
			children = (
				DBBAC2F52A2FD28800A5723B /* CardViewModel.swift */,
			);
			path = ViewModel;
			sourceTree = "<group>";
		};
		DBC240022A32A02200583211 /* Payment */ = {
			isa = PBXGroup;
			children = (
				DBC240032A32A02F00583211 /* View */,
			);
			path = Payment;
			sourceTree = "<group>";
		};
		DBC240032A32A02F00583211 /* View */ = {
			isa = PBXGroup;
			children = (
				DBC240042A32A05A00583211 /* PaymentViewController.swift */,
				DBC240062A32A08F00583211 /* Payment.storyboard */,
			);
			path = View;
			sourceTree = "<group>";
		};
		DBDA3F3D2A3276C800A5C15F /* SelectAddress */ = {
			isa = PBXGroup;
			children = (
				DBDA3F3E2A3276D600A5C15F /* View */,
			);
			path = SelectAddress;
			sourceTree = "<group>";
		};
		DBDA3F3E2A3276D600A5C15F /* View */ = {
			isa = PBXGroup;
			children = (
				DBDA3F3F2A3276FB00A5C15F /* SelectAddress.storyboard */,
				DBDA3F412A32772F00A5C15F /* SelectAddressViewController.swift */,
				DBDA3F432A327A9F00A5C15F /* SelectAddressTableViewCell.swift */,
			);
			path = View;
			sourceTree = "<group>";
		};
		DBDA681E2A2B3CB500F99BC0 /* AddressModule */ = {
			isa = PBXGroup;
			children = (
				DB5D6CDE2A2C8197004BB927 /* ViewModel */,
				DBDA681F2A2B3CD500F99BC0 /* View */,
			);
			path = AddressModule;
			sourceTree = "<group>";
		};
		DBDA681F2A2B3CD500F99BC0 /* View */ = {
			isa = PBXGroup;
			children = (
				DBDA68222A2B3DB500F99BC0 /* Address.storyboard */,
				DBFC42C62A2B9974005E7F74 /* AddressViewController.swift */,
				DBFC42C82A2B9C6F005E7F74 /* AddressTableViewCell.swift */,
			);
			path = View;
			sourceTree = "<group>";
		};
		DBFC42CA2A2BAE4B005E7F74 /* AddNewAddress */ = {
			isa = PBXGroup;
			children = (
				DBAE20972A2C48AE00FD40FE /* ViewModel */,
				DBAE209A2A2C48D700FD40FE /* Model */,
				DBFC42CB2A2BAE5C005E7F74 /* View */,
			);
			path = AddNewAddress;
			sourceTree = "<group>";
		};
		DBFC42CB2A2BAE5C005E7F74 /* View */ = {
			isa = PBXGroup;
			children = (
				DBFC42CD2A2BAEA9005E7F74 /* AddNewAddress.storyboard */,
				DBFC42CF2A2BAEE7005E7F74 /* AddNewAddressViewController.swift */,
			);
			path = View;
			sourceTree = "<group>";
		};
/* End PBXGroup section */

/* Begin PBXNativeTarget section */
		C98726112A27CF0900EB0A40 /* Shoppinist */ = {
			isa = PBXNativeTarget;
			buildConfigurationList = C987263F2A27CF0C00EB0A40 /* Build configuration list for PBXNativeTarget "Shoppinist" */;
			buildPhases = (
				FAC068563D5DA69D06967429 /* [CP] Check Pods Manifest.lock */,
				C987260E2A27CF0900EB0A40 /* Sources */,
				C987260F2A27CF0900EB0A40 /* Frameworks */,
				C98726102A27CF0900EB0A40 /* Resources */,
				6CAC85EFFD38E43B28B950BB /* [CP] Embed Pods Frameworks */,
			);
			buildRules = (
			);
			dependencies = (
			);
			name = Shoppinist;
			productName = Shoppinist;
			productReference = C98726122A27CF0900EB0A40 /* Shoppinist.app */;
			productType = "com.apple.product-type.application";
		};
		C987262A2A27CF0C00EB0A40 /* ShoppinistTests */ = {
			isa = PBXNativeTarget;
			buildConfigurationList = C98726422A27CF0C00EB0A40 /* Build configuration list for PBXNativeTarget "ShoppinistTests" */;
			buildPhases = (
				314BEF0C11474D929C42AF12 /* [CP] Check Pods Manifest.lock */,
				C98726272A27CF0C00EB0A40 /* Sources */,
				C98726282A27CF0C00EB0A40 /* Frameworks */,
				C98726292A27CF0C00EB0A40 /* Resources */,
			);
			buildRules = (
			);
			dependencies = (
				C987262D2A27CF0C00EB0A40 /* PBXTargetDependency */,
			);
			name = ShoppinistTests;
			productName = ShoppinistTests;
			productReference = C987262B2A27CF0C00EB0A40 /* ShoppinistTests.xctest */;
			productType = "com.apple.product-type.bundle.unit-test";
		};
		C98726342A27CF0C00EB0A40 /* ShoppinistUITests */ = {
			isa = PBXNativeTarget;
			buildConfigurationList = C98726452A27CF0C00EB0A40 /* Build configuration list for PBXNativeTarget "ShoppinistUITests" */;
			buildPhases = (
				608B1C385ED0891F1AEF17A8 /* [CP] Check Pods Manifest.lock */,
				C98726312A27CF0C00EB0A40 /* Sources */,
				C98726322A27CF0C00EB0A40 /* Frameworks */,
				C98726332A27CF0C00EB0A40 /* Resources */,
				2CFCE655C8679F9D806F685A /* [CP] Embed Pods Frameworks */,
			);
			buildRules = (
			);
			dependencies = (
				C98726372A27CF0C00EB0A40 /* PBXTargetDependency */,
			);
			name = ShoppinistUITests;
			productName = ShoppinistUITests;
			productReference = C98726352A27CF0C00EB0A40 /* ShoppinistUITests.xctest */;
			productType = "com.apple.product-type.bundle.ui-testing";
		};
/* End PBXNativeTarget section */

/* Begin PBXProject section */
		C987260A2A27CF0900EB0A40 /* Project object */ = {
			isa = PBXProject;
			attributes = {
				BuildIndependentTargetsInParallel = 1;
				LastSwiftUpdateCheck = 1420;
				LastUpgradeCheck = 1420;
				TargetAttributes = {
					C98726112A27CF0900EB0A40 = {
						CreatedOnToolsVersion = 14.2;
					};
					C987262A2A27CF0C00EB0A40 = {
						CreatedOnToolsVersion = 14.2;
						TestTargetID = C98726112A27CF0900EB0A40;
					};
					C98726342A27CF0C00EB0A40 = {
						CreatedOnToolsVersion = 14.2;
						TestTargetID = C98726112A27CF0900EB0A40;
					};
				};
			};
			buildConfigurationList = C987260D2A27CF0900EB0A40 /* Build configuration list for PBXProject "Shoppinist" */;
			compatibilityVersion = "Xcode 14.0";
			developmentRegion = en;
			hasScannedForEncodings = 0;
			knownRegions = (
				en,
				Base,
			);
			mainGroup = C98726092A27CF0900EB0A40;
			productRefGroup = C98726132A27CF0900EB0A40 /* Products */;
			projectDirPath = "";
			projectRoot = "";
			targets = (
				C98726112A27CF0900EB0A40 /* Shoppinist */,
				C987262A2A27CF0C00EB0A40 /* ShoppinistTests */,
				C98726342A27CF0C00EB0A40 /* ShoppinistUITests */,
			);
		};
/* End PBXProject section */

/* Begin PBXResourcesBuildPhase section */
		C98726102A27CF0900EB0A40 /* Resources */ = {
			isa = PBXResourcesBuildPhase;
			buildActionMask = 2147483647;
			files = (
				C9CF171B2A2E197200C5F723 /* Order.storyboard in Resources */,
				DBC240072A32A09000583211 /* Payment.storyboard in Resources */,
				DB4869152A2D9A5200045739 /* ShoppingCard.storyboard in Resources */,
				C98726252A27CF0C00EB0A40 /* LaunchScreen.storyboard in Resources */,
				C98726622A27DE6200EB0A40 /* CategoriesStoryboard.storyboard in Resources */,
				CFDFC8C62A2BAB3500CDB4D2 /* DetailsView.storyboard in Resources */,
				DB1B4B322A29819900DF9D10 /* Setting.storyboard in Resources */,
				CF7A7A0E2A2A4F61005ADCED /* SignUpV.storyboard in Resources */,
				CFDFC8C42A2BAB2300CDB4D2 /* FavouriteView.storyboard in Resources */,
				DBFC42CE2A2BAEA9005E7F74 /* AddNewAddress.storyboard in Resources */,
				DBDA68232A2B3DB500F99BC0 /* Address.storyboard in Resources */,
				C98726222A27CF0B00EB0A40 /* Assets.xcassets in Resources */,
				DB6A8CDE2A2AFD6D00142BBC /* AboutUs .storyboard in Resources */,
				C97CA70D2A2BB84B00A67A6F /* no-data-found.json in Resources */,
				C987265C2A27DDB900EB0A40 /* HomeStoryboard.storyboard in Resources */,
				C987265F2A27DE1A00EB0A40 /* MeStoryboard.storyboard in Resources */,
				DBDA3F402A3276FB00A5C15F /* SelectAddress.storyboard in Resources */,
				C987261D2A27CF0900EB0A40 /* Main.storyboard in Resources */,
				DB1B4B392A29B12800DF9D10 /* ContactUs.storyboard in Resources */,
			);
			runOnlyForDeploymentPostprocessing = 0;
		};
		C98726292A27CF0C00EB0A40 /* Resources */ = {
			isa = PBXResourcesBuildPhase;
			buildActionMask = 2147483647;
			files = (
			);
			runOnlyForDeploymentPostprocessing = 0;
		};
		C98726332A27CF0C00EB0A40 /* Resources */ = {
			isa = PBXResourcesBuildPhase;
			buildActionMask = 2147483647;
			files = (
			);
			runOnlyForDeploymentPostprocessing = 0;
		};
/* End PBXResourcesBuildPhase section */

/* Begin PBXShellScriptBuildPhase section */
		2CFCE655C8679F9D806F685A /* [CP] Embed Pods Frameworks */ = {
			isa = PBXShellScriptBuildPhase;
			buildActionMask = 2147483647;
			files = (
			);
			inputFileListPaths = (
				"${PODS_ROOT}/Target Support Files/Pods-Shoppinist-ShoppinistUITests/Pods-Shoppinist-ShoppinistUITests-frameworks-${CONFIGURATION}-input-files.xcfilelist",
			);
			name = "[CP] Embed Pods Frameworks";
			outputFileListPaths = (
				"${PODS_ROOT}/Target Support Files/Pods-Shoppinist-ShoppinistUITests/Pods-Shoppinist-ShoppinistUITests-frameworks-${CONFIGURATION}-output-files.xcfilelist",
			);
			runOnlyForDeploymentPostprocessing = 0;
			shellPath = /bin/sh;
			shellScript = "\"${PODS_ROOT}/Target Support Files/Pods-Shoppinist-ShoppinistUITests/Pods-Shoppinist-ShoppinistUITests-frameworks.sh\"\n";
			showEnvVarsInLog = 0;
		};
		314BEF0C11474D929C42AF12 /* [CP] Check Pods Manifest.lock */ = {
			isa = PBXShellScriptBuildPhase;
			buildActionMask = 2147483647;
			files = (
			);
			inputFileListPaths = (
			);
			inputPaths = (
				"${PODS_PODFILE_DIR_PATH}/Podfile.lock",
				"${PODS_ROOT}/Manifest.lock",
			);
			name = "[CP] Check Pods Manifest.lock";
			outputFileListPaths = (
			);
			outputPaths = (
				"$(DERIVED_FILE_DIR)/Pods-ShoppinistTests-checkManifestLockResult.txt",
			);
			runOnlyForDeploymentPostprocessing = 0;
			shellPath = /bin/sh;
			shellScript = "diff \"${PODS_PODFILE_DIR_PATH}/Podfile.lock\" \"${PODS_ROOT}/Manifest.lock\" > /dev/null\nif [ $? != 0 ] ; then\n    # print error to STDERR\n    echo \"error: The sandbox is not in sync with the Podfile.lock. Run 'pod install' or update your CocoaPods installation.\" >&2\n    exit 1\nfi\n# This output is used by Xcode 'outputs' to avoid re-running this script phase.\necho \"SUCCESS\" > \"${SCRIPT_OUTPUT_FILE_0}\"\n";
			showEnvVarsInLog = 0;
		};
		608B1C385ED0891F1AEF17A8 /* [CP] Check Pods Manifest.lock */ = {
			isa = PBXShellScriptBuildPhase;
			buildActionMask = 2147483647;
			files = (
			);
			inputFileListPaths = (
			);
			inputPaths = (
				"${PODS_PODFILE_DIR_PATH}/Podfile.lock",
				"${PODS_ROOT}/Manifest.lock",
			);
			name = "[CP] Check Pods Manifest.lock";
			outputFileListPaths = (
			);
			outputPaths = (
				"$(DERIVED_FILE_DIR)/Pods-Shoppinist-ShoppinistUITests-checkManifestLockResult.txt",
			);
			runOnlyForDeploymentPostprocessing = 0;
			shellPath = /bin/sh;
			shellScript = "diff \"${PODS_PODFILE_DIR_PATH}/Podfile.lock\" \"${PODS_ROOT}/Manifest.lock\" > /dev/null\nif [ $? != 0 ] ; then\n    # print error to STDERR\n    echo \"error: The sandbox is not in sync with the Podfile.lock. Run 'pod install' or update your CocoaPods installation.\" >&2\n    exit 1\nfi\n# This output is used by Xcode 'outputs' to avoid re-running this script phase.\necho \"SUCCESS\" > \"${SCRIPT_OUTPUT_FILE_0}\"\n";
			showEnvVarsInLog = 0;
		};
		6CAC85EFFD38E43B28B950BB /* [CP] Embed Pods Frameworks */ = {
			isa = PBXShellScriptBuildPhase;
			buildActionMask = 2147483647;
			files = (
			);
			inputFileListPaths = (
				"${PODS_ROOT}/Target Support Files/Pods-Shoppinist/Pods-Shoppinist-frameworks-${CONFIGURATION}-input-files.xcfilelist",
			);
			name = "[CP] Embed Pods Frameworks";
			outputFileListPaths = (
				"${PODS_ROOT}/Target Support Files/Pods-Shoppinist/Pods-Shoppinist-frameworks-${CONFIGURATION}-output-files.xcfilelist",
			);
			runOnlyForDeploymentPostprocessing = 0;
			shellPath = /bin/sh;
			shellScript = "\"${PODS_ROOT}/Target Support Files/Pods-Shoppinist/Pods-Shoppinist-frameworks.sh\"\n";
			showEnvVarsInLog = 0;
		};
		FAC068563D5DA69D06967429 /* [CP] Check Pods Manifest.lock */ = {
			isa = PBXShellScriptBuildPhase;
			buildActionMask = 2147483647;
			files = (
			);
			inputFileListPaths = (
			);
			inputPaths = (
				"${PODS_PODFILE_DIR_PATH}/Podfile.lock",
				"${PODS_ROOT}/Manifest.lock",
			);
			name = "[CP] Check Pods Manifest.lock";
			outputFileListPaths = (
			);
			outputPaths = (
				"$(DERIVED_FILE_DIR)/Pods-Shoppinist-checkManifestLockResult.txt",
			);
			runOnlyForDeploymentPostprocessing = 0;
			shellPath = /bin/sh;
			shellScript = "diff \"${PODS_PODFILE_DIR_PATH}/Podfile.lock\" \"${PODS_ROOT}/Manifest.lock\" > /dev/null\nif [ $? != 0 ] ; then\n    # print error to STDERR\n    echo \"error: The sandbox is not in sync with the Podfile.lock. Run 'pod install' or update your CocoaPods installation.\" >&2\n    exit 1\nfi\n# This output is used by Xcode 'outputs' to avoid re-running this script phase.\necho \"SUCCESS\" > \"${SCRIPT_OUTPUT_FILE_0}\"\n";
			showEnvVarsInLog = 0;
		};
/* End PBXShellScriptBuildPhase section */

/* Begin PBXSourcesBuildPhase section */
		C987260E2A27CF0900EB0A40 /* Sources */ = {
			isa = PBXSourcesBuildPhase;
			buildActionMask = 2147483647;
			files = (
				CF7A7A122A2A5218005ADCED /* LoginViewController.swift in Sources */,
				DBBAC2F82A2FD60900A5723B /* ConstantURls.swift in Sources */,
				CF7A7A102A2A50AC005ADCED /* SignUpViewController.swift in Sources */,
				CF96A6B72A2AC4A700AA029A /* LoginViewModel.swift in Sources */,
				DB5D6CE02A2C81B9004BB927 /* AddressViewModel.swift in Sources */,
				C9B2C9E92A28D44200ED8AF8 /* ProductsCollectionViewCell.swift in Sources */,
				C9B2C9E12A2890FB00ED8AF8 /* CouponsCollectionViewCell.swift in Sources */,
				CF5E423E2A2CCC15009A5B56 /* FavLocalDataSource.swift in Sources */,
				DB1B4B3B2A29B32B00DF9D10 /* ContactUsViewController.swift in Sources */,
				C9CF17172A2E13DD00C5F723 /* OrderModuleViewController.swift in Sources */,
				C999112D2A30AFC700EEA6B7 /* OnBoardingSlide.swift in Sources */,
				CFA37DF02A2EDB7200106370 /* DraftModel.swift in Sources */,
				C9B2C9E72A28D41500ED8AF8 /* CategoriesViewController.swift in Sources */,
				CFDFC8CE2A2BE6CA00CDB4D2 /* DetailsCollectionViewCell.swift in Sources */,
				DB4869192A2DAFBE00045739 /* ShoppingCardTableViewCell.swift in Sources */,
				DBBAC2F32A2FD24F00A5723B /* CardNetWorkServices.swift in Sources */,
				CF1F4D542A2A9011006F0E07 /* SignCustomerModel.swift in Sources */,
				CFDFC8C82A2BAB5D00CDB4D2 /* DetailsViewController.swift in Sources */,
				DBAE20992A2C48CE00FD40FE /* AddAddressViewModel.swift in Sources */,
				CFA37DF62A2EDC9500106370 /* DraftOredViewModel.swift in Sources */,
				C987F9612A311E5B008733F4 /* PostOrdersModel.swift in Sources */,
				C930A97E2A2928940071DAD6 /* HomeViewModel.swift in Sources */,
				DBC240052A32A05A00583211 /* PaymentViewController.swift in Sources */,
				CF96A6B42A2ABE4600AA029A /* LoginNetworkService.swift in Sources */,
				C999112A2A30AF8B00EEA6B7 /* OnBoardingCollectionViewCell.swift in Sources */,
				CF7A7A142A2A526E005ADCED /* ChoosingAuthWayViewController.swift in Sources */,
				C987F95B2A310A9A008733F4 /* OrderModel.swift in Sources */,
				DB1B4B342A2981CE00DF9D10 /* SettingViewController.swift in Sources */,
				DBAE209E2A2C4DC100FD40FE /* AddressNetWorkServices.swift in Sources */,
				DBDA3F442A327A9F00A5C15F /* SelectAddressTableViewCell.swift in Sources */,
				CF8828B02A2D01A9001C34A6 /* ProductDetailsDataSource.swift in Sources */,
				DBBAC2F62A2FD28800A5723B /* CardViewModel.swift in Sources */,
				C98726542A27D25200EB0A40 /* Model.swift in Sources */,
				DB4869172A2D9BBE00045739 /* ShoppingCardViewController.swift in Sources */,
				CF04D6B12A2D630700B0B27F /* ProductDetailsModel.swift in Sources */,
				C9A724C52A2A893900B0D37E /* BrandProductsViewController.swift in Sources */,
				C98726502A27D17E00EB0A40 /* LocalDataSource.swift in Sources */,
				CFDFC8CA2A2BAB6C00CDB4D2 /* FavouriteViewController.swift in Sources */,
				CF1F4D5A2A2A9D76006F0E07 /* Utilites.swift in Sources */,
				C98726202A27CF0900EB0A40 /* Shoppinist.xcdatamodeld in Sources */,
				CF1F4D522A2A7EE3006F0E07 /* LoginedCustomerModel.swift in Sources */,
				C987264D2A27D14900EB0A40 /* RemoteDataSource.swift in Sources */,
				CF1F4D572A2A94E3006F0E07 /* SignViewModel.swift in Sources */,
				DBDA3F422A32772F00A5C15F /* SelectAddressViewController.swift in Sources */,
				CFA37DF22A2EDB9D00106370 /* DraftOrderNetworkService.swift in Sources */,
				DB1B4B362A29874300DF9D10 /* MeViewController.swift in Sources */,
				CF5E42412A2CCE44009A5B56 /* FavViewModel.swift in Sources */,
				DBAE209C2A2C48E600FD40FE /* AddressModel.swift in Sources */,
				C9CF17192A2E140900C5F723 /* OrderModuleViewModel.swift in Sources */,
				C9B2C9E52A28936100ED8AF8 /* HomeViewController.swift in Sources */,
				DBFC42D02A2BAEE7005E7F74 /* AddNewAddressViewController.swift in Sources */,
				C987261A2A27CF0900EB0A40 /* ViewController.swift in Sources */,
				C98726162A27CF0900EB0A40 /* AppDelegate.swift in Sources */,
				C930A97B2A2927680071DAD6 /* BrandModel.swift in Sources */,
				C9B2C9E32A28910B00ED8AF8 /* BrandsCollectionViewCell.swift in Sources */,
				DBBAC2F02A2FD20C00A5723B /* CardModel.swift in Sources */,
				C999112F2A30B1E000EEA6B7 /* OnBoardingViewController.swift in Sources */,
				DB1B4B3D2A29C3A300DF9D10 /* ContactUsTableViewCell.swift in Sources */,
				CF1F4D502A2A7D8D006F0E07 /* SignUpNetworkService.swift in Sources */,
				DB6A8CE02A2AFD9F00142BBC /* AboutUsViewController.swift in Sources */,
				DBBAC2FA2A2FE64A00A5723B /* UserDefultManager.swift in Sources */,
				DBFC42C92A2B9C6F005E7F74 /* AddressTableViewCell.swift in Sources */,
				DBFC42C72A2B9974005E7F74 /* AddressViewController.swift in Sources */,
				C94EB6D52A2A9C1E000E7681 /* CategoriesViewModel.swift in Sources */,
				C98726182A27CF0900EB0A40 /* SceneDelegate.swift in Sources */,
				C987F95D2A310B4E008733F4 /* OrderNetworkLayer.swift in Sources */,
				C9A724CA2A2A8E2400B0D37E /* BrandProductsViewModel.swift in Sources */,
				CFDFC8CC2A2BAEFE00CDB4D2 /* FavouriteCollectionViewCell.swift in Sources */,
				C9A724C72A2A8DD400B0D37E /* ProductModel.swift in Sources */,
			);
			runOnlyForDeploymentPostprocessing = 0;
		};
		C98726272A27CF0C00EB0A40 /* Sources */ = {
			isa = PBXSourcesBuildPhase;
			buildActionMask = 2147483647;
			files = (
				C98726302A27CF0C00EB0A40 /* ShoppinistTests.swift in Sources */,
			);
			runOnlyForDeploymentPostprocessing = 0;
		};
		C98726312A27CF0C00EB0A40 /* Sources */ = {
			isa = PBXSourcesBuildPhase;
			buildActionMask = 2147483647;
			files = (
				C987263A2A27CF0C00EB0A40 /* ShoppinistUITests.swift in Sources */,
				C987263C2A27CF0C00EB0A40 /* ShoppinistUITestsLaunchTests.swift in Sources */,
			);
			runOnlyForDeploymentPostprocessing = 0;
		};
/* End PBXSourcesBuildPhase section */

/* Begin PBXTargetDependency section */
		C987262D2A27CF0C00EB0A40 /* PBXTargetDependency */ = {
			isa = PBXTargetDependency;
			target = C98726112A27CF0900EB0A40 /* Shoppinist */;
			targetProxy = C987262C2A27CF0C00EB0A40 /* PBXContainerItemProxy */;
		};
		C98726372A27CF0C00EB0A40 /* PBXTargetDependency */ = {
			isa = PBXTargetDependency;
			target = C98726112A27CF0900EB0A40 /* Shoppinist */;
			targetProxy = C98726362A27CF0C00EB0A40 /* PBXContainerItemProxy */;
		};
/* End PBXTargetDependency section */

/* Begin PBXVariantGroup section */
		C987261B2A27CF0900EB0A40 /* Main.storyboard */ = {
			isa = PBXVariantGroup;
			children = (
				C987261C2A27CF0900EB0A40 /* Base */,
			);
			name = Main.storyboard;
			sourceTree = "<group>";
		};
		C98726232A27CF0C00EB0A40 /* LaunchScreen.storyboard */ = {
			isa = PBXVariantGroup;
			children = (
				C98726242A27CF0C00EB0A40 /* Base */,
			);
			name = LaunchScreen.storyboard;
			sourceTree = "<group>";
		};
/* End PBXVariantGroup section */

/* Begin XCBuildConfiguration section */
		C987263D2A27CF0C00EB0A40 /* Debug */ = {
			isa = XCBuildConfiguration;
			buildSettings = {
				ALWAYS_SEARCH_USER_PATHS = NO;
				CLANG_ANALYZER_NONNULL = YES;
				CLANG_ANALYZER_NUMBER_OBJECT_CONVERSION = YES_AGGRESSIVE;
				CLANG_CXX_LANGUAGE_STANDARD = "gnu++20";
				CLANG_ENABLE_MODULES = YES;
				CLANG_ENABLE_OBJC_ARC = YES;
				CLANG_ENABLE_OBJC_WEAK = YES;
				CLANG_WARN_BLOCK_CAPTURE_AUTORELEASING = YES;
				CLANG_WARN_BOOL_CONVERSION = YES;
				CLANG_WARN_COMMA = YES;
				CLANG_WARN_CONSTANT_CONVERSION = YES;
				CLANG_WARN_DEPRECATED_OBJC_IMPLEMENTATIONS = YES;
				CLANG_WARN_DIRECT_OBJC_ISA_USAGE = YES_ERROR;
				CLANG_WARN_DOCUMENTATION_COMMENTS = YES;
				CLANG_WARN_EMPTY_BODY = YES;
				CLANG_WARN_ENUM_CONVERSION = YES;
				CLANG_WARN_INFINITE_RECURSION = YES;
				CLANG_WARN_INT_CONVERSION = YES;
				CLANG_WARN_NON_LITERAL_NULL_CONVERSION = YES;
				CLANG_WARN_OBJC_IMPLICIT_RETAIN_SELF = YES;
				CLANG_WARN_OBJC_LITERAL_CONVERSION = YES;
				CLANG_WARN_OBJC_ROOT_CLASS = YES_ERROR;
				CLANG_WARN_QUOTED_INCLUDE_IN_FRAMEWORK_HEADER = YES;
				CLANG_WARN_RANGE_LOOP_ANALYSIS = YES;
				CLANG_WARN_STRICT_PROTOTYPES = YES;
				CLANG_WARN_SUSPICIOUS_MOVE = YES;
				CLANG_WARN_UNGUARDED_AVAILABILITY = YES_AGGRESSIVE;
				CLANG_WARN_UNREACHABLE_CODE = YES;
				CLANG_WARN__DUPLICATE_METHOD_MATCH = YES;
				COPY_PHASE_STRIP = NO;
				DEBUG_INFORMATION_FORMAT = dwarf;
				ENABLE_STRICT_OBJC_MSGSEND = YES;
				ENABLE_TESTABILITY = YES;
				GCC_C_LANGUAGE_STANDARD = gnu11;
				GCC_DYNAMIC_NO_PIC = NO;
				GCC_NO_COMMON_BLOCKS = YES;
				GCC_OPTIMIZATION_LEVEL = 0;
				GCC_PREPROCESSOR_DEFINITIONS = (
					"DEBUG=1",
					"$(inherited)",
				);
				GCC_WARN_64_TO_32_BIT_CONVERSION = YES;
				GCC_WARN_ABOUT_RETURN_TYPE = YES_ERROR;
				GCC_WARN_UNDECLARED_SELECTOR = YES;
				GCC_WARN_UNINITIALIZED_AUTOS = YES_AGGRESSIVE;
				GCC_WARN_UNUSED_FUNCTION = YES;
				GCC_WARN_UNUSED_VARIABLE = YES;
				IPHONEOS_DEPLOYMENT_TARGET = 16.2;
				MTL_ENABLE_DEBUG_INFO = INCLUDE_SOURCE;
				MTL_FAST_MATH = YES;
				ONLY_ACTIVE_ARCH = YES;
				SDKROOT = iphoneos;
				SWIFT_ACTIVE_COMPILATION_CONDITIONS = DEBUG;
				SWIFT_OPTIMIZATION_LEVEL = "-Onone";
			};
			name = Debug;
		};
		C987263E2A27CF0C00EB0A40 /* Release */ = {
			isa = XCBuildConfiguration;
			buildSettings = {
				ALWAYS_SEARCH_USER_PATHS = NO;
				CLANG_ANALYZER_NONNULL = YES;
				CLANG_ANALYZER_NUMBER_OBJECT_CONVERSION = YES_AGGRESSIVE;
				CLANG_CXX_LANGUAGE_STANDARD = "gnu++20";
				CLANG_ENABLE_MODULES = YES;
				CLANG_ENABLE_OBJC_ARC = YES;
				CLANG_ENABLE_OBJC_WEAK = YES;
				CLANG_WARN_BLOCK_CAPTURE_AUTORELEASING = YES;
				CLANG_WARN_BOOL_CONVERSION = YES;
				CLANG_WARN_COMMA = YES;
				CLANG_WARN_CONSTANT_CONVERSION = YES;
				CLANG_WARN_DEPRECATED_OBJC_IMPLEMENTATIONS = YES;
				CLANG_WARN_DIRECT_OBJC_ISA_USAGE = YES_ERROR;
				CLANG_WARN_DOCUMENTATION_COMMENTS = YES;
				CLANG_WARN_EMPTY_BODY = YES;
				CLANG_WARN_ENUM_CONVERSION = YES;
				CLANG_WARN_INFINITE_RECURSION = YES;
				CLANG_WARN_INT_CONVERSION = YES;
				CLANG_WARN_NON_LITERAL_NULL_CONVERSION = YES;
				CLANG_WARN_OBJC_IMPLICIT_RETAIN_SELF = YES;
				CLANG_WARN_OBJC_LITERAL_CONVERSION = YES;
				CLANG_WARN_OBJC_ROOT_CLASS = YES_ERROR;
				CLANG_WARN_QUOTED_INCLUDE_IN_FRAMEWORK_HEADER = YES;
				CLANG_WARN_RANGE_LOOP_ANALYSIS = YES;
				CLANG_WARN_STRICT_PROTOTYPES = YES;
				CLANG_WARN_SUSPICIOUS_MOVE = YES;
				CLANG_WARN_UNGUARDED_AVAILABILITY = YES_AGGRESSIVE;
				CLANG_WARN_UNREACHABLE_CODE = YES;
				CLANG_WARN__DUPLICATE_METHOD_MATCH = YES;
				COPY_PHASE_STRIP = NO;
				DEBUG_INFORMATION_FORMAT = "dwarf-with-dsym";
				ENABLE_NS_ASSERTIONS = NO;
				ENABLE_STRICT_OBJC_MSGSEND = YES;
				GCC_C_LANGUAGE_STANDARD = gnu11;
				GCC_NO_COMMON_BLOCKS = YES;
				GCC_WARN_64_TO_32_BIT_CONVERSION = YES;
				GCC_WARN_ABOUT_RETURN_TYPE = YES_ERROR;
				GCC_WARN_UNDECLARED_SELECTOR = YES;
				GCC_WARN_UNINITIALIZED_AUTOS = YES_AGGRESSIVE;
				GCC_WARN_UNUSED_FUNCTION = YES;
				GCC_WARN_UNUSED_VARIABLE = YES;
				IPHONEOS_DEPLOYMENT_TARGET = 16.2;
				MTL_ENABLE_DEBUG_INFO = NO;
				MTL_FAST_MATH = YES;
				SDKROOT = iphoneos;
				SWIFT_COMPILATION_MODE = wholemodule;
				SWIFT_OPTIMIZATION_LEVEL = "-O";
				VALIDATE_PRODUCT = YES;
			};
			name = Release;
		};
		C98726402A27CF0C00EB0A40 /* Debug */ = {
			isa = XCBuildConfiguration;
			baseConfigurationReference = 2A42FD70A243F0AC004C0D5B /* Pods-Shoppinist.debug.xcconfig */;
			buildSettings = {
				ASSETCATALOG_COMPILER_APPICON_NAME = AppIcon;
				ASSETCATALOG_COMPILER_GLOBAL_ACCENT_COLOR_NAME = AccentColor;
				CODE_SIGN_ENTITLEMENTS = Shoppinist/Shoppinist.entitlements;
				CODE_SIGN_STYLE = Automatic;
				CURRENT_PROJECT_VERSION = 1;
				DEVELOPMENT_TEAM = "";
				GENERATE_INFOPLIST_FILE = YES;
				INFOPLIST_FILE = Shoppinist/Info.plist;
				INFOPLIST_KEY_UIApplicationSupportsIndirectInputEvents = YES;
				INFOPLIST_KEY_UILaunchStoryboardName = LaunchScreen;
				INFOPLIST_KEY_UIMainStoryboardFile = Main;
				INFOPLIST_KEY_UISupportedInterfaceOrientations_iPad = "UIInterfaceOrientationPortrait UIInterfaceOrientationPortraitUpsideDown UIInterfaceOrientationLandscapeLeft UIInterfaceOrientationLandscapeRight";
				INFOPLIST_KEY_UISupportedInterfaceOrientations_iPhone = "UIInterfaceOrientationPortrait UIInterfaceOrientationLandscapeLeft UIInterfaceOrientationLandscapeRight";
				LD_RUNPATH_SEARCH_PATHS = (
					"$(inherited)",
					"@executable_path/Frameworks",
				);
				MARKETING_VERSION = 1.0;
				PRODUCT_BUNDLE_IDENTIFIER = Swift.Shoppinist;
				PRODUCT_NAME = "$(TARGET_NAME)";
				SWIFT_EMIT_LOC_STRINGS = YES;
				SWIFT_VERSION = 5.0;
				TARGETED_DEVICE_FAMILY = "1,2";
			};
			name = Debug;
		};
		C98726412A27CF0C00EB0A40 /* Release */ = {
			isa = XCBuildConfiguration;
			baseConfigurationReference = B388E8610DD2F414054C502D /* Pods-Shoppinist.release.xcconfig */;
			buildSettings = {
				ASSETCATALOG_COMPILER_APPICON_NAME = AppIcon;
				ASSETCATALOG_COMPILER_GLOBAL_ACCENT_COLOR_NAME = AccentColor;
				CODE_SIGN_ENTITLEMENTS = Shoppinist/Shoppinist.entitlements;
				CODE_SIGN_STYLE = Automatic;
				CURRENT_PROJECT_VERSION = 1;
				DEVELOPMENT_TEAM = "";
				GENERATE_INFOPLIST_FILE = YES;
				INFOPLIST_FILE = Shoppinist/Info.plist;
				INFOPLIST_KEY_UIApplicationSupportsIndirectInputEvents = YES;
				INFOPLIST_KEY_UILaunchStoryboardName = LaunchScreen;
				INFOPLIST_KEY_UIMainStoryboardFile = Main;
				INFOPLIST_KEY_UISupportedInterfaceOrientations_iPad = "UIInterfaceOrientationPortrait UIInterfaceOrientationPortraitUpsideDown UIInterfaceOrientationLandscapeLeft UIInterfaceOrientationLandscapeRight";
				INFOPLIST_KEY_UISupportedInterfaceOrientations_iPhone = "UIInterfaceOrientationPortrait UIInterfaceOrientationLandscapeLeft UIInterfaceOrientationLandscapeRight";
				LD_RUNPATH_SEARCH_PATHS = (
					"$(inherited)",
					"@executable_path/Frameworks",
				);
				MARKETING_VERSION = 1.0;
				PRODUCT_BUNDLE_IDENTIFIER = Swift.Shoppinist;
				PRODUCT_NAME = "$(TARGET_NAME)";
				SWIFT_EMIT_LOC_STRINGS = YES;
				SWIFT_VERSION = 5.0;
				TARGETED_DEVICE_FAMILY = "1,2";
			};
			name = Release;
		};
		C98726432A27CF0C00EB0A40 /* Debug */ = {
			isa = XCBuildConfiguration;
			baseConfigurationReference = 3C37CE881EB25154840C981C /* Pods-ShoppinistTests.debug.xcconfig */;
			buildSettings = {
				ALWAYS_EMBED_SWIFT_STANDARD_LIBRARIES = YES;
				BUNDLE_LOADER = "$(TEST_HOST)";
				CODE_SIGN_STYLE = Automatic;
				CURRENT_PROJECT_VERSION = 1;
				GENERATE_INFOPLIST_FILE = YES;
				IPHONEOS_DEPLOYMENT_TARGET = 16.2;
				MARKETING_VERSION = 1.0;
				PRODUCT_BUNDLE_IDENTIFIER = Swift.ShoppinistTests;
				PRODUCT_NAME = "$(TARGET_NAME)";
				SWIFT_EMIT_LOC_STRINGS = NO;
				SWIFT_VERSION = 5.0;
				TARGETED_DEVICE_FAMILY = "1,2";
				TEST_HOST = "$(BUILT_PRODUCTS_DIR)/Shoppinist.app/$(BUNDLE_EXECUTABLE_FOLDER_PATH)/Shoppinist";
			};
			name = Debug;
		};
		C98726442A27CF0C00EB0A40 /* Release */ = {
			isa = XCBuildConfiguration;
			baseConfigurationReference = FF480C7AA20DA2D324C41217 /* Pods-ShoppinistTests.release.xcconfig */;
			buildSettings = {
				ALWAYS_EMBED_SWIFT_STANDARD_LIBRARIES = YES;
				BUNDLE_LOADER = "$(TEST_HOST)";
				CODE_SIGN_STYLE = Automatic;
				CURRENT_PROJECT_VERSION = 1;
				GENERATE_INFOPLIST_FILE = YES;
				IPHONEOS_DEPLOYMENT_TARGET = 16.2;
				MARKETING_VERSION = 1.0;
				PRODUCT_BUNDLE_IDENTIFIER = Swift.ShoppinistTests;
				PRODUCT_NAME = "$(TARGET_NAME)";
				SWIFT_EMIT_LOC_STRINGS = NO;
				SWIFT_VERSION = 5.0;
				TARGETED_DEVICE_FAMILY = "1,2";
				TEST_HOST = "$(BUILT_PRODUCTS_DIR)/Shoppinist.app/$(BUNDLE_EXECUTABLE_FOLDER_PATH)/Shoppinist";
			};
			name = Release;
		};
		C98726462A27CF0C00EB0A40 /* Debug */ = {
			isa = XCBuildConfiguration;
			baseConfigurationReference = C54958C093B8786E2AB2788F /* Pods-Shoppinist-ShoppinistUITests.debug.xcconfig */;
			buildSettings = {
				ALWAYS_EMBED_SWIFT_STANDARD_LIBRARIES = YES;
				CODE_SIGN_STYLE = Automatic;
				CURRENT_PROJECT_VERSION = 1;
				GENERATE_INFOPLIST_FILE = YES;
				MARKETING_VERSION = 1.0;
				PRODUCT_BUNDLE_IDENTIFIER = Swift.ShoppinistUITests;
				PRODUCT_NAME = "$(TARGET_NAME)";
				SWIFT_EMIT_LOC_STRINGS = NO;
				SWIFT_VERSION = 5.0;
				TARGETED_DEVICE_FAMILY = "1,2";
				TEST_TARGET_NAME = Shoppinist;
			};
			name = Debug;
		};
		C98726472A27CF0C00EB0A40 /* Release */ = {
			isa = XCBuildConfiguration;
			baseConfigurationReference = 47516EFCF716FE794DD6A3C3 /* Pods-Shoppinist-ShoppinistUITests.release.xcconfig */;
			buildSettings = {
				ALWAYS_EMBED_SWIFT_STANDARD_LIBRARIES = YES;
				CODE_SIGN_STYLE = Automatic;
				CURRENT_PROJECT_VERSION = 1;
				GENERATE_INFOPLIST_FILE = YES;
				MARKETING_VERSION = 1.0;
				PRODUCT_BUNDLE_IDENTIFIER = Swift.ShoppinistUITests;
				PRODUCT_NAME = "$(TARGET_NAME)";
				SWIFT_EMIT_LOC_STRINGS = NO;
				SWIFT_VERSION = 5.0;
				TARGETED_DEVICE_FAMILY = "1,2";
				TEST_TARGET_NAME = Shoppinist;
			};
			name = Release;
		};
/* End XCBuildConfiguration section */

/* Begin XCConfigurationList section */
		C987260D2A27CF0900EB0A40 /* Build configuration list for PBXProject "Shoppinist" */ = {
			isa = XCConfigurationList;
			buildConfigurations = (
				C987263D2A27CF0C00EB0A40 /* Debug */,
				C987263E2A27CF0C00EB0A40 /* Release */,
			);
			defaultConfigurationIsVisible = 0;
			defaultConfigurationName = Release;
		};
		C987263F2A27CF0C00EB0A40 /* Build configuration list for PBXNativeTarget "Shoppinist" */ = {
			isa = XCConfigurationList;
			buildConfigurations = (
				C98726402A27CF0C00EB0A40 /* Debug */,
				C98726412A27CF0C00EB0A40 /* Release */,
			);
			defaultConfigurationIsVisible = 0;
			defaultConfigurationName = Release;
		};
		C98726422A27CF0C00EB0A40 /* Build configuration list for PBXNativeTarget "ShoppinistTests" */ = {
			isa = XCConfigurationList;
			buildConfigurations = (
				C98726432A27CF0C00EB0A40 /* Debug */,
				C98726442A27CF0C00EB0A40 /* Release */,
			);
			defaultConfigurationIsVisible = 0;
			defaultConfigurationName = Release;
		};
		C98726452A27CF0C00EB0A40 /* Build configuration list for PBXNativeTarget "ShoppinistUITests" */ = {
			isa = XCConfigurationList;
			buildConfigurations = (
				C98726462A27CF0C00EB0A40 /* Debug */,
				C98726472A27CF0C00EB0A40 /* Release */,
			);
			defaultConfigurationIsVisible = 0;
			defaultConfigurationName = Release;
		};
/* End XCConfigurationList section */

/* Begin XCVersionGroup section */
		C987261E2A27CF0900EB0A40 /* Shoppinist.xcdatamodeld */ = {
			isa = XCVersionGroup;
			children = (
				C987261F2A27CF0900EB0A40 /* Shoppinist.xcdatamodel */,
			);
			currentVersion = C987261F2A27CF0900EB0A40 /* Shoppinist.xcdatamodel */;
			path = Shoppinist.xcdatamodeld;
			sourceTree = "<group>";
			versionGroupType = wrapper.xcdatamodel;
		};
/* End XCVersionGroup section */
	};
	rootObject = C987260A2A27CF0900EB0A40 /* Project object */;
}
