// !$*UTF8*$!
{
	archiveVersion = 1;
	classes = {
	};
	objectVersion = 56;
	objects = {

/* Begin PBXBuildFile section */
		69BBF2357126C2E1FE5043B2 /* Pods_ShoppinistTests.framework in Frameworks */ = {isa = PBXBuildFile; fileRef = F1086DC2D32699D525F554BF /* Pods_ShoppinistTests.framework */; };
		9EA66756829F561A1A69A388 /* Pods_Shoppinist_ShoppinistUITests.framework in Frameworks */ = {isa = PBXBuildFile; fileRef = DA384CE02747DA53E3D18AB2 /* Pods_Shoppinist_ShoppinistUITests.framework */; };
		C98726162A27CF0900EB0A40 /* AppDelegate.swift in Sources */ = {isa = PBXBuildFile; fileRef = C98726152A27CF0900EB0A40 /* AppDelegate.swift */; };
		C98726182A27CF0900EB0A40 /* SceneDelegate.swift in Sources */ = {isa = PBXBuildFile; fileRef = C98726172A27CF0900EB0A40 /* SceneDelegate.swift */; };
		C987261A2A27CF0900EB0A40 /* ViewController.swift in Sources */ = {isa = PBXBuildFile; fileRef = C98726192A27CF0900EB0A40 /* ViewController.swift */; };
		C987261D2A27CF0900EB0A40 /* Main.storyboard in Resources */ = {isa = PBXBuildFile; fileRef = C987261B2A27CF0900EB0A40 /* Main.storyboard */; };
		C98726202A27CF0900EB0A40 /* Shoppinist.xcdatamodeld in Sources */ = {isa = PBXBuildFile; fileRef = C987261E2A27CF0900EB0A40 /* Shoppinist.xcdatamodeld */; };
		C98726222A27CF0B00EB0A40 /* Assets.xcassets in Resources */ = {isa = PBXBuildFile; fileRef = C98726212A27CF0B00EB0A40 /* Assets.xcassets */; };
		C98726252A27CF0C00EB0A40 /* LaunchScreen.storyboard in Resources */ = {isa = PBXBuildFile; fileRef = C98726232A27CF0C00EB0A40 /* LaunchScreen.storyboard */; };
		C98726302A27CF0C00EB0A40 /* ShoppinistTests.swift in Sources */ = {isa = PBXBuildFile; fileRef = C987262F2A27CF0C00EB0A40 /* ShoppinistTests.swift */; };
		C987263A2A27CF0C00EB0A40 /* ShoppinistUITests.swift in Sources */ = {isa = PBXBuildFile; fileRef = C98726392A27CF0C00EB0A40 /* ShoppinistUITests.swift */; };
		C987263C2A27CF0C00EB0A40 /* ShoppinistUITestsLaunchTests.swift in Sources */ = {isa = PBXBuildFile; fileRef = C987263B2A27CF0C00EB0A40 /* ShoppinistUITestsLaunchTests.swift */; };
		C987264D2A27D14900EB0A40 /* RemoteDataSource.swift in Sources */ = {isa = PBXBuildFile; fileRef = C987264C2A27D14900EB0A40 /* RemoteDataSource.swift */; };
		C98726502A27D17E00EB0A40 /* LocalDataSource.swift in Sources */ = {isa = PBXBuildFile; fileRef = C987264F2A27D17E00EB0A40 /* LocalDataSource.swift */; };
		C98726542A27D25200EB0A40 /* Model.swift in Sources */ = {isa = PBXBuildFile; fileRef = C98726532A27D25200EB0A40 /* Model.swift */; };
		C987265C2A27DDB900EB0A40 /* HomeStoryboard.storyboard in Resources */ = {isa = PBXBuildFile; fileRef = C987265B2A27DDB900EB0A40 /* HomeStoryboard.storyboard */; };
		C987265F2A27DE1A00EB0A40 /* MeStoryboard.storyboard in Resources */ = {isa = PBXBuildFile; fileRef = C987265E2A27DE1A00EB0A40 /* MeStoryboard.storyboard */; };
		C98726622A27DE6200EB0A40 /* CategoriesStoryboard.storyboard in Resources */ = {isa = PBXBuildFile; fileRef = C98726612A27DE6200EB0A40 /* CategoriesStoryboard.storyboard */; };
		C9B2C9E12A2890FB00ED8AF8 /* CouponsCollectionViewCell.swift in Sources */ = {isa = PBXBuildFile; fileRef = C9B2C9E02A2890FB00ED8AF8 /* CouponsCollectionViewCell.swift */; };
		C9B2C9E32A28910B00ED8AF8 /* BrandsCollectionViewCell.swift in Sources */ = {isa = PBXBuildFile; fileRef = C9B2C9E22A28910B00ED8AF8 /* BrandsCollectionViewCell.swift */; };
		C9B2C9E52A28936100ED8AF8 /* HomeViewController.swift in Sources */ = {isa = PBXBuildFile; fileRef = C9B2C9E42A28936100ED8AF8 /* HomeViewController.swift */; };
		C9B2C9E72A28D41500ED8AF8 /* CategoriesViewController.swift in Sources */ = {isa = PBXBuildFile; fileRef = C9B2C9E62A28D41500ED8AF8 /* CategoriesViewController.swift */; };
		C9B2C9E92A28D44200ED8AF8 /* ProductsCollectionViewCell.swift in Sources */ = {isa = PBXBuildFile; fileRef = C9B2C9E82A28D44200ED8AF8 /* ProductsCollectionViewCell.swift */; };
		CB6F6533280A42DD5F4991A6 /* Pods_Shoppinist.framework in Frameworks */ = {isa = PBXBuildFile; fileRef = 5591C8E38B0EB944B4CF55CA /* Pods_Shoppinist.framework */; };
		DB1B4B322A29819900DF9D10 /* Setting.storyboard in Resources */ = {isa = PBXBuildFile; fileRef = DB1B4B312A29819900DF9D10 /* Setting.storyboard */; };
		DB1B4B342A2981CE00DF9D10 /* SettingViewController.swift in Sources */ = {isa = PBXBuildFile; fileRef = DB1B4B332A2981CE00DF9D10 /* SettingViewController.swift */; };
		DB1B4B362A29874300DF9D10 /* MeViewController.swift in Sources */ = {isa = PBXBuildFile; fileRef = DB1B4B352A29874300DF9D10 /* MeViewController.swift */; };
/* End PBXBuildFile section */

/* Begin PBXContainerItemProxy section */
		C987262C2A27CF0C00EB0A40 /* PBXContainerItemProxy */ = {
			isa = PBXContainerItemProxy;
			containerPortal = C987260A2A27CF0900EB0A40 /* Project object */;
			proxyType = 1;
			remoteGlobalIDString = C98726112A27CF0900EB0A40;
			remoteInfo = Shoppinist;
		};
		C98726362A27CF0C00EB0A40 /* PBXContainerItemProxy */ = {
			isa = PBXContainerItemProxy;
			containerPortal = C987260A2A27CF0900EB0A40 /* Project object */;
			proxyType = 1;
			remoteGlobalIDString = C98726112A27CF0900EB0A40;
			remoteInfo = Shoppinist;
		};
/* End PBXContainerItemProxy section */

/* Begin PBXFileReference section */
		2A42FD70A243F0AC004C0D5B /* Pods-Shoppinist.debug.xcconfig */ = {isa = PBXFileReference; includeInIndex = 1; lastKnownFileType = text.xcconfig; name = "Pods-Shoppinist.debug.xcconfig"; path = "Target Support Files/Pods-Shoppinist/Pods-Shoppinist.debug.xcconfig"; sourceTree = "<group>"; };
		3C37CE881EB25154840C981C /* Pods-ShoppinistTests.debug.xcconfig */ = {isa = PBXFileReference; includeInIndex = 1; lastKnownFileType = text.xcconfig; name = "Pods-ShoppinistTests.debug.xcconfig"; path = "Target Support Files/Pods-ShoppinistTests/Pods-ShoppinistTests.debug.xcconfig"; sourceTree = "<group>"; };
		47516EFCF716FE794DD6A3C3 /* Pods-Shoppinist-ShoppinistUITests.release.xcconfig */ = {isa = PBXFileReference; includeInIndex = 1; lastKnownFileType = text.xcconfig; name = "Pods-Shoppinist-ShoppinistUITests.release.xcconfig"; path = "Target Support Files/Pods-Shoppinist-ShoppinistUITests/Pods-Shoppinist-ShoppinistUITests.release.xcconfig"; sourceTree = "<group>"; };
		5591C8E38B0EB944B4CF55CA /* Pods_Shoppinist.framework */ = {isa = PBXFileReference; explicitFileType = wrapper.framework; includeInIndex = 0; path = Pods_Shoppinist.framework; sourceTree = BUILT_PRODUCTS_DIR; };
		B388E8610DD2F414054C502D /* Pods-Shoppinist.release.xcconfig */ = {isa = PBXFileReference; includeInIndex = 1; lastKnownFileType = text.xcconfig; name = "Pods-Shoppinist.release.xcconfig"; path = "Target Support Files/Pods-Shoppinist/Pods-Shoppinist.release.xcconfig"; sourceTree = "<group>"; };
		C54958C093B8786E2AB2788F /* Pods-Shoppinist-ShoppinistUITests.debug.xcconfig */ = {isa = PBXFileReference; includeInIndex = 1; lastKnownFileType = text.xcconfig; name = "Pods-Shoppinist-ShoppinistUITests.debug.xcconfig"; path = "Target Support Files/Pods-Shoppinist-ShoppinistUITests/Pods-Shoppinist-ShoppinistUITests.debug.xcconfig"; sourceTree = "<group>"; };
		C98726122A27CF0900EB0A40 /* Shoppinist.app */ = {isa = PBXFileReference; explicitFileType = wrapper.application; includeInIndex = 0; path = Shoppinist.app; sourceTree = BUILT_PRODUCTS_DIR; };
		C98726152A27CF0900EB0A40 /* AppDelegate.swift */ = {isa = PBXFileReference; lastKnownFileType = sourcecode.swift; path = AppDelegate.swift; sourceTree = "<group>"; };
		C98726172A27CF0900EB0A40 /* SceneDelegate.swift */ = {isa = PBXFileReference; lastKnownFileType = sourcecode.swift; path = SceneDelegate.swift; sourceTree = "<group>"; };
		C98726192A27CF0900EB0A40 /* ViewController.swift */ = {isa = PBXFileReference; lastKnownFileType = sourcecode.swift; path = ViewController.swift; sourceTree = "<group>"; };
		C987261C2A27CF0900EB0A40 /* Base */ = {isa = PBXFileReference; lastKnownFileType = file.storyboard; name = Base; path = Base.lproj/Main.storyboard; sourceTree = "<group>"; };
		C987261F2A27CF0900EB0A40 /* Shoppinist.xcdatamodel */ = {isa = PBXFileReference; lastKnownFileType = wrapper.xcdatamodel; path = Shoppinist.xcdatamodel; sourceTree = "<group>"; };
		C98726212A27CF0B00EB0A40 /* Assets.xcassets */ = {isa = PBXFileReference; lastKnownFileType = folder.assetcatalog; path = Assets.xcassets; sourceTree = "<group>"; };
		C98726242A27CF0C00EB0A40 /* Base */ = {isa = PBXFileReference; lastKnownFileType = file.storyboard; name = Base; path = Base.lproj/LaunchScreen.storyboard; sourceTree = "<group>"; };
		C98726262A27CF0C00EB0A40 /* Info.plist */ = {isa = PBXFileReference; lastKnownFileType = text.plist.xml; path = Info.plist; sourceTree = "<group>"; };
		C987262B2A27CF0C00EB0A40 /* ShoppinistTests.xctest */ = {isa = PBXFileReference; explicitFileType = wrapper.cfbundle; includeInIndex = 0; path = ShoppinistTests.xctest; sourceTree = BUILT_PRODUCTS_DIR; };
		C987262F2A27CF0C00EB0A40 /* ShoppinistTests.swift */ = {isa = PBXFileReference; lastKnownFileType = sourcecode.swift; path = ShoppinistTests.swift; sourceTree = "<group>"; };
		C98726352A27CF0C00EB0A40 /* ShoppinistUITests.xctest */ = {isa = PBXFileReference; explicitFileType = wrapper.cfbundle; includeInIndex = 0; path = ShoppinistUITests.xctest; sourceTree = BUILT_PRODUCTS_DIR; };
		C98726392A27CF0C00EB0A40 /* ShoppinistUITests.swift */ = {isa = PBXFileReference; lastKnownFileType = sourcecode.swift; path = ShoppinistUITests.swift; sourceTree = "<group>"; };
		C987263B2A27CF0C00EB0A40 /* ShoppinistUITestsLaunchTests.swift */ = {isa = PBXFileReference; lastKnownFileType = sourcecode.swift; path = ShoppinistUITestsLaunchTests.swift; sourceTree = "<group>"; };
		C987264C2A27D14900EB0A40 /* RemoteDataSource.swift */ = {isa = PBXFileReference; lastKnownFileType = sourcecode.swift; path = RemoteDataSource.swift; sourceTree = "<group>"; };
		C987264F2A27D17E00EB0A40 /* LocalDataSource.swift */ = {isa = PBXFileReference; lastKnownFileType = sourcecode.swift; path = LocalDataSource.swift; sourceTree = "<group>"; };
		C98726532A27D25200EB0A40 /* Model.swift */ = {isa = PBXFileReference; lastKnownFileType = sourcecode.swift; path = Model.swift; sourceTree = "<group>"; };
		C987265B2A27DDB900EB0A40 /* HomeStoryboard.storyboard */ = {isa = PBXFileReference; lastKnownFileType = file.storyboard; path = HomeStoryboard.storyboard; sourceTree = "<group>"; };
		C987265E2A27DE1A00EB0A40 /* MeStoryboard.storyboard */ = {isa = PBXFileReference; lastKnownFileType = file.storyboard; path = MeStoryboard.storyboard; sourceTree = "<group>"; };
		C98726612A27DE6200EB0A40 /* CategoriesStoryboard.storyboard */ = {isa = PBXFileReference; lastKnownFileType = file.storyboard; path = CategoriesStoryboard.storyboard; sourceTree = "<group>"; };
		C9B2C9E02A2890FB00ED8AF8 /* CouponsCollectionViewCell.swift */ = {isa = PBXFileReference; lastKnownFileType = sourcecode.swift; path = CouponsCollectionViewCell.swift; sourceTree = "<group>"; };
		C9B2C9E22A28910B00ED8AF8 /* BrandsCollectionViewCell.swift */ = {isa = PBXFileReference; lastKnownFileType = sourcecode.swift; path = BrandsCollectionViewCell.swift; sourceTree = "<group>"; };
		C9B2C9E42A28936100ED8AF8 /* HomeViewController.swift */ = {isa = PBXFileReference; lastKnownFileType = sourcecode.swift; path = HomeViewController.swift; sourceTree = "<group>"; };
		C9B2C9E62A28D41500ED8AF8 /* CategoriesViewController.swift */ = {isa = PBXFileReference; lastKnownFileType = sourcecode.swift; path = CategoriesViewController.swift; sourceTree = "<group>"; };
		C9B2C9E82A28D44200ED8AF8 /* ProductsCollectionViewCell.swift */ = {isa = PBXFileReference; lastKnownFileType = sourcecode.swift; path = ProductsCollectionViewCell.swift; sourceTree = "<group>"; };
		DA384CE02747DA53E3D18AB2 /* Pods_Shoppinist_ShoppinistUITests.framework */ = {isa = PBXFileReference; explicitFileType = wrapper.framework; includeInIndex = 0; path = Pods_Shoppinist_ShoppinistUITests.framework; sourceTree = BUILT_PRODUCTS_DIR; };
		DB1B4B312A29819900DF9D10 /* Setting.storyboard */ = {isa = PBXFileReference; lastKnownFileType = file.storyboard; path = Setting.storyboard; sourceTree = "<group>"; };
		DB1B4B332A2981CE00DF9D10 /* SettingViewController.swift */ = {isa = PBXFileReference; lastKnownFileType = sourcecode.swift; path = SettingViewController.swift; sourceTree = "<group>"; };
		DB1B4B352A29874300DF9D10 /* MeViewController.swift */ = {isa = PBXFileReference; lastKnownFileType = sourcecode.swift; path = MeViewController.swift; sourceTree = "<group>"; };
		F1086DC2D32699D525F554BF /* Pods_ShoppinistTests.framework */ = {isa = PBXFileReference; explicitFileType = wrapper.framework; includeInIndex = 0; path = Pods_ShoppinistTests.framework; sourceTree = BUILT_PRODUCTS_DIR; };
		FF480C7AA20DA2D324C41217 /* Pods-ShoppinistTests.release.xcconfig */ = {isa = PBXFileReference; includeInIndex = 1; lastKnownFileType = text.xcconfig; name = "Pods-ShoppinistTests.release.xcconfig"; path = "Target Support Files/Pods-ShoppinistTests/Pods-ShoppinistTests.release.xcconfig"; sourceTree = "<group>"; };
/* End PBXFileReference section */

/* Begin PBXFrameworksBuildPhase section */
		C987260F2A27CF0900EB0A40 /* Frameworks */ = {
			isa = PBXFrameworksBuildPhase;
			buildActionMask = 2147483647;
			files = (
				CB6F6533280A42DD5F4991A6 /* Pods_Shoppinist.framework in Frameworks */,
			);
			runOnlyForDeploymentPostprocessing = 0;
		};
		C98726282A27CF0C00EB0A40 /* Frameworks */ = {
			isa = PBXFrameworksBuildPhase;
			buildActionMask = 2147483647;
			files = (
				69BBF2357126C2E1FE5043B2 /* Pods_ShoppinistTests.framework in Frameworks */,
			);
			runOnlyForDeploymentPostprocessing = 0;
		};
		C98726322A27CF0C00EB0A40 /* Frameworks */ = {
			isa = PBXFrameworksBuildPhase;
			buildActionMask = 2147483647;
			files = (
				9EA66756829F561A1A69A388 /* Pods_Shoppinist_ShoppinistUITests.framework in Frameworks */,
			);
			runOnlyForDeploymentPostprocessing = 0;
		};
/* End PBXFrameworksBuildPhase section */

/* Begin PBXGroup section */
		24FC8A52A33122564DB0D418 /* Pods */ = {
			isa = PBXGroup;
			children = (
				2A42FD70A243F0AC004C0D5B /* Pods-Shoppinist.debug.xcconfig */,
				B388E8610DD2F414054C502D /* Pods-Shoppinist.release.xcconfig */,
				C54958C093B8786E2AB2788F /* Pods-Shoppinist-ShoppinistUITests.debug.xcconfig */,
				47516EFCF716FE794DD6A3C3 /* Pods-Shoppinist-ShoppinistUITests.release.xcconfig */,
				3C37CE881EB25154840C981C /* Pods-ShoppinistTests.debug.xcconfig */,
				FF480C7AA20DA2D324C41217 /* Pods-ShoppinistTests.release.xcconfig */,
			);
			path = Pods;
			sourceTree = "<group>";
		};
		BBB62C11146B133AD363437E /* Frameworks */ = {
			isa = PBXGroup;
			children = (
				5591C8E38B0EB944B4CF55CA /* Pods_Shoppinist.framework */,
				DA384CE02747DA53E3D18AB2 /* Pods_Shoppinist_ShoppinistUITests.framework */,
				F1086DC2D32699D525F554BF /* Pods_ShoppinistTests.framework */,
			);
			name = Frameworks;
			sourceTree = "<group>";
		};
		C98726092A27CF0900EB0A40 = {
			isa = PBXGroup;
			children = (
				C98726142A27CF0900EB0A40 /* Shoppinist */,
				C987262E2A27CF0C00EB0A40 /* ShoppinistTests */,
				C98726382A27CF0C00EB0A40 /* ShoppinistUITests */,
				C98726132A27CF0900EB0A40 /* Products */,
				24FC8A52A33122564DB0D418 /* Pods */,
				BBB62C11146B133AD363437E /* Frameworks */,
			);
			sourceTree = "<group>";
		};
		C98726132A27CF0900EB0A40 /* Products */ = {
			isa = PBXGroup;
			children = (
				C98726122A27CF0900EB0A40 /* Shoppinist.app */,
				C987262B2A27CF0C00EB0A40 /* ShoppinistTests.xctest */,
				C98726352A27CF0C00EB0A40 /* ShoppinistUITests.xctest */,
			);
			name = Products;
			sourceTree = "<group>";
		};
		C98726142A27CF0900EB0A40 /* Shoppinist */ = {
			isa = PBXGroup;
			children = (
				C98726522A27D1D300EB0A40 /* GenericViews */,
				C987264A2A27D0DB00EB0A40 /* Services */,
				C98726492A27D0C400EB0A40 /* Modules */,
				C98726482A27D0BB00EB0A40 /* Model */,
				C98726212A27CF0B00EB0A40 /* Assets.xcassets */,
				C98726262A27CF0C00EB0A40 /* Info.plist */,
				C987261E2A27CF0900EB0A40 /* Shoppinist.xcdatamodeld */,
			);
			path = Shoppinist;
			sourceTree = "<group>";
		};
		C987262E2A27CF0C00EB0A40 /* ShoppinistTests */ = {
			isa = PBXGroup;
			children = (
				C987262F2A27CF0C00EB0A40 /* ShoppinistTests.swift */,
			);
			path = ShoppinistTests;
			sourceTree = "<group>";
		};
		C98726382A27CF0C00EB0A40 /* ShoppinistUITests */ = {
			isa = PBXGroup;
			children = (
				C98726392A27CF0C00EB0A40 /* ShoppinistUITests.swift */,
				C987263B2A27CF0C00EB0A40 /* ShoppinistUITestsLaunchTests.swift */,
			);
			path = ShoppinistUITests;
			sourceTree = "<group>";
		};
		C98726482A27D0BB00EB0A40 /* Model */ = {
			isa = PBXGroup;
			children = (
				C98726532A27D25200EB0A40 /* Model.swift */,
			);
			path = Model;
			sourceTree = "<group>";
		};
		C98726492A27D0C400EB0A40 /* Modules */ = {
			isa = PBXGroup;
			children = (
				DB1B4B302A29817000DF9D10 /* SettingModule */,
				C98726592A27DD7C00EB0A40 /* MeModule */,
				C98726582A27DD5E00EB0A40 /* CategoriesModule */,
				C98726572A27DD4800EB0A40 /* HomeModule */,
				C98726552A27D28300EB0A40 /* OnBoarding */,
				C98726512A27D1A900EB0A40 /* BaseModule */,
			);
			path = Modules;
			sourceTree = "<group>";
		};
		C987264A2A27D0DB00EB0A40 /* Services */ = {
			isa = PBXGroup;
			children = (
				C987264E2A27D16700EB0A40 /* LocalDataSource */,
				C987264B2A27D11E00EB0A40 /* RemoteDataSource */,
			);
			path = Services;
			sourceTree = "<group>";
		};
		C987264B2A27D11E00EB0A40 /* RemoteDataSource */ = {
			isa = PBXGroup;
			children = (
				C987264C2A27D14900EB0A40 /* RemoteDataSource.swift */,
			);
			path = RemoteDataSource;
			sourceTree = "<group>";
		};
		C987264E2A27D16700EB0A40 /* LocalDataSource */ = {
			isa = PBXGroup;
			children = (
				C987264F2A27D17E00EB0A40 /* LocalDataSource.swift */,
			);
			path = LocalDataSource;
			sourceTree = "<group>";
		};
		C98726512A27D1A900EB0A40 /* BaseModule */ = {
			isa = PBXGroup;
			children = (
				C98726152A27CF0900EB0A40 /* AppDelegate.swift */,
				C98726172A27CF0900EB0A40 /* SceneDelegate.swift */,
			);
			path = BaseModule;
			sourceTree = "<group>";
		};
		C98726522A27D1D300EB0A40 /* GenericViews */ = {
			isa = PBXGroup;
			children = (
				C987261B2A27CF0900EB0A40 /* Main.storyboard */,
				C98726232A27CF0C00EB0A40 /* LaunchScreen.storyboard */,
			);
			path = GenericViews;
			sourceTree = "<group>";
		};
		C98726552A27D28300EB0A40 /* OnBoarding */ = {
			isa = PBXGroup;
			children = (
				C98726562A27D2A300EB0A40 /* View */,
			);
			path = OnBoarding;
			sourceTree = "<group>";
		};
		C98726562A27D2A300EB0A40 /* View */ = {
			isa = PBXGroup;
			children = (
				C98726192A27CF0900EB0A40 /* ViewController.swift */,
			);
			path = View;
			sourceTree = "<group>";
		};
		C98726572A27DD4800EB0A40 /* HomeModule */ = {
			isa = PBXGroup;
			children = (
				C987265A2A27DDA100EB0A40 /* View */,
			);
			path = HomeModule;
			sourceTree = "<group>";
		};
		C98726582A27DD5E00EB0A40 /* CategoriesModule */ = {
			isa = PBXGroup;
			children = (
				C98726602A27DE4E00EB0A40 /* View */,
			);
			path = CategoriesModule;
			sourceTree = "<group>";
		};
		C98726592A27DD7C00EB0A40 /* MeModule */ = {
			isa = PBXGroup;
			children = (
				C987265D2A27DE0A00EB0A40 /* View */,
			);
			path = MeModule;
			sourceTree = "<group>";
		};
		C987265A2A27DDA100EB0A40 /* View */ = {
			isa = PBXGroup;
			children = (
				C987265B2A27DDB900EB0A40 /* HomeStoryboard.storyboard */,
				C9B2C9E02A2890FB00ED8AF8 /* CouponsCollectionViewCell.swift */,
				C9B2C9E22A28910B00ED8AF8 /* BrandsCollectionViewCell.swift */,
				C9B2C9E42A28936100ED8AF8 /* HomeViewController.swift */,
			);
			path = View;
			sourceTree = "<group>";
		};
		C987265D2A27DE0A00EB0A40 /* View */ = {
			isa = PBXGroup;
			children = (
				C987265E2A27DE1A00EB0A40 /* MeStoryboard.storyboard */,
				DB1B4B352A29874300DF9D10 /* MeViewController.swift */,
			);
			path = View;
			sourceTree = "<group>";
		};
		C98726602A27DE4E00EB0A40 /* View */ = {
			isa = PBXGroup;
			children = (
				C98726612A27DE6200EB0A40 /* CategoriesStoryboard.storyboard */,
				C9B2C9E62A28D41500ED8AF8 /* CategoriesViewController.swift */,
				C9B2C9E82A28D44200ED8AF8 /* ProductsCollectionViewCell.swift */,
			);
			path = View;
			sourceTree = "<group>";
		};
		DB1B4B302A29817000DF9D10 /* SettingModule */ = {
			isa = PBXGroup;
			children = (
				DB1B4B312A29819900DF9D10 /* Setting.storyboard */,
				DB1B4B332A2981CE00DF9D10 /* SettingViewController.swift */,
			);
			path = SettingModule;
			sourceTree = "<group>";
		};
/* End PBXGroup section */

/* Begin PBXNativeTarget section */
		C98726112A27CF0900EB0A40 /* Shoppinist */ = {
			isa = PBXNativeTarget;
			buildConfigurationList = C987263F2A27CF0C00EB0A40 /* Build configuration list for PBXNativeTarget "Shoppinist" */;
			buildPhases = (
				FAC068563D5DA69D06967429 /* [CP] Check Pods Manifest.lock */,
				C987260E2A27CF0900EB0A40 /* Sources */,
				C987260F2A27CF0900EB0A40 /* Frameworks */,
				C98726102A27CF0900EB0A40 /* Resources */,
				6CAC85EFFD38E43B28B950BB /* [CP] Embed Pods Frameworks */,
			);
			buildRules = (
			);
			dependencies = (
			);
			name = Shoppinist;
			productName = Shoppinist;
			productReference = C98726122A27CF0900EB0A40 /* Shoppinist.app */;
			productType = "com.apple.product-type.application";
		};
		C987262A2A27CF0C00EB0A40 /* ShoppinistTests */ = {
			isa = PBXNativeTarget;
			buildConfigurationList = C98726422A27CF0C00EB0A40 /* Build configuration list for PBXNativeTarget "ShoppinistTests" */;
			buildPhases = (
				314BEF0C11474D929C42AF12 /* [CP] Check Pods Manifest.lock */,
				C98726272A27CF0C00EB0A40 /* Sources */,
				C98726282A27CF0C00EB0A40 /* Frameworks */,
				C98726292A27CF0C00EB0A40 /* Resources */,
			);
			buildRules = (
			);
			dependencies = (
				C987262D2A27CF0C00EB0A40 /* PBXTargetDependency */,
			);
			name = ShoppinistTests;
			productName = ShoppinistTests;
			productReference = C987262B2A27CF0C00EB0A40 /* ShoppinistTests.xctest */;
			productType = "com.apple.product-type.bundle.unit-test";
		};
		C98726342A27CF0C00EB0A40 /* ShoppinistUITests */ = {
			isa = PBXNativeTarget;
			buildConfigurationList = C98726452A27CF0C00EB0A40 /* Build configuration list for PBXNativeTarget "ShoppinistUITests" */;
			buildPhases = (
				608B1C385ED0891F1AEF17A8 /* [CP] Check Pods Manifest.lock */,
				C98726312A27CF0C00EB0A40 /* Sources */,
				C98726322A27CF0C00EB0A40 /* Frameworks */,
				C98726332A27CF0C00EB0A40 /* Resources */,
				2CFCE655C8679F9D806F685A /* [CP] Embed Pods Frameworks */,
			);
			buildRules = (
			);
			dependencies = (
				C98726372A27CF0C00EB0A40 /* PBXTargetDependency */,
			);
			name = ShoppinistUITests;
			productName = ShoppinistUITests;
			productReference = C98726352A27CF0C00EB0A40 /* ShoppinistUITests.xctest */;
			productType = "com.apple.product-type.bundle.ui-testing";
		};
/* End PBXNativeTarget section */

/* Begin PBXProject section */
		C987260A2A27CF0900EB0A40 /* Project object */ = {
			isa = PBXProject;
			attributes = {
				BuildIndependentTargetsInParallel = 1;
				LastSwiftUpdateCheck = 1420;
				LastUpgradeCheck = 1420;
				TargetAttributes = {
					C98726112A27CF0900EB0A40 = {
						CreatedOnToolsVersion = 14.2;
					};
					C987262A2A27CF0C00EB0A40 = {
						CreatedOnToolsVersion = 14.2;
						TestTargetID = C98726112A27CF0900EB0A40;
					};
					C98726342A27CF0C00EB0A40 = {
						CreatedOnToolsVersion = 14.2;
						TestTargetID = C98726112A27CF0900EB0A40;
					};
				};
			};
			buildConfigurationList = C987260D2A27CF0900EB0A40 /* Build configuration list for PBXProject "Shoppinist" */;
			compatibilityVersion = "Xcode 14.0";
			developmentRegion = en;
			hasScannedForEncodings = 0;
			knownRegions = (
				en,
				Base,
			);
			mainGroup = C98726092A27CF0900EB0A40;
			productRefGroup = C98726132A27CF0900EB0A40 /* Products */;
			projectDirPath = "";
			projectRoot = "";
			targets = (
				C98726112A27CF0900EB0A40 /* Shoppinist */,
				C987262A2A27CF0C00EB0A40 /* ShoppinistTests */,
				C98726342A27CF0C00EB0A40 /* ShoppinistUITests */,
			);
		};
/* End PBXProject section */

/* Begin PBXResourcesBuildPhase section */
		C98726102A27CF0900EB0A40 /* Resources */ = {
			isa = PBXResourcesBuildPhase;
			buildActionMask = 2147483647;
			files = (
				C98726252A27CF0C00EB0A40 /* LaunchScreen.storyboard in Resources */,
				C98726622A27DE6200EB0A40 /* CategoriesStoryboard.storyboard in Resources */,
				DB1B4B322A29819900DF9D10 /* Setting.storyboard in Resources */,
				C98726222A27CF0B00EB0A40 /* Assets.xcassets in Resources */,
				C987265C2A27DDB900EB0A40 /* HomeStoryboard.storyboard in Resources */,
				C987265F2A27DE1A00EB0A40 /* MeStoryboard.storyboard in Resources */,
				C987261D2A27CF0900EB0A40 /* Main.storyboard in Resources */,
			);
			runOnlyForDeploymentPostprocessing = 0;
		};
		C98726292A27CF0C00EB0A40 /* Resources */ = {
			isa = PBXResourcesBuildPhase;
			buildActionMask = 2147483647;
			files = (
			);
			runOnlyForDeploymentPostprocessing = 0;
		};
		C98726332A27CF0C00EB0A40 /* Resources */ = {
			isa = PBXResourcesBuildPhase;
			buildActionMask = 2147483647;
			files = (
			);
			runOnlyForDeploymentPostprocessing = 0;
		};
/* End PBXResourcesBuildPhase section */

/* Begin PBXShellScriptBuildPhase section */
		2CFCE655C8679F9D806F685A /* [CP] Embed Pods Frameworks */ = {
			isa = PBXShellScriptBuildPhase;
			buildActionMask = 2147483647;
			files = (
			);
			inputFileListPaths = (
				"${PODS_ROOT}/Target Support Files/Pods-Shoppinist-ShoppinistUITests/Pods-Shoppinist-ShoppinistUITests-frameworks-${CONFIGURATION}-input-files.xcfilelist",
			);
			name = "[CP] Embed Pods Frameworks";
			outputFileListPaths = (
				"${PODS_ROOT}/Target Support Files/Pods-Shoppinist-ShoppinistUITests/Pods-Shoppinist-ShoppinistUITests-frameworks-${CONFIGURATION}-output-files.xcfilelist",
			);
			runOnlyForDeploymentPostprocessing = 0;
			shellPath = /bin/sh;
			shellScript = "\"${PODS_ROOT}/Target Support Files/Pods-Shoppinist-ShoppinistUITests/Pods-Shoppinist-ShoppinistUITests-frameworks.sh\"\n";
			showEnvVarsInLog = 0;
		};
		314BEF0C11474D929C42AF12 /* [CP] Check Pods Manifest.lock */ = {
			isa = PBXShellScriptBuildPhase;
			buildActionMask = 2147483647;
			files = (
			);
			inputFileListPaths = (
			);
			inputPaths = (
				"${PODS_PODFILE_DIR_PATH}/Podfile.lock",
				"${PODS_ROOT}/Manifest.lock",
			);
			name = "[CP] Check Pods Manifest.lock";
			outputFileListPaths = (
			);
			outputPaths = (
				"$(DERIVED_FILE_DIR)/Pods-ShoppinistTests-checkManifestLockResult.txt",
			);
			runOnlyForDeploymentPostprocessing = 0;
			shellPath = /bin/sh;
			shellScript = "diff \"${PODS_PODFILE_DIR_PATH}/Podfile.lock\" \"${PODS_ROOT}/Manifest.lock\" > /dev/null\nif [ $? != 0 ] ; then\n    # print error to STDERR\n    echo \"error: The sandbox is not in sync with the Podfile.lock. Run 'pod install' or update your CocoaPods installation.\" >&2\n    exit 1\nfi\n# This output is used by Xcode 'outputs' to avoid re-running this script phase.\necho \"SUCCESS\" > \"${SCRIPT_OUTPUT_FILE_0}\"\n";
			showEnvVarsInLog = 0;
		};
		608B1C385ED0891F1AEF17A8 /* [CP] Check Pods Manifest.lock */ = {
			isa = PBXShellScriptBuildPhase;
			buildActionMask = 2147483647;
			files = (
			);
			inputFileListPaths = (
			);
			inputPaths = (
				"${PODS_PODFILE_DIR_PATH}/Podfile.lock",
				"${PODS_ROOT}/Manifest.lock",
			);
			name = "[CP] Check Pods Manifest.lock";
			outputFileListPaths = (
			);
			outputPaths = (
				"$(DERIVED_FILE_DIR)/Pods-Shoppinist-ShoppinistUITests-checkManifestLockResult.txt",
			);
			runOnlyForDeploymentPostprocessing = 0;
			shellPath = /bin/sh;
			shellScript = "diff \"${PODS_PODFILE_DIR_PATH}/Podfile.lock\" \"${PODS_ROOT}/Manifest.lock\" > /dev/null\nif [ $? != 0 ] ; then\n    # print error to STDERR\n    echo \"error: The sandbox is not in sync with the Podfile.lock. Run 'pod install' or update your CocoaPods installation.\" >&2\n    exit 1\nfi\n# This output is used by Xcode 'outputs' to avoid re-running this script phase.\necho \"SUCCESS\" > \"${SCRIPT_OUTPUT_FILE_0}\"\n";
			showEnvVarsInLog = 0;
		};
		6CAC85EFFD38E43B28B950BB /* [CP] Embed Pods Frameworks */ = {
			isa = PBXShellScriptBuildPhase;
			buildActionMask = 2147483647;
			files = (
			);
			inputFileListPaths = (
				"${PODS_ROOT}/Target Support Files/Pods-Shoppinist/Pods-Shoppinist-frameworks-${CONFIGURATION}-input-files.xcfilelist",
			);
			name = "[CP] Embed Pods Frameworks";
			outputFileListPaths = (
				"${PODS_ROOT}/Target Support Files/Pods-Shoppinist/Pods-Shoppinist-frameworks-${CONFIGURATION}-output-files.xcfilelist",
			);
			runOnlyForDeploymentPostprocessing = 0;
			shellPath = /bin/sh;
			shellScript = "\"${PODS_ROOT}/Target Support Files/Pods-Shoppinist/Pods-Shoppinist-frameworks.sh\"\n";
			showEnvVarsInLog = 0;
		};
		FAC068563D5DA69D06967429 /* [CP] Check Pods Manifest.lock */ = {
			isa = PBXShellScriptBuildPhase;
			buildActionMask = 2147483647;
			files = (
			);
			inputFileListPaths = (
			);
			inputPaths = (
				"${PODS_PODFILE_DIR_PATH}/Podfile.lock",
				"${PODS_ROOT}/Manifest.lock",
			);
			name = "[CP] Check Pods Manifest.lock";
			outputFileListPaths = (
			);
			outputPaths = (
				"$(DERIVED_FILE_DIR)/Pods-Shoppinist-checkManifestLockResult.txt",
			);
			runOnlyForDeploymentPostprocessing = 0;
			shellPath = /bin/sh;
			shellScript = "diff \"${PODS_PODFILE_DIR_PATH}/Podfile.lock\" \"${PODS_ROOT}/Manifest.lock\" > /dev/null\nif [ $? != 0 ] ; then\n    # print error to STDERR\n    echo \"error: The sandbox is not in sync with the Podfile.lock. Run 'pod install' or update your CocoaPods installation.\" >&2\n    exit 1\nfi\n# This output is used by Xcode 'outputs' to avoid re-running this script phase.\necho \"SUCCESS\" > \"${SCRIPT_OUTPUT_FILE_0}\"\n";
			showEnvVarsInLog = 0;
		};
/* End PBXShellScriptBuildPhase section */

/* Begin PBXSourcesBuildPhase section */
		C987260E2A27CF0900EB0A40 /* Sources */ = {
			isa = PBXSourcesBuildPhase;
			buildActionMask = 2147483647;
			files = (
				C9B2C9E92A28D44200ED8AF8 /* ProductsCollectionViewCell.swift in Sources */,
				C9B2C9E12A2890FB00ED8AF8 /* CouponsCollectionViewCell.swift in Sources */,
<<<<<<< HEAD
				C9B2C9E72A28D41500ED8AF8 /* CategoriesViewController.swift in Sources */,
=======
				DB1B4B342A2981CE00DF9D10 /* SettingViewController.swift in Sources */,
>>>>>>> main
				C98726542A27D25200EB0A40 /* Model.swift in Sources */,
				C98726502A27D17E00EB0A40 /* LocalDataSource.swift in Sources */,
				C98726202A27CF0900EB0A40 /* Shoppinist.xcdatamodeld in Sources */,
				C987264D2A27D14900EB0A40 /* RemoteDataSource.swift in Sources */,
				DB1B4B362A29874300DF9D10 /* MeViewController.swift in Sources */,
				C9B2C9E52A28936100ED8AF8 /* HomeViewController.swift in Sources */,
				C987261A2A27CF0900EB0A40 /* ViewController.swift in Sources */,
				C98726162A27CF0900EB0A40 /* AppDelegate.swift in Sources */,
				C9B2C9E32A28910B00ED8AF8 /* BrandsCollectionViewCell.swift in Sources */,
				C98726182A27CF0900EB0A40 /* SceneDelegate.swift in Sources */,
			);
			runOnlyForDeploymentPostprocessing = 0;
		};
		C98726272A27CF0C00EB0A40 /* Sources */ = {
			isa = PBXSourcesBuildPhase;
			buildActionMask = 2147483647;
			files = (
				C98726302A27CF0C00EB0A40 /* ShoppinistTests.swift in Sources */,
			);
			runOnlyForDeploymentPostprocessing = 0;
		};
		C98726312A27CF0C00EB0A40 /* Sources */ = {
			isa = PBXSourcesBuildPhase;
			buildActionMask = 2147483647;
			files = (
				C987263A2A27CF0C00EB0A40 /* ShoppinistUITests.swift in Sources */,
				C987263C2A27CF0C00EB0A40 /* ShoppinistUITestsLaunchTests.swift in Sources */,
			);
			runOnlyForDeploymentPostprocessing = 0;
		};
/* End PBXSourcesBuildPhase section */

/* Begin PBXTargetDependency section */
		C987262D2A27CF0C00EB0A40 /* PBXTargetDependency */ = {
			isa = PBXTargetDependency;
			target = C98726112A27CF0900EB0A40 /* Shoppinist */;
			targetProxy = C987262C2A27CF0C00EB0A40 /* PBXContainerItemProxy */;
		};
		C98726372A27CF0C00EB0A40 /* PBXTargetDependency */ = {
			isa = PBXTargetDependency;
			target = C98726112A27CF0900EB0A40 /* Shoppinist */;
			targetProxy = C98726362A27CF0C00EB0A40 /* PBXContainerItemProxy */;
		};
/* End PBXTargetDependency section */

/* Begin PBXVariantGroup section */
		C987261B2A27CF0900EB0A40 /* Main.storyboard */ = {
			isa = PBXVariantGroup;
			children = (
				C987261C2A27CF0900EB0A40 /* Base */,
			);
			name = Main.storyboard;
			sourceTree = "<group>";
		};
		C98726232A27CF0C00EB0A40 /* LaunchScreen.storyboard */ = {
			isa = PBXVariantGroup;
			children = (
				C98726242A27CF0C00EB0A40 /* Base */,
			);
			name = LaunchScreen.storyboard;
			sourceTree = "<group>";
		};
/* End PBXVariantGroup section */

/* Begin XCBuildConfiguration section */
		C987263D2A27CF0C00EB0A40 /* Debug */ = {
			isa = XCBuildConfiguration;
			buildSettings = {
				ALWAYS_SEARCH_USER_PATHS = NO;
				CLANG_ANALYZER_NONNULL = YES;
				CLANG_ANALYZER_NUMBER_OBJECT_CONVERSION = YES_AGGRESSIVE;
				CLANG_CXX_LANGUAGE_STANDARD = "gnu++20";
				CLANG_ENABLE_MODULES = YES;
				CLANG_ENABLE_OBJC_ARC = YES;
				CLANG_ENABLE_OBJC_WEAK = YES;
				CLANG_WARN_BLOCK_CAPTURE_AUTORELEASING = YES;
				CLANG_WARN_BOOL_CONVERSION = YES;
				CLANG_WARN_COMMA = YES;
				CLANG_WARN_CONSTANT_CONVERSION = YES;
				CLANG_WARN_DEPRECATED_OBJC_IMPLEMENTATIONS = YES;
				CLANG_WARN_DIRECT_OBJC_ISA_USAGE = YES_ERROR;
				CLANG_WARN_DOCUMENTATION_COMMENTS = YES;
				CLANG_WARN_EMPTY_BODY = YES;
				CLANG_WARN_ENUM_CONVERSION = YES;
				CLANG_WARN_INFINITE_RECURSION = YES;
				CLANG_WARN_INT_CONVERSION = YES;
				CLANG_WARN_NON_LITERAL_NULL_CONVERSION = YES;
				CLANG_WARN_OBJC_IMPLICIT_RETAIN_SELF = YES;
				CLANG_WARN_OBJC_LITERAL_CONVERSION = YES;
				CLANG_WARN_OBJC_ROOT_CLASS = YES_ERROR;
				CLANG_WARN_QUOTED_INCLUDE_IN_FRAMEWORK_HEADER = YES;
				CLANG_WARN_RANGE_LOOP_ANALYSIS = YES;
				CLANG_WARN_STRICT_PROTOTYPES = YES;
				CLANG_WARN_SUSPICIOUS_MOVE = YES;
				CLANG_WARN_UNGUARDED_AVAILABILITY = YES_AGGRESSIVE;
				CLANG_WARN_UNREACHABLE_CODE = YES;
				CLANG_WARN__DUPLICATE_METHOD_MATCH = YES;
				COPY_PHASE_STRIP = NO;
				DEBUG_INFORMATION_FORMAT = dwarf;
				ENABLE_STRICT_OBJC_MSGSEND = YES;
				ENABLE_TESTABILITY = YES;
				GCC_C_LANGUAGE_STANDARD = gnu11;
				GCC_DYNAMIC_NO_PIC = NO;
				GCC_NO_COMMON_BLOCKS = YES;
				GCC_OPTIMIZATION_LEVEL = 0;
				GCC_PREPROCESSOR_DEFINITIONS = (
					"DEBUG=1",
					"$(inherited)",
				);
				GCC_WARN_64_TO_32_BIT_CONVERSION = YES;
				GCC_WARN_ABOUT_RETURN_TYPE = YES_ERROR;
				GCC_WARN_UNDECLARED_SELECTOR = YES;
				GCC_WARN_UNINITIALIZED_AUTOS = YES_AGGRESSIVE;
				GCC_WARN_UNUSED_FUNCTION = YES;
				GCC_WARN_UNUSED_VARIABLE = YES;
				IPHONEOS_DEPLOYMENT_TARGET = 16.2;
				MTL_ENABLE_DEBUG_INFO = INCLUDE_SOURCE;
				MTL_FAST_MATH = YES;
				ONLY_ACTIVE_ARCH = YES;
				SDKROOT = iphoneos;
				SWIFT_ACTIVE_COMPILATION_CONDITIONS = DEBUG;
				SWIFT_OPTIMIZATION_LEVEL = "-Onone";
			};
			name = Debug;
		};
		C987263E2A27CF0C00EB0A40 /* Release */ = {
			isa = XCBuildConfiguration;
			buildSettings = {
				ALWAYS_SEARCH_USER_PATHS = NO;
				CLANG_ANALYZER_NONNULL = YES;
				CLANG_ANALYZER_NUMBER_OBJECT_CONVERSION = YES_AGGRESSIVE;
				CLANG_CXX_LANGUAGE_STANDARD = "gnu++20";
				CLANG_ENABLE_MODULES = YES;
				CLANG_ENABLE_OBJC_ARC = YES;
				CLANG_ENABLE_OBJC_WEAK = YES;
				CLANG_WARN_BLOCK_CAPTURE_AUTORELEASING = YES;
				CLANG_WARN_BOOL_CONVERSION = YES;
				CLANG_WARN_COMMA = YES;
				CLANG_WARN_CONSTANT_CONVERSION = YES;
				CLANG_WARN_DEPRECATED_OBJC_IMPLEMENTATIONS = YES;
				CLANG_WARN_DIRECT_OBJC_ISA_USAGE = YES_ERROR;
				CLANG_WARN_DOCUMENTATION_COMMENTS = YES;
				CLANG_WARN_EMPTY_BODY = YES;
				CLANG_WARN_ENUM_CONVERSION = YES;
				CLANG_WARN_INFINITE_RECURSION = YES;
				CLANG_WARN_INT_CONVERSION = YES;
				CLANG_WARN_NON_LITERAL_NULL_CONVERSION = YES;
				CLANG_WARN_OBJC_IMPLICIT_RETAIN_SELF = YES;
				CLANG_WARN_OBJC_LITERAL_CONVERSION = YES;
				CLANG_WARN_OBJC_ROOT_CLASS = YES_ERROR;
				CLANG_WARN_QUOTED_INCLUDE_IN_FRAMEWORK_HEADER = YES;
				CLANG_WARN_RANGE_LOOP_ANALYSIS = YES;
				CLANG_WARN_STRICT_PROTOTYPES = YES;
				CLANG_WARN_SUSPICIOUS_MOVE = YES;
				CLANG_WARN_UNGUARDED_AVAILABILITY = YES_AGGRESSIVE;
				CLANG_WARN_UNREACHABLE_CODE = YES;
				CLANG_WARN__DUPLICATE_METHOD_MATCH = YES;
				COPY_PHASE_STRIP = NO;
				DEBUG_INFORMATION_FORMAT = "dwarf-with-dsym";
				ENABLE_NS_ASSERTIONS = NO;
				ENABLE_STRICT_OBJC_MSGSEND = YES;
				GCC_C_LANGUAGE_STANDARD = gnu11;
				GCC_NO_COMMON_BLOCKS = YES;
				GCC_WARN_64_TO_32_BIT_CONVERSION = YES;
				GCC_WARN_ABOUT_RETURN_TYPE = YES_ERROR;
				GCC_WARN_UNDECLARED_SELECTOR = YES;
				GCC_WARN_UNINITIALIZED_AUTOS = YES_AGGRESSIVE;
				GCC_WARN_UNUSED_FUNCTION = YES;
				GCC_WARN_UNUSED_VARIABLE = YES;
				IPHONEOS_DEPLOYMENT_TARGET = 16.2;
				MTL_ENABLE_DEBUG_INFO = NO;
				MTL_FAST_MATH = YES;
				SDKROOT = iphoneos;
				SWIFT_COMPILATION_MODE = wholemodule;
				SWIFT_OPTIMIZATION_LEVEL = "-O";
				VALIDATE_PRODUCT = YES;
			};
			name = Release;
		};
		C98726402A27CF0C00EB0A40 /* Debug */ = {
			isa = XCBuildConfiguration;
			baseConfigurationReference = 2A42FD70A243F0AC004C0D5B /* Pods-Shoppinist.debug.xcconfig */;
			buildSettings = {
				ASSETCATALOG_COMPILER_APPICON_NAME = AppIcon;
				ASSETCATALOG_COMPILER_GLOBAL_ACCENT_COLOR_NAME = AccentColor;
				CODE_SIGN_STYLE = Automatic;
				CURRENT_PROJECT_VERSION = 1;
				GENERATE_INFOPLIST_FILE = YES;
				INFOPLIST_FILE = Shoppinist/Info.plist;
				INFOPLIST_KEY_UIApplicationSupportsIndirectInputEvents = YES;
				INFOPLIST_KEY_UILaunchStoryboardName = LaunchScreen;
				INFOPLIST_KEY_UIMainStoryboardFile = Main;
				INFOPLIST_KEY_UISupportedInterfaceOrientations_iPad = "UIInterfaceOrientationPortrait UIInterfaceOrientationPortraitUpsideDown UIInterfaceOrientationLandscapeLeft UIInterfaceOrientationLandscapeRight";
				INFOPLIST_KEY_UISupportedInterfaceOrientations_iPhone = "UIInterfaceOrientationPortrait UIInterfaceOrientationLandscapeLeft UIInterfaceOrientationLandscapeRight";
				LD_RUNPATH_SEARCH_PATHS = (
					"$(inherited)",
					"@executable_path/Frameworks",
				);
				MARKETING_VERSION = 1.0;
				PRODUCT_BUNDLE_IDENTIFIER = Swift.Shoppinist;
				PRODUCT_NAME = "$(TARGET_NAME)";
				SWIFT_EMIT_LOC_STRINGS = YES;
				SWIFT_VERSION = 5.0;
				TARGETED_DEVICE_FAMILY = "1,2";
			};
			name = Debug;
		};
		C98726412A27CF0C00EB0A40 /* Release */ = {
			isa = XCBuildConfiguration;
			baseConfigurationReference = B388E8610DD2F414054C502D /* Pods-Shoppinist.release.xcconfig */;
			buildSettings = {
				ASSETCATALOG_COMPILER_APPICON_NAME = AppIcon;
				ASSETCATALOG_COMPILER_GLOBAL_ACCENT_COLOR_NAME = AccentColor;
				CODE_SIGN_STYLE = Automatic;
				CURRENT_PROJECT_VERSION = 1;
				GENERATE_INFOPLIST_FILE = YES;
				INFOPLIST_FILE = Shoppinist/Info.plist;
				INFOPLIST_KEY_UIApplicationSupportsIndirectInputEvents = YES;
				INFOPLIST_KEY_UILaunchStoryboardName = LaunchScreen;
				INFOPLIST_KEY_UIMainStoryboardFile = Main;
				INFOPLIST_KEY_UISupportedInterfaceOrientations_iPad = "UIInterfaceOrientationPortrait UIInterfaceOrientationPortraitUpsideDown UIInterfaceOrientationLandscapeLeft UIInterfaceOrientationLandscapeRight";
				INFOPLIST_KEY_UISupportedInterfaceOrientations_iPhone = "UIInterfaceOrientationPortrait UIInterfaceOrientationLandscapeLeft UIInterfaceOrientationLandscapeRight";
				LD_RUNPATH_SEARCH_PATHS = (
					"$(inherited)",
					"@executable_path/Frameworks",
				);
				MARKETING_VERSION = 1.0;
				PRODUCT_BUNDLE_IDENTIFIER = Swift.Shoppinist;
				PRODUCT_NAME = "$(TARGET_NAME)";
				SWIFT_EMIT_LOC_STRINGS = YES;
				SWIFT_VERSION = 5.0;
				TARGETED_DEVICE_FAMILY = "1,2";
			};
			name = Release;
		};
		C98726432A27CF0C00EB0A40 /* Debug */ = {
			isa = XCBuildConfiguration;
			baseConfigurationReference = 3C37CE881EB25154840C981C /* Pods-ShoppinistTests.debug.xcconfig */;
			buildSettings = {
				ALWAYS_EMBED_SWIFT_STANDARD_LIBRARIES = YES;
				BUNDLE_LOADER = "$(TEST_HOST)";
				CODE_SIGN_STYLE = Automatic;
				CURRENT_PROJECT_VERSION = 1;
				GENERATE_INFOPLIST_FILE = YES;
				IPHONEOS_DEPLOYMENT_TARGET = 16.2;
				MARKETING_VERSION = 1.0;
				PRODUCT_BUNDLE_IDENTIFIER = Swift.ShoppinistTests;
				PRODUCT_NAME = "$(TARGET_NAME)";
				SWIFT_EMIT_LOC_STRINGS = NO;
				SWIFT_VERSION = 5.0;
				TARGETED_DEVICE_FAMILY = "1,2";
				TEST_HOST = "$(BUILT_PRODUCTS_DIR)/Shoppinist.app/$(BUNDLE_EXECUTABLE_FOLDER_PATH)/Shoppinist";
			};
			name = Debug;
		};
		C98726442A27CF0C00EB0A40 /* Release */ = {
			isa = XCBuildConfiguration;
			baseConfigurationReference = FF480C7AA20DA2D324C41217 /* Pods-ShoppinistTests.release.xcconfig */;
			buildSettings = {
				ALWAYS_EMBED_SWIFT_STANDARD_LIBRARIES = YES;
				BUNDLE_LOADER = "$(TEST_HOST)";
				CODE_SIGN_STYLE = Automatic;
				CURRENT_PROJECT_VERSION = 1;
				GENERATE_INFOPLIST_FILE = YES;
				IPHONEOS_DEPLOYMENT_TARGET = 16.2;
				MARKETING_VERSION = 1.0;
				PRODUCT_BUNDLE_IDENTIFIER = Swift.ShoppinistTests;
				PRODUCT_NAME = "$(TARGET_NAME)";
				SWIFT_EMIT_LOC_STRINGS = NO;
				SWIFT_VERSION = 5.0;
				TARGETED_DEVICE_FAMILY = "1,2";
				TEST_HOST = "$(BUILT_PRODUCTS_DIR)/Shoppinist.app/$(BUNDLE_EXECUTABLE_FOLDER_PATH)/Shoppinist";
			};
			name = Release;
		};
		C98726462A27CF0C00EB0A40 /* Debug */ = {
			isa = XCBuildConfiguration;
			baseConfigurationReference = C54958C093B8786E2AB2788F /* Pods-Shoppinist-ShoppinistUITests.debug.xcconfig */;
			buildSettings = {
				ALWAYS_EMBED_SWIFT_STANDARD_LIBRARIES = YES;
				CODE_SIGN_STYLE = Automatic;
				CURRENT_PROJECT_VERSION = 1;
				GENERATE_INFOPLIST_FILE = YES;
				MARKETING_VERSION = 1.0;
				PRODUCT_BUNDLE_IDENTIFIER = Swift.ShoppinistUITests;
				PRODUCT_NAME = "$(TARGET_NAME)";
				SWIFT_EMIT_LOC_STRINGS = NO;
				SWIFT_VERSION = 5.0;
				TARGETED_DEVICE_FAMILY = "1,2";
				TEST_TARGET_NAME = Shoppinist;
			};
			name = Debug;
		};
		C98726472A27CF0C00EB0A40 /* Release */ = {
			isa = XCBuildConfiguration;
			baseConfigurationReference = 47516EFCF716FE794DD6A3C3 /* Pods-Shoppinist-ShoppinistUITests.release.xcconfig */;
			buildSettings = {
				ALWAYS_EMBED_SWIFT_STANDARD_LIBRARIES = YES;
				CODE_SIGN_STYLE = Automatic;
				CURRENT_PROJECT_VERSION = 1;
				GENERATE_INFOPLIST_FILE = YES;
				MARKETING_VERSION = 1.0;
				PRODUCT_BUNDLE_IDENTIFIER = Swift.ShoppinistUITests;
				PRODUCT_NAME = "$(TARGET_NAME)";
				SWIFT_EMIT_LOC_STRINGS = NO;
				SWIFT_VERSION = 5.0;
				TARGETED_DEVICE_FAMILY = "1,2";
				TEST_TARGET_NAME = Shoppinist;
			};
			name = Release;
		};
/* End XCBuildConfiguration section */

/* Begin XCConfigurationList section */
		C987260D2A27CF0900EB0A40 /* Build configuration list for PBXProject "Shoppinist" */ = {
			isa = XCConfigurationList;
			buildConfigurations = (
				C987263D2A27CF0C00EB0A40 /* Debug */,
				C987263E2A27CF0C00EB0A40 /* Release */,
			);
			defaultConfigurationIsVisible = 0;
			defaultConfigurationName = Release;
		};
		C987263F2A27CF0C00EB0A40 /* Build configuration list for PBXNativeTarget "Shoppinist" */ = {
			isa = XCConfigurationList;
			buildConfigurations = (
				C98726402A27CF0C00EB0A40 /* Debug */,
				C98726412A27CF0C00EB0A40 /* Release */,
			);
			defaultConfigurationIsVisible = 0;
			defaultConfigurationName = Release;
		};
		C98726422A27CF0C00EB0A40 /* Build configuration list for PBXNativeTarget "ShoppinistTests" */ = {
			isa = XCConfigurationList;
			buildConfigurations = (
				C98726432A27CF0C00EB0A40 /* Debug */,
				C98726442A27CF0C00EB0A40 /* Release */,
			);
			defaultConfigurationIsVisible = 0;
			defaultConfigurationName = Release;
		};
		C98726452A27CF0C00EB0A40 /* Build configuration list for PBXNativeTarget "ShoppinistUITests" */ = {
			isa = XCConfigurationList;
			buildConfigurations = (
				C98726462A27CF0C00EB0A40 /* Debug */,
				C98726472A27CF0C00EB0A40 /* Release */,
			);
			defaultConfigurationIsVisible = 0;
			defaultConfigurationName = Release;
		};
/* End XCConfigurationList section */

/* Begin XCVersionGroup section */
		C987261E2A27CF0900EB0A40 /* Shoppinist.xcdatamodeld */ = {
			isa = XCVersionGroup;
			children = (
				C987261F2A27CF0900EB0A40 /* Shoppinist.xcdatamodel */,
			);
			currentVersion = C987261F2A27CF0900EB0A40 /* Shoppinist.xcdatamodel */;
			path = Shoppinist.xcdatamodeld;
			sourceTree = "<group>";
			versionGroupType = wrapper.xcdatamodel;
		};
/* End XCVersionGroup section */
	};
	rootObject = C987260A2A27CF0900EB0A40 /* Project object */;
}
