// !$*UTF8*$!
{
	archiveVersion = 1;
	classes = {
	};
	objectVersion = 56;
	objects = {

/* Begin PBXBuildFile section */
		C98726162A27CF0900EB0A40 /* AppDelegate.swift in Sources */ = {isa = PBXBuildFile; fileRef = C98726152A27CF0900EB0A40 /* AppDelegate.swift */; };
		C98726182A27CF0900EB0A40 /* SceneDelegate.swift in Sources */ = {isa = PBXBuildFile; fileRef = C98726172A27CF0900EB0A40 /* SceneDelegate.swift */; };
		C987261A2A27CF0900EB0A40 /* ViewController.swift in Sources */ = {isa = PBXBuildFile; fileRef = C98726192A27CF0900EB0A40 /* ViewController.swift */; };
		C987261D2A27CF0900EB0A40 /* Main.storyboard in Resources */ = {isa = PBXBuildFile; fileRef = C987261B2A27CF0900EB0A40 /* Main.storyboard */; };
		C98726202A27CF0900EB0A40 /* Shoppinist.xcdatamodeld in Sources */ = {isa = PBXBuildFile; fileRef = C987261E2A27CF0900EB0A40 /* Shoppinist.xcdatamodeld */; };
		C98726222A27CF0B00EB0A40 /* Assets.xcassets in Resources */ = {isa = PBXBuildFile; fileRef = C98726212A27CF0B00EB0A40 /* Assets.xcassets */; };
		C98726252A27CF0C00EB0A40 /* LaunchScreen.storyboard in Resources */ = {isa = PBXBuildFile; fileRef = C98726232A27CF0C00EB0A40 /* LaunchScreen.storyboard */; };
		C98726302A27CF0C00EB0A40 /* ShoppinistTests.swift in Sources */ = {isa = PBXBuildFile; fileRef = C987262F2A27CF0C00EB0A40 /* ShoppinistTests.swift */; };
		C987263A2A27CF0C00EB0A40 /* ShoppinistUITests.swift in Sources */ = {isa = PBXBuildFile; fileRef = C98726392A27CF0C00EB0A40 /* ShoppinistUITests.swift */; };
		C987263C2A27CF0C00EB0A40 /* ShoppinistUITestsLaunchTests.swift in Sources */ = {isa = PBXBuildFile; fileRef = C987263B2A27CF0C00EB0A40 /* ShoppinistUITestsLaunchTests.swift */; };
/* End PBXBuildFile section */

/* Begin PBXContainerItemProxy section */
		C987262C2A27CF0C00EB0A40 /* PBXContainerItemProxy */ = {
			isa = PBXContainerItemProxy;
			containerPortal = C987260A2A27CF0900EB0A40 /* Project object */;
			proxyType = 1;
			remoteGlobalIDString = C98726112A27CF0900EB0A40;
			remoteInfo = Shoppinist;
		};
		C98726362A27CF0C00EB0A40 /* PBXContainerItemProxy */ = {
			isa = PBXContainerItemProxy;
			containerPortal = C987260A2A27CF0900EB0A40 /* Project object */;
			proxyType = 1;
			remoteGlobalIDString = C98726112A27CF0900EB0A40;
			remoteInfo = Shoppinist;
		};
/* End PBXContainerItemProxy section */

/* Begin PBXFileReference section */
		C98726122A27CF0900EB0A40 /* Shoppinist.app */ = {isa = PBXFileReference; explicitFileType = wrapper.application; includeInIndex = 0; path = Shoppinist.app; sourceTree = BUILT_PRODUCTS_DIR; };
		C98726152A27CF0900EB0A40 /* AppDelegate.swift */ = {isa = PBXFileReference; lastKnownFileType = sourcecode.swift; path = AppDelegate.swift; sourceTree = "<group>"; };
		C98726172A27CF0900EB0A40 /* SceneDelegate.swift */ = {isa = PBXFileReference; lastKnownFileType = sourcecode.swift; path = SceneDelegate.swift; sourceTree = "<group>"; };
		C98726192A27CF0900EB0A40 /* ViewController.swift */ = {isa = PBXFileReference; lastKnownFileType = sourcecode.swift; path = ViewController.swift; sourceTree = "<group>"; };
		C987261C2A27CF0900EB0A40 /* Base */ = {isa = PBXFileReference; lastKnownFileType = file.storyboard; name = Base; path = Base.lproj/Main.storyboard; sourceTree = "<group>"; };
		C987261F2A27CF0900EB0A40 /* Shoppinist.xcdatamodel */ = {isa = PBXFileReference; lastKnownFileType = wrapper.xcdatamodel; path = Shoppinist.xcdatamodel; sourceTree = "<group>"; };
		C98726212A27CF0B00EB0A40 /* Assets.xcassets */ = {isa = PBXFileReference; lastKnownFileType = folder.assetcatalog; path = Assets.xcassets; sourceTree = "<group>"; };
		C98726242A27CF0C00EB0A40 /* Base */ = {isa = PBXFileReference; lastKnownFileType = file.storyboard; name = Base; path = Base.lproj/LaunchScreen.storyboard; sourceTree = "<group>"; };
		C98726262A27CF0C00EB0A40 /* Info.plist */ = {isa = PBXFileReference; lastKnownFileType = text.plist.xml; path = Info.plist; sourceTree = "<group>"; };
		C987262B2A27CF0C00EB0A40 /* ShoppinistTests.xctest */ = {isa = PBXFileReference; explicitFileType = wrapper.cfbundle; includeInIndex = 0; path = ShoppinistTests.xctest; sourceTree = BUILT_PRODUCTS_DIR; };
		C987262F2A27CF0C00EB0A40 /* ShoppinistTests.swift */ = {isa = PBXFileReference; lastKnownFileType = sourcecode.swift; path = ShoppinistTests.swift; sourceTree = "<group>"; };
		C98726352A27CF0C00EB0A40 /* ShoppinistUITests.xctest */ = {isa = PBXFileReference; explicitFileType = wrapper.cfbundle; includeInIndex = 0; path = ShoppinistUITests.xctest; sourceTree = BUILT_PRODUCTS_DIR; };
		C98726392A27CF0C00EB0A40 /* ShoppinistUITests.swift */ = {isa = PBXFileReference; lastKnownFileType = sourcecode.swift; path = ShoppinistUITests.swift; sourceTree = "<group>"; };
		C987263B2A27CF0C00EB0A40 /* ShoppinistUITestsLaunchTests.swift */ = {isa = PBXFileReference; lastKnownFileType = sourcecode.swift; path = ShoppinistUITestsLaunchTests.swift; sourceTree = "<group>"; };
/* End PBXFileReference section */

/* Begin PBXFrameworksBuildPhase section */
		C987260F2A27CF0900EB0A40 /* Frameworks */ = {
			isa = PBXFrameworksBuildPhase;
			buildActionMask = 2147483647;
			files = (
			);
			runOnlyForDeploymentPostprocessing = 0;
		};
		C98726282A27CF0C00EB0A40 /* Frameworks */ = {
			isa = PBXFrameworksBuildPhase;
			buildActionMask = 2147483647;
			files = (
			);
			runOnlyForDeploymentPostprocessing = 0;
		};
		C98726322A27CF0C00EB0A40 /* Frameworks */ = {
			isa = PBXFrameworksBuildPhase;
			buildActionMask = 2147483647;
			files = (
			);
			runOnlyForDeploymentPostprocessing = 0;
		};
/* End PBXFrameworksBuildPhase section */

/* Begin PBXGroup section */
		C98726092A27CF0900EB0A40 = {
			isa = PBXGroup;
			children = (
				C98726142A27CF0900EB0A40 /* Shoppinist */,
				C987262E2A27CF0C00EB0A40 /* ShoppinistTests */,
				C98726382A27CF0C00EB0A40 /* ShoppinistUITests */,
				C98726132A27CF0900EB0A40 /* Products */,
			);
			sourceTree = "<group>";
		};
		C98726132A27CF0900EB0A40 /* Products */ = {
			isa = PBXGroup;
			children = (
				C98726122A27CF0900EB0A40 /* Shoppinist.app */,
				C987262B2A27CF0C00EB0A40 /* ShoppinistTests.xctest */,
				C98726352A27CF0C00EB0A40 /* ShoppinistUITests.xctest */,
			);
			name = Products;
			sourceTree = "<group>";
		};
		C98726142A27CF0900EB0A40 /* Shoppinist */ = {
			isa = PBXGroup;
			children = (
				C98726152A27CF0900EB0A40 /* AppDelegate.swift */,
				C98726172A27CF0900EB0A40 /* SceneDelegate.swift */,
				C98726192A27CF0900EB0A40 /* ViewController.swift */,
				C987261B2A27CF0900EB0A40 /* Main.storyboard */,
				C98726212A27CF0B00EB0A40 /* Assets.xcassets */,
				C98726232A27CF0C00EB0A40 /* LaunchScreen.storyboard */,
				C98726262A27CF0C00EB0A40 /* Info.plist */,
				C987261E2A27CF0900EB0A40 /* Shoppinist.xcdatamodeld */,
			);
			path = Shoppinist;
			sourceTree = "<group>";
		};
		C987262E2A27CF0C00EB0A40 /* ShoppinistTests */ = {
			isa = PBXGroup;
			children = (
				C987262F2A27CF0C00EB0A40 /* ShoppinistTests.swift */,
			);
			path = ShoppinistTests;
			sourceTree = "<group>";
		};
		C98726382A27CF0C00EB0A40 /* ShoppinistUITests */ = {
			isa = PBXGroup;
			children = (
				C98726392A27CF0C00EB0A40 /* ShoppinistUITests.swift */,
				C987263B2A27CF0C00EB0A40 /* ShoppinistUITestsLaunchTests.swift */,
			);
			path = ShoppinistUITests;
			sourceTree = "<group>";
		};
/* End PBXGroup section */

/* Begin PBXNativeTarget section */
		C98726112A27CF0900EB0A40 /* Shoppinist */ = {
			isa = PBXNativeTarget;
			buildConfigurationList = C987263F2A27CF0C00EB0A40 /* Build configuration list for PBXNativeTarget "Shoppinist" */;
			buildPhases = (
				C987260E2A27CF0900EB0A40 /* Sources */,
				C987260F2A27CF0900EB0A40 /* Frameworks */,
				C98726102A27CF0900EB0A40 /* Resources */,
			);
			buildRules = (
			);
			dependencies = (
			);
			name = Shoppinist;
			productName = Shoppinist;
			productReference = C98726122A27CF0900EB0A40 /* Shoppinist.app */;
			productType = "com.apple.product-type.application";
		};
		C987262A2A27CF0C00EB0A40 /* ShoppinistTests */ = {
			isa = PBXNativeTarget;
			buildConfigurationList = C98726422A27CF0C00EB0A40 /* Build configuration list for PBXNativeTarget "ShoppinistTests" */;
			buildPhases = (
				C98726272A27CF0C00EB0A40 /* Sources */,
				C98726282A27CF0C00EB0A40 /* Frameworks */,
				C98726292A27CF0C00EB0A40 /* Resources */,
			);
			buildRules = (
			);
			dependencies = (
				C987262D2A27CF0C00EB0A40 /* PBXTargetDependency */,
			);
			name = ShoppinistTests;
			productName = ShoppinistTests;
			productReference = C987262B2A27CF0C00EB0A40 /* ShoppinistTests.xctest */;
			productType = "com.apple.product-type.bundle.unit-test";
		};
		C98726342A27CF0C00EB0A40 /* ShoppinistUITests */ = {
			isa = PBXNativeTarget;
			buildConfigurationList = C98726452A27CF0C00EB0A40 /* Build configuration list for PBXNativeTarget "ShoppinistUITests" */;
			buildPhases = (
				C98726312A27CF0C00EB0A40 /* Sources */,
				C98726322A27CF0C00EB0A40 /* Frameworks */,
				C98726332A27CF0C00EB0A40 /* Resources */,
			);
			buildRules = (
			);
			dependencies = (
				C98726372A27CF0C00EB0A40 /* PBXTargetDependency */,
			);
			name = ShoppinistUITests;
			productName = ShoppinistUITests;
			productReference = C98726352A27CF0C00EB0A40 /* ShoppinistUITests.xctest */;
			productType = "com.apple.product-type.bundle.ui-testing";
		};
/* End PBXNativeTarget section */

/* Begin PBXProject section */
		C987260A2A27CF0900EB0A40 /* Project object */ = {
			isa = PBXProject;
			attributes = {
				BuildIndependentTargetsInParallel = 1;
				LastSwiftUpdateCheck = 1420;
				LastUpgradeCheck = 1420;
				TargetAttributes = {
					C98726112A27CF0900EB0A40 = {
						CreatedOnToolsVersion = 14.2;
					};
					C987262A2A27CF0C00EB0A40 = {
						CreatedOnToolsVersion = 14.2;
						TestTargetID = C98726112A27CF0900EB0A40;
					};
					C98726342A27CF0C00EB0A40 = {
						CreatedOnToolsVersion = 14.2;
						TestTargetID = C98726112A27CF0900EB0A40;
					};
				};
			};
			buildConfigurationList = C987260D2A27CF0900EB0A40 /* Build configuration list for PBXProject "Shoppinist" */;
			compatibilityVersion = "Xcode 14.0";
			developmentRegion = en;
			hasScannedForEncodings = 0;
			knownRegions = (
				en,
				Base,
			);
			mainGroup = C98726092A27CF0900EB0A40;
			productRefGroup = C98726132A27CF0900EB0A40 /* Products */;
			projectDirPath = "";
			projectRoot = "";
			targets = (
				C98726112A27CF0900EB0A40 /* Shoppinist */,
				C987262A2A27CF0C00EB0A40 /* ShoppinistTests */,
				C98726342A27CF0C00EB0A40 /* ShoppinistUITests */,
			);
		};
/* End PBXProject section */

/* Begin PBXResourcesBuildPhase section */
		C98726102A27CF0900EB0A40 /* Resources */ = {
			isa = PBXResourcesBuildPhase;
			buildActionMask = 2147483647;
			files = (
				C98726252A27CF0C00EB0A40 /* LaunchScreen.storyboard in Resources */,
				C98726222A27CF0B00EB0A40 /* Assets.xcassets in Resources */,
				C987261D2A27CF0900EB0A40 /* Main.storyboard in Resources */,
			);
			runOnlyForDeploymentPostprocessing = 0;
		};
		C98726292A27CF0C00EB0A40 /* Resources */ = {
			isa = PBXResourcesBuildPhase;
			buildActionMask = 2147483647;
			files = (
			);
			runOnlyForDeploymentPostprocessing = 0;
		};
		C98726332A27CF0C00EB0A40 /* Resources */ = {
			isa = PBXResourcesBuildPhase;
			buildActionMask = 2147483647;
			files = (
			);
			runOnlyForDeploymentPostprocessing = 0;
		};
/* End PBXResourcesBuildPhase section */

/* Begin PBXSourcesBuildPhase section */
		C987260E2A27CF0900EB0A40 /* Sources */ = {
			isa = PBXSourcesBuildPhase;
			buildActionMask = 2147483647;
			files = (
				C98726202A27CF0900EB0A40 /* Shoppinist.xcdatamodeld in Sources */,
				C987261A2A27CF0900EB0A40 /* ViewController.swift in Sources */,
				C98726162A27CF0900EB0A40 /* AppDelegate.swift in Sources */,
				C98726182A27CF0900EB0A40 /* SceneDelegate.swift in Sources */,
			);
			runOnlyForDeploymentPostprocessing = 0;
		};
		C98726272A27CF0C00EB0A40 /* Sources */ = {
			isa = PBXSourcesBuildPhase;
			buildActionMask = 2147483647;
			files = (
				C98726302A27CF0C00EB0A40 /* ShoppinistTests.swift in Sources */,
			);
			runOnlyForDeploymentPostprocessing = 0;
		};
		C98726312A27CF0C00EB0A40 /* Sources */ = {
			isa = PBXSourcesBuildPhase;
			buildActionMask = 2147483647;
			files = (
				C987263A2A27CF0C00EB0A40 /* ShoppinistUITests.swift in Sources */,
				C987263C2A27CF0C00EB0A40 /* ShoppinistUITestsLaunchTests.swift in Sources */,
			);
			runOnlyForDeploymentPostprocessing = 0;
		};
/* End PBXSourcesBuildPhase section */

/* Begin PBXTargetDependency section */
		C987262D2A27CF0C00EB0A40 /* PBXTargetDependency */ = {
			isa = PBXTargetDependency;
			target = C98726112A27CF0900EB0A40 /* Shoppinist */;
			targetProxy = C987262C2A27CF0C00EB0A40 /* PBXContainerItemProxy */;
		};
		C98726372A27CF0C00EB0A40 /* PBXTargetDependency */ = {
			isa = PBXTargetDependency;
			target = C98726112A27CF0900EB0A40 /* Shoppinist */;
			targetProxy = C98726362A27CF0C00EB0A40 /* PBXContainerItemProxy */;
		};
/* End PBXTargetDependency section */

/* Begin PBXVariantGroup section */
		C987261B2A27CF0900EB0A40 /* Main.storyboard */ = {
			isa = PBXVariantGroup;
			children = (
				C987261C2A27CF0900EB0A40 /* Base */,
			);
			name = Main.storyboard;
			sourceTree = "<group>";
		};
		C98726232A27CF0C00EB0A40 /* LaunchScreen.storyboard */ = {
			isa = PBXVariantGroup;
			children = (
				C98726242A27CF0C00EB0A40 /* Base */,
			);
			name = LaunchScreen.storyboard;
			sourceTree = "<group>";
		};
/* End PBXVariantGroup section */

/* Begin XCBuildConfiguration section */
		C987263D2A27CF0C00EB0A40 /* Debug */ = {
			isa = XCBuildConfiguration;
			buildSettings = {
				ALWAYS_SEARCH_USER_PATHS = NO;
				CLANG_ANALYZER_NONNULL = YES;
				CLANG_ANALYZER_NUMBER_OBJECT_CONVERSION = YES_AGGRESSIVE;
				CLANG_CXX_LANGUAGE_STANDARD = "gnu++20";
				CLANG_ENABLE_MODULES = YES;
				CLANG_ENABLE_OBJC_ARC = YES;
				CLANG_ENABLE_OBJC_WEAK = YES;
				CLANG_WARN_BLOCK_CAPTURE_AUTORELEASING = YES;
				CLANG_WARN_BOOL_CONVERSION = YES;
				CLANG_WARN_COMMA = YES;
				CLANG_WARN_CONSTANT_CONVERSION = YES;
				CLANG_WARN_DEPRECATED_OBJC_IMPLEMENTATIONS = YES;
				CLANG_WARN_DIRECT_OBJC_ISA_USAGE = YES_ERROR;
				CLANG_WARN_DOCUMENTATION_COMMENTS = YES;
				CLANG_WARN_EMPTY_BODY = YES;
				CLANG_WARN_ENUM_CONVERSION = YES;
				CLANG_WARN_INFINITE_RECURSION = YES;
				CLANG_WARN_INT_CONVERSION = YES;
				CLANG_WARN_NON_LITERAL_NULL_CONVERSION = YES;
				CLANG_WARN_OBJC_IMPLICIT_RETAIN_SELF = YES;
				CLANG_WARN_OBJC_LITERAL_CONVERSION = YES;
				CLANG_WARN_OBJC_ROOT_CLASS = YES_ERROR;
				CLANG_WARN_QUOTED_INCLUDE_IN_FRAMEWORK_HEADER = YES;
				CLANG_WARN_RANGE_LOOP_ANALYSIS = YES;
				CLANG_WARN_STRICT_PROTOTYPES = YES;
				CLANG_WARN_SUSPICIOUS_MOVE = YES;
				CLANG_WARN_UNGUARDED_AVAILABILITY = YES_AGGRESSIVE;
				CLANG_WARN_UNREACHABLE_CODE = YES;
				CLANG_WARN__DUPLICATE_METHOD_MATCH = YES;
				COPY_PHASE_STRIP = NO;
				DEBUG_INFORMATION_FORMAT = dwarf;
				ENABLE_STRICT_OBJC_MSGSEND = YES;
				ENABLE_TESTABILITY = YES;
				GCC_C_LANGUAGE_STANDARD = gnu11;
				GCC_DYNAMIC_NO_PIC = NO;
				GCC_NO_COMMON_BLOCKS = YES;
				GCC_OPTIMIZATION_LEVEL = 0;
				GCC_PREPROCESSOR_DEFINITIONS = (
					"DEBUG=1",
					"$(inherited)",
				);
				GCC_WARN_64_TO_32_BIT_CONVERSION = YES;
				GCC_WARN_ABOUT_RETURN_TYPE = YES_ERROR;
				GCC_WARN_UNDECLARED_SELECTOR = YES;
				GCC_WARN_UNINITIALIZED_AUTOS = YES_AGGRESSIVE;
				GCC_WARN_UNUSED_FUNCTION = YES;
				GCC_WARN_UNUSED_VARIABLE = YES;
				IPHONEOS_DEPLOYMENT_TARGET = 16.2;
				MTL_ENABLE_DEBUG_INFO = INCLUDE_SOURCE;
				MTL_FAST_MATH = YES;
				ONLY_ACTIVE_ARCH = YES;
				SDKROOT = iphoneos;
				SWIFT_ACTIVE_COMPILATION_CONDITIONS = DEBUG;
				SWIFT_OPTIMIZATION_LEVEL = "-Onone";
			};
			name = Debug;
		};
		C987263E2A27CF0C00EB0A40 /* Release */ = {
			isa = XCBuildConfiguration;
			buildSettings = {
				ALWAYS_SEARCH_USER_PATHS = NO;
				CLANG_ANALYZER_NONNULL = YES;
				CLANG_ANALYZER_NUMBER_OBJECT_CONVERSION = YES_AGGRESSIVE;
				CLANG_CXX_LANGUAGE_STANDARD = "gnu++20";
				CLANG_ENABLE_MODULES = YES;
				CLANG_ENABLE_OBJC_ARC = YES;
				CLANG_ENABLE_OBJC_WEAK = YES;
				CLANG_WARN_BLOCK_CAPTURE_AUTORELEASING = YES;
				CLANG_WARN_BOOL_CONVERSION = YES;
				CLANG_WARN_COMMA = YES;
				CLANG_WARN_CONSTANT_CONVERSION = YES;
				CLANG_WARN_DEPRECATED_OBJC_IMPLEMENTATIONS = YES;
				CLANG_WARN_DIRECT_OBJC_ISA_USAGE = YES_ERROR;
				CLANG_WARN_DOCUMENTATION_COMMENTS = YES;
				CLANG_WARN_EMPTY_BODY = YES;
				CLANG_WARN_ENUM_CONVERSION = YES;
				CLANG_WARN_INFINITE_RECURSION = YES;
				CLANG_WARN_INT_CONVERSION = YES;
				CLANG_WARN_NON_LITERAL_NULL_CONVERSION = YES;
				CLANG_WARN_OBJC_IMPLICIT_RETAIN_SELF = YES;
				CLANG_WARN_OBJC_LITERAL_CONVERSION = YES;
				CLANG_WARN_OBJC_ROOT_CLASS = YES_ERROR;
				CLANG_WARN_QUOTED_INCLUDE_IN_FRAMEWORK_HEADER = YES;
				CLANG_WARN_RANGE_LOOP_ANALYSIS = YES;
				CLANG_WARN_STRICT_PROTOTYPES = YES;
				CLANG_WARN_SUSPICIOUS_MOVE = YES;
				CLANG_WARN_UNGUARDED_AVAILABILITY = YES_AGGRESSIVE;
				CLANG_WARN_UNREACHABLE_CODE = YES;
				CLANG_WARN__DUPLICATE_METHOD_MATCH = YES;
				COPY_PHASE_STRIP = NO;
				DEBUG_INFORMATION_FORMAT = "dwarf-with-dsym";
				ENABLE_NS_ASSERTIONS = NO;
				ENABLE_STRICT_OBJC_MSGSEND = YES;
				GCC_C_LANGUAGE_STANDARD = gnu11;
				GCC_NO_COMMON_BLOCKS = YES;
				GCC_WARN_64_TO_32_BIT_CONVERSION = YES;
				GCC_WARN_ABOUT_RETURN_TYPE = YES_ERROR;
				GCC_WARN_UNDECLARED_SELECTOR = YES;
				GCC_WARN_UNINITIALIZED_AUTOS = YES_AGGRESSIVE;
				GCC_WARN_UNUSED_FUNCTION = YES;
				GCC_WARN_UNUSED_VARIABLE = YES;
				IPHONEOS_DEPLOYMENT_TARGET = 16.2;
				MTL_ENABLE_DEBUG_INFO = NO;
				MTL_FAST_MATH = YES;
				SDKROOT = iphoneos;
				SWIFT_COMPILATION_MODE = wholemodule;
				SWIFT_OPTIMIZATION_LEVEL = "-O";
				VALIDATE_PRODUCT = YES;
			};
			name = Release;
		};
		C98726402A27CF0C00EB0A40 /* Debug */ = {
			isa = XCBuildConfiguration;
			buildSettings = {
				ASSETCATALOG_COMPILER_APPICON_NAME = AppIcon;
				ASSETCATALOG_COMPILER_GLOBAL_ACCENT_COLOR_NAME = AccentColor;
				CODE_SIGN_STYLE = Automatic;
				CURRENT_PROJECT_VERSION = 1;
				GENERATE_INFOPLIST_FILE = YES;
				INFOPLIST_FILE = Shoppinist/Info.plist;
				INFOPLIST_KEY_UIApplicationSupportsIndirectInputEvents = YES;
				INFOPLIST_KEY_UILaunchStoryboardName = LaunchScreen;
				INFOPLIST_KEY_UIMainStoryboardFile = Main;
				INFOPLIST_KEY_UISupportedInterfaceOrientations_iPad = "UIInterfaceOrientationPortrait UIInterfaceOrientationPortraitUpsideDown UIInterfaceOrientationLandscapeLeft UIInterfaceOrientationLandscapeRight";
				INFOPLIST_KEY_UISupportedInterfaceOrientations_iPhone = "UIInterfaceOrientationPortrait UIInterfaceOrientationLandscapeLeft UIInterfaceOrientationLandscapeRight";
				LD_RUNPATH_SEARCH_PATHS = (
					"$(inherited)",
					"@executable_path/Frameworks",
				);
				MARKETING_VERSION = 1.0;
				PRODUCT_BUNDLE_IDENTIFIER = Swift.Shoppinist;
				PRODUCT_NAME = "$(TARGET_NAME)";
				SWIFT_EMIT_LOC_STRINGS = YES;
				SWIFT_VERSION = 5.0;
				TARGETED_DEVICE_FAMILY = "1,2";
			};
			name = Debug;
		};
		C98726412A27CF0C00EB0A40 /* Release */ = {
			isa = XCBuildConfiguration;
			buildSettings = {
				ASSETCATALOG_COMPILER_APPICON_NAME = AppIcon;
				ASSETCATALOG_COMPILER_GLOBAL_ACCENT_COLOR_NAME = AccentColor;
				CODE_SIGN_STYLE = Automatic;
				CURRENT_PROJECT_VERSION = 1;
				GENERATE_INFOPLIST_FILE = YES;
				INFOPLIST_FILE = Shoppinist/Info.plist;
				INFOPLIST_KEY_UIApplicationSupportsIndirectInputEvents = YES;
				INFOPLIST_KEY_UILaunchStoryboardName = LaunchScreen;
				INFOPLIST_KEY_UIMainStoryboardFile = Main;
				INFOPLIST_KEY_UISupportedInterfaceOrientations_iPad = "UIInterfaceOrientationPortrait UIInterfaceOrientationPortraitUpsideDown UIInterfaceOrientationLandscapeLeft UIInterfaceOrientationLandscapeRight";
				INFOPLIST_KEY_UISupportedInterfaceOrientations_iPhone = "UIInterfaceOrientationPortrait UIInterfaceOrientationLandscapeLeft UIInterfaceOrientationLandscapeRight";
				LD_RUNPATH_SEARCH_PATHS = (
					"$(inherited)",
					"@executable_path/Frameworks",
				);
				MARKETING_VERSION = 1.0;
				PRODUCT_BUNDLE_IDENTIFIER = Swift.Shoppinist;
				PRODUCT_NAME = "$(TARGET_NAME)";
				SWIFT_EMIT_LOC_STRINGS = YES;
				SWIFT_VERSION = 5.0;
				TARGETED_DEVICE_FAMILY = "1,2";
			};
			name = Release;
		};
		C98726432A27CF0C00EB0A40 /* Debug */ = {
			isa = XCBuildConfiguration;
			buildSettings = {
				ALWAYS_EMBED_SWIFT_STANDARD_LIBRARIES = YES;
				BUNDLE_LOADER = "$(TEST_HOST)";
				CODE_SIGN_STYLE = Automatic;
				CURRENT_PROJECT_VERSION = 1;
				GENERATE_INFOPLIST_FILE = YES;
				IPHONEOS_DEPLOYMENT_TARGET = 16.2;
				MARKETING_VERSION = 1.0;
				PRODUCT_BUNDLE_IDENTIFIER = Swift.ShoppinistTests;
				PRODUCT_NAME = "$(TARGET_NAME)";
				SWIFT_EMIT_LOC_STRINGS = NO;
				SWIFT_VERSION = 5.0;
				TARGETED_DEVICE_FAMILY = "1,2";
				TEST_HOST = "$(BUILT_PRODUCTS_DIR)/Shoppinist.app/$(BUNDLE_EXECUTABLE_FOLDER_PATH)/Shoppinist";
			};
			name = Debug;
		};
		C98726442A27CF0C00EB0A40 /* Release */ = {
			isa = XCBuildConfiguration;
			buildSettings = {
				ALWAYS_EMBED_SWIFT_STANDARD_LIBRARIES = YES;
				BUNDLE_LOADER = "$(TEST_HOST)";
				CODE_SIGN_STYLE = Automatic;
				CURRENT_PROJECT_VERSION = 1;
				GENERATE_INFOPLIST_FILE = YES;
				IPHONEOS_DEPLOYMENT_TARGET = 16.2;
				MARKETING_VERSION = 1.0;
				PRODUCT_BUNDLE_IDENTIFIER = Swift.ShoppinistTests;
				PRODUCT_NAME = "$(TARGET_NAME)";
				SWIFT_EMIT_LOC_STRINGS = NO;
				SWIFT_VERSION = 5.0;
				TARGETED_DEVICE_FAMILY = "1,2";
				TEST_HOST = "$(BUILT_PRODUCTS_DIR)/Shoppinist.app/$(BUNDLE_EXECUTABLE_FOLDER_PATH)/Shoppinist";
			};
			name = Release;
		};
		C98726462A27CF0C00EB0A40 /* Debug */ = {
			isa = XCBuildConfiguration;
			buildSettings = {
				ALWAYS_EMBED_SWIFT_STANDARD_LIBRARIES = YES;
				CODE_SIGN_STYLE = Automatic;
				CURRENT_PROJECT_VERSION = 1;
				GENERATE_INFOPLIST_FILE = YES;
				MARKETING_VERSION = 1.0;
				PRODUCT_BUNDLE_IDENTIFIER = Swift.ShoppinistUITests;
				PRODUCT_NAME = "$(TARGET_NAME)";
				SWIFT_EMIT_LOC_STRINGS = NO;
				SWIFT_VERSION = 5.0;
				TARGETED_DEVICE_FAMILY = "1,2";
				TEST_TARGET_NAME = Shoppinist;
			};
			name = Debug;
		};
		C98726472A27CF0C00EB0A40 /* Release */ = {
			isa = XCBuildConfiguration;
			buildSettings = {
				ALWAYS_EMBED_SWIFT_STANDARD_LIBRARIES = YES;
				CODE_SIGN_STYLE = Automatic;
				CURRENT_PROJECT_VERSION = 1;
				GENERATE_INFOPLIST_FILE = YES;
				MARKETING_VERSION = 1.0;
				PRODUCT_BUNDLE_IDENTIFIER = Swift.ShoppinistUITests;
				PRODUCT_NAME = "$(TARGET_NAME)";
				SWIFT_EMIT_LOC_STRINGS = NO;
				SWIFT_VERSION = 5.0;
				TARGETED_DEVICE_FAMILY = "1,2";
				TEST_TARGET_NAME = Shoppinist;
			};
			name = Release;
		};
/* End XCBuildConfiguration section */

/* Begin XCConfigurationList section */
		C987260D2A27CF0900EB0A40 /* Build configuration list for PBXProject "Shoppinist" */ = {
			isa = XCConfigurationList;
			buildConfigurations = (
				C987263D2A27CF0C00EB0A40 /* Debug */,
				C987263E2A27CF0C00EB0A40 /* Release */,
			);
			defaultConfigurationIsVisible = 0;
			defaultConfigurationName = Release;
		};
		C987263F2A27CF0C00EB0A40 /* Build configuration list for PBXNativeTarget "Shoppinist" */ = {
			isa = XCConfigurationList;
			buildConfigurations = (
				C98726402A27CF0C00EB0A40 /* Debug */,
				C98726412A27CF0C00EB0A40 /* Release */,
			);
			defaultConfigurationIsVisible = 0;
			defaultConfigurationName = Release;
		};
		C98726422A27CF0C00EB0A40 /* Build configuration list for PBXNativeTarget "ShoppinistTests" */ = {
			isa = XCConfigurationList;
			buildConfigurations = (
				C98726432A27CF0C00EB0A40 /* Debug */,
				C98726442A27CF0C00EB0A40 /* Release */,
			);
			defaultConfigurationIsVisible = 0;
			defaultConfigurationName = Release;
		};
		C98726452A27CF0C00EB0A40 /* Build configuration list for PBXNativeTarget "ShoppinistUITests" */ = {
			isa = XCConfigurationList;
			buildConfigurations = (
				C98726462A27CF0C00EB0A40 /* Debug */,
				C98726472A27CF0C00EB0A40 /* Release */,
			);
			defaultConfigurationIsVisible = 0;
			defaultConfigurationName = Release;
		};
/* End XCConfigurationList section */

/* Begin XCVersionGroup section */
		C987261E2A27CF0900EB0A40 /* Shoppinist.xcdatamodeld */ = {
			isa = XCVersionGroup;
			children = (
				C987261F2A27CF0900EB0A40 /* Shoppinist.xcdatamodel */,
			);
			currentVersion = C987261F2A27CF0900EB0A40 /* Shoppinist.xcdatamodel */;
			path = Shoppinist.xcdatamodeld;
			sourceTree = "<group>";
			versionGroupType = wrapper.xcdatamodel;
		};
/* End XCVersionGroup section */
	};
	rootObject = C987260A2A27CF0900EB0A40 /* Project object */;
}
